// !$*UTF8*$!
{
	archiveVersion = 1;
	classes = {
	};
	objectVersion = 50;
	objects = {

/* Begin PBXBuildFile section */
		220B35F121FA69B600AA146D /* Pond.png in Resources */ = {isa = PBXBuildFile; fileRef = 220B35F021FA69B600AA146D /* Pond.png */; };
		220B35F321FA6F4D00AA146D /* HomePage.swift in Sources */ = {isa = PBXBuildFile; fileRef = 220B35F221FA6F4D00AA146D /* HomePage.swift */; };
		2251122C22024EAF0087747F /* test.mp3 in Resources */ = {isa = PBXBuildFile; fileRef = 2251122B22024EAF0087747F /* test.mp3 */; };
		2251122E22024F7E0087747F /* AudioFile.swift in Sources */ = {isa = PBXBuildFile; fileRef = 2251122D22024F7E0087747F /* AudioFile.swift */; };
		2251123022025F360087747F /* test2.mp3 in Resources */ = {isa = PBXBuildFile; fileRef = 2251122F22025F360087747F /* test2.mp3 */; };
		2251123222025F910087747F /* test3.mp3 in Resources */ = {isa = PBXBuildFile; fileRef = 2251123122025F910087747F /* test3.mp3 */; };
		226A1A112202713F00E47009 /* SoundClips.swift in Sources */ = {isa = PBXBuildFile; fileRef = 226A1A102202713F00E47009 /* SoundClips.swift */; };
		2298202D21F6F9D20070F49B /* Performance.png in Resources */ = {isa = PBXBuildFile; fileRef = 2298202B21F6F9D20070F49B /* Performance.png */; };
		22A666C121FFD8270038220E /* Button.swift in Sources */ = {isa = PBXBuildFile; fileRef = 22A666C021FFD8270038220E /* Button.swift */; };
		22A666C321FFD98C0038220E /* read.png in Resources */ = {isa = PBXBuildFile; fileRef = 22A666C221FFD98C0038220E /* read.png */; };
		22A666C521FFDB870038220E /* questionMark.png in Resources */ = {isa = PBXBuildFile; fileRef = 22A666C421FFDB870038220E /* questionMark.png */; };
		22C12BF821F7B70D006D288F /* musicSymbol11.png in Resources */ = {isa = PBXBuildFile; fileRef = 22C12BEC21F7B70C006D288F /* musicSymbol11.png */; };
		22C12BF921F7B70D006D288F /* musicSymbol5.png in Resources */ = {isa = PBXBuildFile; fileRef = 22C12BED21F7B70C006D288F /* musicSymbol5.png */; };
		22C12BFA21F7B70D006D288F /* musicSymbol3.png in Resources */ = {isa = PBXBuildFile; fileRef = 22C12BEE21F7B70C006D288F /* musicSymbol3.png */; };
		22C12BFB21F7B70D006D288F /* musicSymbol2.png in Resources */ = {isa = PBXBuildFile; fileRef = 22C12BEF21F7B70C006D288F /* musicSymbol2.png */; };
		22C12BFC21F7B70D006D288F /* musicSymbol7.png in Resources */ = {isa = PBXBuildFile; fileRef = 22C12BF021F7B70C006D288F /* musicSymbol7.png */; };
		22C12BFD21F7B70D006D288F /* musicSymbol6.png in Resources */ = {isa = PBXBuildFile; fileRef = 22C12BF121F7B70C006D288F /* musicSymbol6.png */; };
		22C12BFE21F7B70D006D288F /* musicSymbol4.png in Resources */ = {isa = PBXBuildFile; fileRef = 22C12BF221F7B70C006D288F /* musicSymbol4.png */; };
		22C12BFF21F7B70D006D288F /* musicSymbol8.png in Resources */ = {isa = PBXBuildFile; fileRef = 22C12BF321F7B70D006D288F /* musicSymbol8.png */; };
		22C12C0021F7B70D006D288F /* musicSymbol0.png in Resources */ = {isa = PBXBuildFile; fileRef = 22C12BF421F7B70D006D288F /* musicSymbol0.png */; };
		22C12C0121F7B70D006D288F /* musicSymbol9.png in Resources */ = {isa = PBXBuildFile; fileRef = 22C12BF521F7B70D006D288F /* musicSymbol9.png */; };
		22C12C0221F7B70D006D288F /* musicSymbol1.png in Resources */ = {isa = PBXBuildFile; fileRef = 22C12BF621F7B70D006D288F /* musicSymbol1.png */; };
		22C12C0321F7B70D006D288F /* musicSymbol10.png in Resources */ = {isa = PBXBuildFile; fileRef = 22C12BF721F7B70D006D288F /* musicSymbol10.png */; };
		860AD9E721C309FD0052577B /* CatchingMelodies.swift in Sources */ = {isa = PBXBuildFile; fileRef = 860AD9E621C309FD0052577B /* CatchingMelodies.swift */; };
		861C788F21DC257E009D9612 /* sack.png in Resources */ = {isa = PBXBuildFile; fileRef = 861C788E21DC257E009D9612 /* sack.png */; };
		863DADF421D408A000AFDD94 /* FishingPole.png in Resources */ = {isa = PBXBuildFile; fileRef = 863DADF321D408A000AFDD94 /* FishingPole.png */; };
		863DADF721D40D5400AFDD94 /* Note.png in Resources */ = {isa = PBXBuildFile; fileRef = 863DADF521D40D5400AFDD94 /* Note.png */; };
		8654702821ED208A00D1F068 /* AutoLayoutExtension.swift in Sources */ = {isa = PBXBuildFile; fileRef = 8654702721ED208A00D1F068 /* AutoLayoutExtension.swift */; };
		8654702B21ED209E00D1F068 /* ArrangingScene.swift in Sources */ = {isa = PBXBuildFile; fileRef = 8654702921ED209E00D1F068 /* ArrangingScene.swift */; };
		8654705C21EE70D400D1F068 /* dominant.png in Resources */ = {isa = PBXBuildFile; fileRef = 8654705621EE70D300D1F068 /* dominant.png */; };
		8654705D21EE70D400D1F068 /* middle.png in Resources */ = {isa = PBXBuildFile; fileRef = 8654705721EE70D300D1F068 /* middle.png */; };
		8654705E21EE70D400D1F068 /* ending.png in Resources */ = {isa = PBXBuildFile; fileRef = 8654705821EE70D400D1F068 /* ending.png */; };
		8654705F21EE70D400D1F068 /* begin.png in Resources */ = {isa = PBXBuildFile; fileRef = 8654705921EE70D400D1F068 /* begin.png */; };
		8654706021EE70D400D1F068 /* tonic.png in Resources */ = {isa = PBXBuildFile; fileRef = 8654705A21EE70D400D1F068 /* tonic.png */; };
		8654706121EE70D400D1F068 /* final.png in Resources */ = {isa = PBXBuildFile; fileRef = 8654705B21EE70D400D1F068 /* final.png */; };
		8654706321EE7F1300D1F068 /* MelodySlots.swift in Sources */ = {isa = PBXBuildFile; fileRef = 8654706221EE7F1300D1F068 /* MelodySlots.swift */; };
		8654706521EE824300D1F068 /* trebleClef.png in Resources */ = {isa = PBXBuildFile; fileRef = 8654706421EE824200D1F068 /* trebleClef.png */; };
		8654706721EE82CA00D1F068 /* doubleBar.png in Resources */ = {isa = PBXBuildFile; fileRef = 8654706621EE82CA00D1F068 /* doubleBar.png */; };
		86603C5421FC477C00A7921E /* GlobalConstants.swift in Sources */ = {isa = PBXBuildFile; fileRef = 86603C5221FC477B00A7921E /* GlobalConstants.swift */; };
		86603C5521FC477C00A7921E /* StructsAndEnums.swift in Sources */ = {isa = PBXBuildFile; fileRef = 86603C5321FC477B00A7921E /* StructsAndEnums.swift */; };
		86621B2521CD776A0069157B /* waterDrop.png in Resources */ = {isa = PBXBuildFile; fileRef = 86621B2421CD776A0069157B /* waterDrop.png */; };
		8665697121EFD0860086D432 /* Melody.swift in Sources */ = {isa = PBXBuildFile; fileRef = 8665697021EFD0860086D432 /* Melody.swift */; };
		8665697321EFDBDF0086D432 /* transparentMelody.swift in Sources */ = {isa = PBXBuildFile; fileRef = 8665697221EFDBDF0086D432 /* transparentMelody.swift */; };
		8665697B21F060900086D432 /* PlayButton.swift in Sources */ = {isa = PBXBuildFile; fileRef = 8665697A21F060900086D432 /* PlayButton.swift */; };
		86697DE321C1AF97009EC3BF /* windSound.wav in Resources */ = {isa = PBXBuildFile; fileRef = 86697DE221C1AF97009EC3BF /* windSound.wav */; };
		86697DE521C1B181009EC3BF /* steadyBrownNoise.wav in Resources */ = {isa = PBXBuildFile; fileRef = 86697DE421C1B181009EC3BF /* steadyBrownNoise.wav */; };
		866EA64F21F282B900B28BA6 /* PageTurner.swift in Sources */ = {isa = PBXBuildFile; fileRef = 866EA64E21F282B900B28BA6 /* PageTurner.swift */; };
		866EA65321F2889000B28BA6 /* wholeNote.png in Resources */ = {isa = PBXBuildFile; fileRef = 866EA65221F2888F00B28BA6 /* wholeNote.png */; };
		866EA65521F288CC00B28BA6 /* WholeNote.swift in Sources */ = {isa = PBXBuildFile; fileRef = 866EA65421F288CC00B28BA6 /* WholeNote.swift */; };
		866EA6C321F406D100B28BA6 /* PageTurnPianoPling.swift in Sources */ = {isa = PBXBuildFile; fileRef = 866EA6C221F406D100B28BA6 /* PageTurnPianoPling.swift */; };
		866EA6DF21F413CF00B28BA6 /* turnPiano4.mp3 in Resources */ = {isa = PBXBuildFile; fileRef = 866EA6D621F413CE00B28BA6 /* turnPiano4.mp3 */; };
		866EA6E021F413CF00B28BA6 /* turnPiano8.mp3 in Resources */ = {isa = PBXBuildFile; fileRef = 866EA6D721F413CE00B28BA6 /* turnPiano8.mp3 */; };
		866EA6E121F413CF00B28BA6 /* turnPiano0.mp3 in Resources */ = {isa = PBXBuildFile; fileRef = 866EA6D821F413CF00B28BA6 /* turnPiano0.mp3 */; };
		866EA6E221F413CF00B28BA6 /* turnPiano3.mp3 in Resources */ = {isa = PBXBuildFile; fileRef = 866EA6D921F413CF00B28BA6 /* turnPiano3.mp3 */; };
		866EA6E321F413CF00B28BA6 /* turnPiano1.mp3 in Resources */ = {isa = PBXBuildFile; fileRef = 866EA6DA21F413CF00B28BA6 /* turnPiano1.mp3 */; };
		866EA6E421F413CF00B28BA6 /* turnPiano5.mp3 in Resources */ = {isa = PBXBuildFile; fileRef = 866EA6DB21F413CF00B28BA6 /* turnPiano5.mp3 */; };
		866EA6E521F413CF00B28BA6 /* turnPiano6.mp3 in Resources */ = {isa = PBXBuildFile; fileRef = 866EA6DC21F413CF00B28BA6 /* turnPiano6.mp3 */; };
		866EA6E721F413CF00B28BA6 /* turnPiano2.mp3 in Resources */ = {isa = PBXBuildFile; fileRef = 866EA6DE21F413CF00B28BA6 /* turnPiano2.mp3 */; };
		866EA6E921F427EB00B28BA6 /* turnPiano7.mp3 in Resources */ = {isa = PBXBuildFile; fileRef = 866EA6E821F427EB00B28BA6 /* turnPiano7.mp3 */; };
		866EA6ED21F42AAB00B28BA6 /* Arrow.swift in Sources */ = {isa = PBXBuildFile; fileRef = 866EA6EC21F42AAB00B28BA6 /* Arrow.swift */; };
		866EA6F121F42C7E00B28BA6 /* arrow.png in Resources */ = {isa = PBXBuildFile; fileRef = 866EA6F021F42C7E00B28BA6 /* arrow.png */; };
		866EA6F321F4384D00B28BA6 /* 8thThumb.png in Resources */ = {isa = PBXBuildFile; fileRef = 866EA6F221F4384D00B28BA6 /* 8thThumb.png */; };
		866EA6F521F438DC00B28BA6 /* MiniNote.swift in Sources */ = {isa = PBXBuildFile; fileRef = 866EA6F421F438DC00B28BA6 /* MiniNote.swift */; };
		867C542621DF1E7B002E4255 /* SackContents.swift in Sources */ = {isa = PBXBuildFile; fileRef = 867C542521DF1E7B002E4255 /* SackContents.swift */; };
		867C542A21DF2FE7002E4255 /* melodyThumbnail.png in Resources */ = {isa = PBXBuildFile; fileRef = 867C542921DF2FE7002E4255 /* melodyThumbnail.png */; };
		869027E321F5939E00C3EF0C /* performanceScene.png in Resources */ = {isa = PBXBuildFile; fileRef = 869027E221F5939E00C3EF0C /* performanceScene.png */; };
		869027E521F593B300C3EF0C /* PerformingScene.swift in Sources */ = {isa = PBXBuildFile; fileRef = 869027E421F593B300C3EF0C /* PerformingScene.swift */; };
		869027E721F593DD00C3EF0C /* PerformingBackground.swift in Sources */ = {isa = PBXBuildFile; fileRef = 869027E621F593DD00C3EF0C /* PerformingBackground.swift */; };
		869027EA21F59B9F00C3EF0C /* MiniPerformingNote.swift in Sources */ = {isa = PBXBuildFile; fileRef = 869027E921F59B9F00C3EF0C /* MiniPerformingNote.swift */; };
		8698D85621BF149700ADED35 /* StoryLine.swift in Sources */ = {isa = PBXBuildFile; fileRef = 8698D85521BF149700ADED35 /* StoryLine.swift */; };
		8698D85921BF400000ADED35 /* Sound.swift in Sources */ = {isa = PBXBuildFile; fileRef = 8698D85721BF400000ADED35 /* Sound.swift */; };
		8698D85A21BF400000ADED35 /* Haptics.swift in Sources */ = {isa = PBXBuildFile; fileRef = 8698D85821BF400000ADED35 /* Haptics.swift */; };
		8698D87621BF404C00ADED35 /* libc++.tbd in Frameworks */ = {isa = PBXBuildFile; fileRef = 8698D87521BF404C00ADED35 /* libc++.tbd */; };
		8698D89321BF417600ADED35 /* backgroundPlaceholder.wav in Resources */ = {isa = PBXBuildFile; fileRef = 8698D88D21BF416600ADED35 /* backgroundPlaceholder.wav */; };
		8698D89421BF417600ADED35 /* marimbaC.wav in Resources */ = {isa = PBXBuildFile; fileRef = 8698D88E21BF416600ADED35 /* marimbaC.wav */; };
		8698D89521BF417600ADED35 /* pageTurnTouchDown.wav in Resources */ = {isa = PBXBuildFile; fileRef = 8698D89021BF416600ADED35 /* pageTurnTouchDown.wav */; };
		8698D89621BF417600ADED35 /* pageTurnTouchUp.wav in Resources */ = {isa = PBXBuildFile; fileRef = 8698D88F21BF416600ADED35 /* pageTurnTouchUp.wav */; };
		8698D89721BF417600ADED35 /* touchDown.wav in Resources */ = {isa = PBXBuildFile; fileRef = 8698D89121BF416700ADED35 /* touchDown.wav */; };
		8698D89821BF417600ADED35 /* touchUp.wav in Resources */ = {isa = PBXBuildFile; fileRef = 8698D89221BF416700ADED35 /* touchUp.wav */; };
		869EEFFE21DBE06B00A4BC06 /* throwbackWater.png in Resources */ = {isa = PBXBuildFile; fileRef = 869EEFFD21DBE06B00A4BC06 /* throwbackWater.png */; };
		869EF00021DBE1E600A4BC06 /* CatchOrThrowbackImage.swift in Sources */ = {isa = PBXBuildFile; fileRef = 869EEFFF21DBE1E600A4BC06 /* CatchOrThrowbackImage.swift */; };
		86BBBF2921BB08FD00CB17F2 /* AppDelegate.swift in Sources */ = {isa = PBXBuildFile; fileRef = 86BBBF2821BB08FD00CB17F2 /* AppDelegate.swift */; };
		86BBBF2B21BB08FD00CB17F2 /* ViewController.swift in Sources */ = {isa = PBXBuildFile; fileRef = 86BBBF2A21BB08FD00CB17F2 /* ViewController.swift */; };
		86BBBF3321BB08FD00CB17F2 /* Assets.xcassets in Resources */ = {isa = PBXBuildFile; fileRef = 86BBBF3221BB08FD00CB17F2 /* Assets.xcassets */; };
		86BBBF3621BB08FD00CB17F2 /* LaunchScreen.storyboard in Resources */ = {isa = PBXBuildFile; fileRef = 86BBBF3421BB08FD00CB17F2 /* LaunchScreen.storyboard */; };
		86BBBF4121BB08FD00CB17F2 /* sStoriesTests.swift in Sources */ = {isa = PBXBuildFile; fileRef = 86BBBF4021BB08FD00CB17F2 /* sStoriesTests.swift */; };
		86BBBF4C21BB08FE00CB17F2 /* sStoriesUITests.swift in Sources */ = {isa = PBXBuildFile; fileRef = 86BBBF4B21BB08FE00CB17F2 /* sStoriesUITests.swift */; };
		86BBBF5B21BB0A1000CB17F2 /* PageView.swift in Sources */ = {isa = PBXBuildFile; fileRef = 86BBBF5921BB0A1000CB17F2 /* PageView.swift */; };
		86BBBF5E21BB0A3A00CB17F2 /* GlobalFunctions.swift in Sources */ = {isa = PBXBuildFile; fileRef = 86BBBF5D21BB0A3A00CB17F2 /* GlobalFunctions.swift */; };
		86CC12DF21FB7FD600B9164B /* AboutPage.swift in Sources */ = {isa = PBXBuildFile; fileRef = 86CC12DE21FB7FD600B9164B /* AboutPage.swift */; };
		86CC12E121FB818C00B9164B /* about.png in Resources */ = {isa = PBXBuildFile; fileRef = 86CC12E021FB818C00B9164B /* about.png */; };
		86CC12E721FB8DCB00B9164B /* Templeton.png in Resources */ = {isa = PBXBuildFile; fileRef = 86CC12E621FB8DCB00B9164B /* Templeton.png */; };
		86CC12E921FB8E7500B9164B /* playButton.png in Resources */ = {isa = PBXBuildFile; fileRef = 86CC12E821FB8E7400B9164B /* playButton.png */; };
		86E9F49A21BF82F500EE12DF /* ShowingCrowdSackOfMelodies.png in Resources */ = {isa = PBXBuildFile; fileRef = 86E9F49221BF82F400EE12DF /* ShowingCrowdSackOfMelodies.png */; };
		86E9F49E21BF82F500EE12DF /* Mountain.png in Resources */ = {isa = PBXBuildFile; fileRef = 86E9F49621BF82F400EE12DF /* Mountain.png */; };
		86E9F49F21BF82F500EE12DF /* TalkingToCrowdAboutFishing.png in Resources */ = {isa = PBXBuildFile; fileRef = 86E9F49721BF82F500EE12DF /* TalkingToCrowdAboutFishing.png */; };
		86E9F4A021BF82F500EE12DF /* SackOfMelodies.png in Resources */ = {isa = PBXBuildFile; fileRef = 86E9F49821BF82F500EE12DF /* SackOfMelodies.png */; };
		86E9F4A121BF82F500EE12DF /* Town.png in Resources */ = {isa = PBXBuildFile; fileRef = 86E9F49921BF82F500EE12DF /* Town.png */; };
		86E9F4A721BF85AE00EE12DF /* Fishing.png in Resources */ = {isa = PBXBuildFile; fileRef = 86E9F4A621BF85AE00EE12DF /* Fishing.png */; };
		86EC5B0221DACBCF00E115E0 /* MelodyImage.swift in Sources */ = {isa = PBXBuildFile; fileRef = 86EC5B0121DACBCF00E115E0 /* MelodyImage.swift */; };
		86ED756A21F0F7030066E2D8 /* ArrangingBackground.swift in Sources */ = {isa = PBXBuildFile; fileRef = 86ED756921F0F7030066E2D8 /* ArrangingBackground.swift */; };
		86ED756E21F0FF550066E2D8 /* arrangingBackground.png in Resources */ = {isa = PBXBuildFile; fileRef = 86ED756D21F0FF550066E2D8 /* arrangingBackground.png */; };
		86ED757821F1263C0066E2D8 /* MelodyAudio.swift in Sources */ = {isa = PBXBuildFile; fileRef = 86ED757721F1263C0066E2D8 /* MelodyAudio.swift */; };
		86ED75B321F126980066E2D8 /* melody0.mp3 in Resources */ = {isa = PBXBuildFile; fileRef = 86ED757C21F126770066E2D8 /* melody0.mp3 */; };
		86ED75B421F126980066E2D8 /* melody1.mp3 in Resources */ = {isa = PBXBuildFile; fileRef = 86ED757D21F126770066E2D8 /* melody1.mp3 */; };
		86ED75B521F126980066E2D8 /* melody10.mp3 in Resources */ = {isa = PBXBuildFile; fileRef = 86ED757E21F126770066E2D8 /* melody10.mp3 */; };
		86ED75B621F126980066E2D8 /* melody11.mp3 in Resources */ = {isa = PBXBuildFile; fileRef = 86ED757F21F126770066E2D8 /* melody11.mp3 */; };
		86ED75B721F126980066E2D8 /* melody12.mp3 in Resources */ = {isa = PBXBuildFile; fileRef = 86ED758021F126770066E2D8 /* melody12.mp3 */; };
		86ED75B821F126980066E2D8 /* melody13.mp3 in Resources */ = {isa = PBXBuildFile; fileRef = 86ED758121F126770066E2D8 /* melody13.mp3 */; };
		86ED75B921F126980066E2D8 /* melody14.mp3 in Resources */ = {isa = PBXBuildFile; fileRef = 86ED758221F126770066E2D8 /* melody14.mp3 */; };
		86ED75BA21F126980066E2D8 /* melody15.mp3 in Resources */ = {isa = PBXBuildFile; fileRef = 86ED758321F126770066E2D8 /* melody15.mp3 */; };
		86ED75BB21F126980066E2D8 /* melody16.mp3 in Resources */ = {isa = PBXBuildFile; fileRef = 86ED758421F126770066E2D8 /* melody16.mp3 */; };
		86ED75BC21F126980066E2D8 /* melody17.mp3 in Resources */ = {isa = PBXBuildFile; fileRef = 86ED758521F126770066E2D8 /* melody17.mp3 */; };
		86ED75BD21F126980066E2D8 /* melody18.mp3 in Resources */ = {isa = PBXBuildFile; fileRef = 86ED758621F126770066E2D8 /* melody18.mp3 */; };
		86ED75BE21F126980066E2D8 /* melody19.mp3 in Resources */ = {isa = PBXBuildFile; fileRef = 86ED758721F126770066E2D8 /* melody19.mp3 */; };
		86ED75BF21F126980066E2D8 /* melody2.mp3 in Resources */ = {isa = PBXBuildFile; fileRef = 86ED758821F126770066E2D8 /* melody2.mp3 */; };
		86ED75C021F126980066E2D8 /* melody20.mp3 in Resources */ = {isa = PBXBuildFile; fileRef = 86ED758921F126770066E2D8 /* melody20.mp3 */; };
		86ED75C121F126980066E2D8 /* melody21.mp3 in Resources */ = {isa = PBXBuildFile; fileRef = 86ED758A21F126770066E2D8 /* melody21.mp3 */; };
		86ED75C221F126980066E2D8 /* melody22.mp3 in Resources */ = {isa = PBXBuildFile; fileRef = 86ED758B21F126770066E2D8 /* melody22.mp3 */; };
		86ED75C321F126980066E2D8 /* melody23.mp3 in Resources */ = {isa = PBXBuildFile; fileRef = 86ED758C21F126770066E2D8 /* melody23.mp3 */; };
		86ED75C421F126980066E2D8 /* melody24.mp3 in Resources */ = {isa = PBXBuildFile; fileRef = 86ED758D21F126770066E2D8 /* melody24.mp3 */; };
		86ED75C521F126980066E2D8 /* melody25.mp3 in Resources */ = {isa = PBXBuildFile; fileRef = 86ED758E21F126770066E2D8 /* melody25.mp3 */; };
		86ED75C621F126980066E2D8 /* melody26.mp3 in Resources */ = {isa = PBXBuildFile; fileRef = 86ED758F21F126770066E2D8 /* melody26.mp3 */; };
		86ED75C721F126980066E2D8 /* melody27.mp3 in Resources */ = {isa = PBXBuildFile; fileRef = 86ED759021F126770066E2D8 /* melody27.mp3 */; };
		86ED75C821F126980066E2D8 /* melody28.mp3 in Resources */ = {isa = PBXBuildFile; fileRef = 86ED759121F126770066E2D8 /* melody28.mp3 */; };
		86ED75C921F126980066E2D8 /* melody29.mp3 in Resources */ = {isa = PBXBuildFile; fileRef = 86ED759221F126770066E2D8 /* melody29.mp3 */; };
		86ED75CA21F126980066E2D8 /* melody3.mp3 in Resources */ = {isa = PBXBuildFile; fileRef = 86ED759321F126770066E2D8 /* melody3.mp3 */; };
		86ED75CB21F126980066E2D8 /* melody30.mp3 in Resources */ = {isa = PBXBuildFile; fileRef = 86ED759421F126770066E2D8 /* melody30.mp3 */; };
		86ED75CC21F126980066E2D8 /* melody31.mp3 in Resources */ = {isa = PBXBuildFile; fileRef = 86ED759521F126770066E2D8 /* melody31.mp3 */; };
		86ED75CD21F126980066E2D8 /* melody32.mp3 in Resources */ = {isa = PBXBuildFile; fileRef = 86ED759621F126770066E2D8 /* melody32.mp3 */; };
		86ED75CE21F126980066E2D8 /* melody33.mp3 in Resources */ = {isa = PBXBuildFile; fileRef = 86ED759721F126770066E2D8 /* melody33.mp3 */; };
		86ED75CF21F126980066E2D8 /* melody34.mp3 in Resources */ = {isa = PBXBuildFile; fileRef = 86ED759821F126770066E2D8 /* melody34.mp3 */; };
		86ED75D021F126980066E2D8 /* melody35.mp3 in Resources */ = {isa = PBXBuildFile; fileRef = 86ED759921F126770066E2D8 /* melody35.mp3 */; };
		86ED75D121F126980066E2D8 /* melody36.mp3 in Resources */ = {isa = PBXBuildFile; fileRef = 86ED759A21F126770066E2D8 /* melody36.mp3 */; };
		86ED75D221F126980066E2D8 /* melody37.mp3 in Resources */ = {isa = PBXBuildFile; fileRef = 86ED759B21F126770066E2D8 /* melody37.mp3 */; };
		86ED75D321F126980066E2D8 /* melody38.mp3 in Resources */ = {isa = PBXBuildFile; fileRef = 86ED759C21F126770066E2D8 /* melody38.mp3 */; };
		86ED75D421F126980066E2D8 /* melody39.mp3 in Resources */ = {isa = PBXBuildFile; fileRef = 86ED759D21F126770066E2D8 /* melody39.mp3 */; };
		86ED75D521F126980066E2D8 /* melody4.mp3 in Resources */ = {isa = PBXBuildFile; fileRef = 86ED759E21F126770066E2D8 /* melody4.mp3 */; };
		86ED75D621F126980066E2D8 /* melody40.mp3 in Resources */ = {isa = PBXBuildFile; fileRef = 86ED759F21F126770066E2D8 /* melody40.mp3 */; };
		86ED75D721F126980066E2D8 /* melody41.mp3 in Resources */ = {isa = PBXBuildFile; fileRef = 86ED75A021F126770066E2D8 /* melody41.mp3 */; };
		86ED75D821F126980066E2D8 /* melody42.mp3 in Resources */ = {isa = PBXBuildFile; fileRef = 86ED75A121F126770066E2D8 /* melody42.mp3 */; };
		86ED75D921F126980066E2D8 /* melody43.mp3 in Resources */ = {isa = PBXBuildFile; fileRef = 86ED75A221F126770066E2D8 /* melody43.mp3 */; };
		86ED75DA21F126980066E2D8 /* melody44.mp3 in Resources */ = {isa = PBXBuildFile; fileRef = 86ED75A321F126770066E2D8 /* melody44.mp3 */; };
		86ED75DB21F126980066E2D8 /* melody45.mp3 in Resources */ = {isa = PBXBuildFile; fileRef = 86ED75A421F126770066E2D8 /* melody45.mp3 */; };
		86ED75DC21F126980066E2D8 /* melody46.mp3 in Resources */ = {isa = PBXBuildFile; fileRef = 86ED75A521F126770066E2D8 /* melody46.mp3 */; };
		86ED75DD21F126980066E2D8 /* melody47.mp3 in Resources */ = {isa = PBXBuildFile; fileRef = 86ED75A621F126770066E2D8 /* melody47.mp3 */; };
		86ED75DE21F126980066E2D8 /* melody48.mp3 in Resources */ = {isa = PBXBuildFile; fileRef = 86ED75A721F126770066E2D8 /* melody48.mp3 */; };
		86ED75DF21F126980066E2D8 /* melody49.mp3 in Resources */ = {isa = PBXBuildFile; fileRef = 86ED75A821F126770066E2D8 /* melody49.mp3 */; };
		86ED75E021F126980066E2D8 /* melody5.mp3 in Resources */ = {isa = PBXBuildFile; fileRef = 86ED75A921F126770066E2D8 /* melody5.mp3 */; };
		86ED75E121F126980066E2D8 /* melody50.mp3 in Resources */ = {isa = PBXBuildFile; fileRef = 86ED75AA21F126770066E2D8 /* melody50.mp3 */; };
		86ED75E221F126980066E2D8 /* melody51.mp3 in Resources */ = {isa = PBXBuildFile; fileRef = 86ED75AB21F126770066E2D8 /* melody51.mp3 */; };
		86ED75E321F126980066E2D8 /* melody52.mp3 in Resources */ = {isa = PBXBuildFile; fileRef = 86ED75AC21F126770066E2D8 /* melody52.mp3 */; };
		86ED75E421F126980066E2D8 /* melody53.mp3 in Resources */ = {isa = PBXBuildFile; fileRef = 86ED75AD21F126770066E2D8 /* melody53.mp3 */; };
		86ED75E521F126980066E2D8 /* melody54.mp3 in Resources */ = {isa = PBXBuildFile; fileRef = 86ED75AE21F126770066E2D8 /* melody54.mp3 */; };
		86ED75E621F126980066E2D8 /* melody6.mp3 in Resources */ = {isa = PBXBuildFile; fileRef = 86ED75AF21F126770066E2D8 /* melody6.mp3 */; };
		86ED75E721F126980066E2D8 /* melody7.mp3 in Resources */ = {isa = PBXBuildFile; fileRef = 86ED75B021F126770066E2D8 /* melody7.mp3 */; };
		86ED75E821F126980066E2D8 /* melody8.mp3 in Resources */ = {isa = PBXBuildFile; fileRef = 86ED75B121F126770066E2D8 /* melody8.mp3 */; };
		86ED75E921F126980066E2D8 /* melody9.mp3 in Resources */ = {isa = PBXBuildFile; fileRef = 86ED75B221F126770066E2D8 /* melody9.mp3 */; };
		86F1F6C121FC1150001AD82D /* back.png in Resources */ = {isa = PBXBuildFile; fileRef = 86F1F6C021FC1150001AD82D /* back.png */; };
		86F1F6C521FC1A36001AD82D /* GlobalVariables.swift in Sources */ = {isa = PBXBuildFile; fileRef = 86F1F6C421FC1A36001AD82D /* GlobalVariables.swift */; };
		86F1F6CB21FC3A5D001AD82D /* UIViewExtension.swift in Sources */ = {isa = PBXBuildFile; fileRef = 86F1F6CA21FC3A5D001AD82D /* UIViewExtension.swift */; };
		86F8AB7E21DD5AD400BED768 /* Label.swift in Sources */ = {isa = PBXBuildFile; fileRef = 86F8AB7D21DD5AD400BED768 /* Label.swift */; };
		86F8AB8221DD636300BED768 /* FishingPole.swift in Sources */ = {isa = PBXBuildFile; fileRef = 86F8AB8121DD636300BED768 /* FishingPole.swift */; };
/* End PBXBuildFile section */

/* Begin PBXContainerItemProxy section */
		86BBBF3D21BB08FD00CB17F2 /* PBXContainerItemProxy */ = {
			isa = PBXContainerItemProxy;
			containerPortal = 86BBBF1D21BB08FD00CB17F2 /* Project object */;
			proxyType = 1;
			remoteGlobalIDString = 86BBBF2421BB08FD00CB17F2;
			remoteInfo = sStories;
		};
		86BBBF4821BB08FE00CB17F2 /* PBXContainerItemProxy */ = {
			isa = PBXContainerItemProxy;
			containerPortal = 86BBBF1D21BB08FD00CB17F2 /* Project object */;
			proxyType = 1;
			remoteGlobalIDString = 86BBBF2421BB08FD00CB17F2;
			remoteInfo = sStories;
		};
/* End PBXContainerItemProxy section */

/* Begin PBXCopyFilesBuildPhase section */
		860AD9F221C315700052577B /* Embed Frameworks */ = {
			isa = PBXCopyFilesBuildPhase;
			buildActionMask = 2147483647;
			dstPath = "";
			dstSubfolderSpec = 10;
			files = (
			);
			name = "Embed Frameworks";
			runOnlyForDeploymentPostprocessing = 0;
		};
/* End PBXCopyFilesBuildPhase section */

/* Begin PBXFileReference section */
		220B35F021FA69B600AA146D /* Pond.png */ = {isa = PBXFileReference; lastKnownFileType = image.png; name = Pond.png; path = ../../../../../Desktop/Pond.png; sourceTree = "<group>"; };
		220B35F221FA6F4D00AA146D /* HomePage.swift */ = {isa = PBXFileReference; lastKnownFileType = sourcecode.swift; path = HomePage.swift; sourceTree = "<group>"; };
		2251122B22024EAF0087747F /* test.mp3 */ = {isa = PBXFileReference; lastKnownFileType = audio.mp3; path = test.mp3; sourceTree = "<group>"; };
		2251122D22024F7E0087747F /* AudioFile.swift */ = {isa = PBXFileReference; lastKnownFileType = sourcecode.swift; path = AudioFile.swift; sourceTree = "<group>"; };
		2251122F22025F360087747F /* test2.mp3 */ = {isa = PBXFileReference; lastKnownFileType = audio.mp3; path = test2.mp3; sourceTree = "<group>"; };
		2251123122025F910087747F /* test3.mp3 */ = {isa = PBXFileReference; lastKnownFileType = audio.mp3; path = test3.mp3; sourceTree = "<group>"; };
		226A1A102202713F00E47009 /* SoundClips.swift */ = {isa = PBXFileReference; lastKnownFileType = sourcecode.swift; path = SoundClips.swift; sourceTree = "<group>"; };
		2298202B21F6F9D20070F49B /* Performance.png */ = {isa = PBXFileReference; lastKnownFileType = image.png; path = Performance.png; sourceTree = "<group>"; };
		22A666C021FFD8270038220E /* Button.swift */ = {isa = PBXFileReference; lastKnownFileType = sourcecode.swift; path = Button.swift; sourceTree = "<group>"; };
		22A666C221FFD98C0038220E /* read.png */ = {isa = PBXFileReference; lastKnownFileType = image.png; path = read.png; sourceTree = "<group>"; };
		22A666C421FFDB870038220E /* questionMark.png */ = {isa = PBXFileReference; lastKnownFileType = image.png; path = questionMark.png; sourceTree = "<group>"; };
		22C12BEC21F7B70C006D288F /* musicSymbol11.png */ = {isa = PBXFileReference; lastKnownFileType = image.png; path = musicSymbol11.png; sourceTree = "<group>"; };
		22C12BED21F7B70C006D288F /* musicSymbol5.png */ = {isa = PBXFileReference; lastKnownFileType = image.png; path = musicSymbol5.png; sourceTree = "<group>"; };
		22C12BEE21F7B70C006D288F /* musicSymbol3.png */ = {isa = PBXFileReference; lastKnownFileType = image.png; path = musicSymbol3.png; sourceTree = "<group>"; };
		22C12BEF21F7B70C006D288F /* musicSymbol2.png */ = {isa = PBXFileReference; lastKnownFileType = image.png; path = musicSymbol2.png; sourceTree = "<group>"; };
		22C12BF021F7B70C006D288F /* musicSymbol7.png */ = {isa = PBXFileReference; lastKnownFileType = image.png; path = musicSymbol7.png; sourceTree = "<group>"; };
		22C12BF121F7B70C006D288F /* musicSymbol6.png */ = {isa = PBXFileReference; lastKnownFileType = image.png; path = musicSymbol6.png; sourceTree = "<group>"; };
		22C12BF221F7B70C006D288F /* musicSymbol4.png */ = {isa = PBXFileReference; lastKnownFileType = image.png; path = musicSymbol4.png; sourceTree = "<group>"; };
		22C12BF321F7B70D006D288F /* musicSymbol8.png */ = {isa = PBXFileReference; lastKnownFileType = image.png; path = musicSymbol8.png; sourceTree = "<group>"; };
		22C12BF421F7B70D006D288F /* musicSymbol0.png */ = {isa = PBXFileReference; lastKnownFileType = image.png; path = musicSymbol0.png; sourceTree = "<group>"; };
		22C12BF521F7B70D006D288F /* musicSymbol9.png */ = {isa = PBXFileReference; lastKnownFileType = image.png; path = musicSymbol9.png; sourceTree = "<group>"; };
		22C12BF621F7B70D006D288F /* musicSymbol1.png */ = {isa = PBXFileReference; lastKnownFileType = image.png; path = musicSymbol1.png; sourceTree = "<group>"; };
		22C12BF721F7B70D006D288F /* musicSymbol10.png */ = {isa = PBXFileReference; lastKnownFileType = image.png; path = musicSymbol10.png; sourceTree = "<group>"; };
		860AD9E621C309FD0052577B /* CatchingMelodies.swift */ = {isa = PBXFileReference; lastKnownFileType = sourcecode.swift; path = CatchingMelodies.swift; sourceTree = "<group>"; };
		861C788E21DC257E009D9612 /* sack.png */ = {isa = PBXFileReference; lastKnownFileType = image.png; path = sack.png; sourceTree = "<group>"; };
		863DADF321D408A000AFDD94 /* FishingPole.png */ = {isa = PBXFileReference; lastKnownFileType = image.png; path = FishingPole.png; sourceTree = "<group>"; };
		863DADF521D40D5400AFDD94 /* Note.png */ = {isa = PBXFileReference; lastKnownFileType = image.png; path = Note.png; sourceTree = "<group>"; };
		8654702721ED208A00D1F068 /* AutoLayoutExtension.swift */ = {isa = PBXFileReference; fileEncoding = 4; lastKnownFileType = sourcecode.swift; path = AutoLayoutExtension.swift; sourceTree = "<group>"; };
		8654702921ED209E00D1F068 /* ArrangingScene.swift */ = {isa = PBXFileReference; fileEncoding = 4; lastKnownFileType = sourcecode.swift; path = ArrangingScene.swift; sourceTree = "<group>"; };
		8654705621EE70D300D1F068 /* dominant.png */ = {isa = PBXFileReference; lastKnownFileType = image.png; path = dominant.png; sourceTree = "<group>"; };
		8654705721EE70D300D1F068 /* middle.png */ = {isa = PBXFileReference; lastKnownFileType = image.png; path = middle.png; sourceTree = "<group>"; };
		8654705821EE70D400D1F068 /* ending.png */ = {isa = PBXFileReference; lastKnownFileType = image.png; path = ending.png; sourceTree = "<group>"; };
		8654705921EE70D400D1F068 /* begin.png */ = {isa = PBXFileReference; lastKnownFileType = image.png; path = begin.png; sourceTree = "<group>"; };
		8654705A21EE70D400D1F068 /* tonic.png */ = {isa = PBXFileReference; lastKnownFileType = image.png; path = tonic.png; sourceTree = "<group>"; };
		8654705B21EE70D400D1F068 /* final.png */ = {isa = PBXFileReference; lastKnownFileType = image.png; path = final.png; sourceTree = "<group>"; };
		8654706221EE7F1300D1F068 /* MelodySlots.swift */ = {isa = PBXFileReference; lastKnownFileType = sourcecode.swift; path = MelodySlots.swift; sourceTree = "<group>"; };
		8654706421EE824200D1F068 /* trebleClef.png */ = {isa = PBXFileReference; lastKnownFileType = image.png; path = trebleClef.png; sourceTree = "<group>"; };
		8654706621EE82CA00D1F068 /* doubleBar.png */ = {isa = PBXFileReference; lastKnownFileType = image.png; path = doubleBar.png; sourceTree = "<group>"; };
		86603C5221FC477B00A7921E /* GlobalConstants.swift */ = {isa = PBXFileReference; lastKnownFileType = sourcecode.swift; path = GlobalConstants.swift; sourceTree = "<group>"; };
		86603C5321FC477B00A7921E /* StructsAndEnums.swift */ = {isa = PBXFileReference; lastKnownFileType = sourcecode.swift; path = StructsAndEnums.swift; sourceTree = "<group>"; };
		86621B2421CD776A0069157B /* waterDrop.png */ = {isa = PBXFileReference; lastKnownFileType = image.png; path = waterDrop.png; sourceTree = "<group>"; };
		8665697021EFD0860086D432 /* Melody.swift */ = {isa = PBXFileReference; lastKnownFileType = sourcecode.swift; path = Melody.swift; sourceTree = "<group>"; };
		8665697221EFDBDF0086D432 /* transparentMelody.swift */ = {isa = PBXFileReference; lastKnownFileType = sourcecode.swift; path = transparentMelody.swift; sourceTree = "<group>"; };
		8665697A21F060900086D432 /* PlayButton.swift */ = {isa = PBXFileReference; lastKnownFileType = sourcecode.swift; path = PlayButton.swift; sourceTree = "<group>"; };
		86697DE221C1AF97009EC3BF /* windSound.wav */ = {isa = PBXFileReference; lastKnownFileType = audio.wav; path = windSound.wav; sourceTree = "<group>"; };
		86697DE421C1B181009EC3BF /* steadyBrownNoise.wav */ = {isa = PBXFileReference; lastKnownFileType = audio.wav; path = steadyBrownNoise.wav; sourceTree = "<group>"; };
		866EA64E21F282B900B28BA6 /* PageTurner.swift */ = {isa = PBXFileReference; lastKnownFileType = sourcecode.swift; path = PageTurner.swift; sourceTree = "<group>"; };
		866EA65221F2888F00B28BA6 /* wholeNote.png */ = {isa = PBXFileReference; lastKnownFileType = image.png; path = wholeNote.png; sourceTree = "<group>"; };
		866EA65421F288CC00B28BA6 /* WholeNote.swift */ = {isa = PBXFileReference; lastKnownFileType = sourcecode.swift; path = WholeNote.swift; sourceTree = "<group>"; };
		866EA6C221F406D100B28BA6 /* PageTurnPianoPling.swift */ = {isa = PBXFileReference; lastKnownFileType = sourcecode.swift; path = PageTurnPianoPling.swift; sourceTree = "<group>"; };
		866EA6D621F413CE00B28BA6 /* turnPiano4.mp3 */ = {isa = PBXFileReference; lastKnownFileType = audio.mp3; path = turnPiano4.mp3; sourceTree = "<group>"; };
		866EA6D721F413CE00B28BA6 /* turnPiano8.mp3 */ = {isa = PBXFileReference; lastKnownFileType = audio.mp3; path = turnPiano8.mp3; sourceTree = "<group>"; };
		866EA6D821F413CF00B28BA6 /* turnPiano0.mp3 */ = {isa = PBXFileReference; lastKnownFileType = audio.mp3; path = turnPiano0.mp3; sourceTree = "<group>"; };
		866EA6D921F413CF00B28BA6 /* turnPiano3.mp3 */ = {isa = PBXFileReference; lastKnownFileType = audio.mp3; path = turnPiano3.mp3; sourceTree = "<group>"; };
		866EA6DA21F413CF00B28BA6 /* turnPiano1.mp3 */ = {isa = PBXFileReference; lastKnownFileType = audio.mp3; path = turnPiano1.mp3; sourceTree = "<group>"; };
		866EA6DB21F413CF00B28BA6 /* turnPiano5.mp3 */ = {isa = PBXFileReference; lastKnownFileType = audio.mp3; path = turnPiano5.mp3; sourceTree = "<group>"; };
		866EA6DC21F413CF00B28BA6 /* turnPiano6.mp3 */ = {isa = PBXFileReference; lastKnownFileType = audio.mp3; path = turnPiano6.mp3; sourceTree = "<group>"; };
		866EA6DE21F413CF00B28BA6 /* turnPiano2.mp3 */ = {isa = PBXFileReference; lastKnownFileType = audio.mp3; path = turnPiano2.mp3; sourceTree = "<group>"; };
		866EA6E821F427EB00B28BA6 /* turnPiano7.mp3 */ = {isa = PBXFileReference; lastKnownFileType = audio.mp3; path = turnPiano7.mp3; sourceTree = "<group>"; };
		866EA6EC21F42AAB00B28BA6 /* Arrow.swift */ = {isa = PBXFileReference; lastKnownFileType = sourcecode.swift; path = Arrow.swift; sourceTree = "<group>"; };
		866EA6F021F42C7E00B28BA6 /* arrow.png */ = {isa = PBXFileReference; lastKnownFileType = image.png; path = arrow.png; sourceTree = "<group>"; };
		866EA6F221F4384D00B28BA6 /* 8thThumb.png */ = {isa = PBXFileReference; lastKnownFileType = image.png; path = 8thThumb.png; sourceTree = "<group>"; };
		866EA6F421F438DC00B28BA6 /* MiniNote.swift */ = {isa = PBXFileReference; lastKnownFileType = sourcecode.swift; path = MiniNote.swift; sourceTree = "<group>"; };
		867C542521DF1E7B002E4255 /* SackContents.swift */ = {isa = PBXFileReference; lastKnownFileType = sourcecode.swift; path = SackContents.swift; sourceTree = "<group>"; };
		867C542921DF2FE7002E4255 /* melodyThumbnail.png */ = {isa = PBXFileReference; lastKnownFileType = image.png; path = melodyThumbnail.png; sourceTree = "<group>"; };
		869027E221F5939E00C3EF0C /* performanceScene.png */ = {isa = PBXFileReference; lastKnownFileType = image.png; path = performanceScene.png; sourceTree = "<group>"; };
		869027E421F593B300C3EF0C /* PerformingScene.swift */ = {isa = PBXFileReference; lastKnownFileType = sourcecode.swift; path = PerformingScene.swift; sourceTree = "<group>"; };
		869027E621F593DD00C3EF0C /* PerformingBackground.swift */ = {isa = PBXFileReference; lastKnownFileType = sourcecode.swift; path = PerformingBackground.swift; sourceTree = "<group>"; };
		869027E921F59B9F00C3EF0C /* MiniPerformingNote.swift */ = {isa = PBXFileReference; lastKnownFileType = sourcecode.swift; path = MiniPerformingNote.swift; sourceTree = "<group>"; };
		8698D85521BF149700ADED35 /* StoryLine.swift */ = {isa = PBXFileReference; lastKnownFileType = sourcecode.swift; path = StoryLine.swift; sourceTree = "<group>"; };
		8698D85721BF400000ADED35 /* Sound.swift */ = {isa = PBXFileReference; lastKnownFileType = sourcecode.swift; path = Sound.swift; sourceTree = "<group>"; };
		8698D85821BF400000ADED35 /* Haptics.swift */ = {isa = PBXFileReference; lastKnownFileType = sourcecode.swift; path = Haptics.swift; sourceTree = "<group>"; };
		8698D87521BF404C00ADED35 /* libc++.tbd */ = {isa = PBXFileReference; lastKnownFileType = "sourcecode.text-based-dylib-definition"; name = "libc++.tbd"; path = "usr/lib/libc++.tbd"; sourceTree = SDKROOT; };
		8698D88D21BF416600ADED35 /* backgroundPlaceholder.wav */ = {isa = PBXFileReference; lastKnownFileType = audio.wav; path = backgroundPlaceholder.wav; sourceTree = "<group>"; };
		8698D88E21BF416600ADED35 /* marimbaC.wav */ = {isa = PBXFileReference; lastKnownFileType = audio.wav; path = marimbaC.wav; sourceTree = "<group>"; };
		8698D88F21BF416600ADED35 /* pageTurnTouchUp.wav */ = {isa = PBXFileReference; lastKnownFileType = audio.wav; path = pageTurnTouchUp.wav; sourceTree = "<group>"; };
		8698D89021BF416600ADED35 /* pageTurnTouchDown.wav */ = {isa = PBXFileReference; lastKnownFileType = audio.wav; path = pageTurnTouchDown.wav; sourceTree = "<group>"; };
		8698D89121BF416700ADED35 /* touchDown.wav */ = {isa = PBXFileReference; lastKnownFileType = audio.wav; path = touchDown.wav; sourceTree = "<group>"; };
		8698D89221BF416700ADED35 /* touchUp.wav */ = {isa = PBXFileReference; lastKnownFileType = audio.wav; path = touchUp.wav; sourceTree = "<group>"; };
		869EEFFD21DBE06B00A4BC06 /* throwbackWater.png */ = {isa = PBXFileReference; lastKnownFileType = image.png; path = throwbackWater.png; sourceTree = "<group>"; };
		869EEFFF21DBE1E600A4BC06 /* CatchOrThrowbackImage.swift */ = {isa = PBXFileReference; lastKnownFileType = sourcecode.swift; path = CatchOrThrowbackImage.swift; sourceTree = "<group>"; };
		86BBBF2521BB08FD00CB17F2 /* sStories.app */ = {isa = PBXFileReference; explicitFileType = wrapper.application; includeInIndex = 0; path = sStories.app; sourceTree = BUILT_PRODUCTS_DIR; };
		86BBBF2821BB08FD00CB17F2 /* AppDelegate.swift */ = {isa = PBXFileReference; lastKnownFileType = sourcecode.swift; path = AppDelegate.swift; sourceTree = "<group>"; };
		86BBBF2A21BB08FD00CB17F2 /* ViewController.swift */ = {isa = PBXFileReference; lastKnownFileType = sourcecode.swift; path = ViewController.swift; sourceTree = "<group>"; };
		86BBBF3221BB08FD00CB17F2 /* Assets.xcassets */ = {isa = PBXFileReference; lastKnownFileType = folder.assetcatalog; path = Assets.xcassets; sourceTree = "<group>"; };
		86BBBF3521BB08FD00CB17F2 /* Base */ = {isa = PBXFileReference; lastKnownFileType = file.storyboard; name = Base; path = Base.lproj/LaunchScreen.storyboard; sourceTree = "<group>"; };
		86BBBF3721BB08FD00CB17F2 /* Info.plist */ = {isa = PBXFileReference; lastKnownFileType = text.plist.xml; path = Info.plist; sourceTree = "<group>"; };
		86BBBF3C21BB08FD00CB17F2 /* sStoriesTests.xctest */ = {isa = PBXFileReference; explicitFileType = wrapper.cfbundle; includeInIndex = 0; path = sStoriesTests.xctest; sourceTree = BUILT_PRODUCTS_DIR; };
		86BBBF4021BB08FD00CB17F2 /* sStoriesTests.swift */ = {isa = PBXFileReference; lastKnownFileType = sourcecode.swift; path = sStoriesTests.swift; sourceTree = "<group>"; };
		86BBBF4221BB08FD00CB17F2 /* Info.plist */ = {isa = PBXFileReference; lastKnownFileType = text.plist.xml; path = Info.plist; sourceTree = "<group>"; };
		86BBBF4721BB08FE00CB17F2 /* sStoriesUITests.xctest */ = {isa = PBXFileReference; explicitFileType = wrapper.cfbundle; includeInIndex = 0; path = sStoriesUITests.xctest; sourceTree = BUILT_PRODUCTS_DIR; };
		86BBBF4B21BB08FE00CB17F2 /* sStoriesUITests.swift */ = {isa = PBXFileReference; lastKnownFileType = sourcecode.swift; path = sStoriesUITests.swift; sourceTree = "<group>"; };
		86BBBF4D21BB08FE00CB17F2 /* Info.plist */ = {isa = PBXFileReference; lastKnownFileType = text.plist.xml; path = Info.plist; sourceTree = "<group>"; };
		86BBBF5921BB0A1000CB17F2 /* PageView.swift */ = {isa = PBXFileReference; lastKnownFileType = sourcecode.swift; path = PageView.swift; sourceTree = "<group>"; };
		86BBBF5D21BB0A3A00CB17F2 /* GlobalFunctions.swift */ = {isa = PBXFileReference; lastKnownFileType = sourcecode.swift; path = GlobalFunctions.swift; sourceTree = "<group>"; };
		86CC12DE21FB7FD600B9164B /* AboutPage.swift */ = {isa = PBXFileReference; lastKnownFileType = sourcecode.swift; path = AboutPage.swift; sourceTree = "<group>"; };
		86CC12E021FB818C00B9164B /* about.png */ = {isa = PBXFileReference; lastKnownFileType = image.png; path = about.png; sourceTree = "<group>"; };
		86CC12E621FB8DCB00B9164B /* Templeton.png */ = {isa = PBXFileReference; lastKnownFileType = image.png; path = Templeton.png; sourceTree = "<group>"; };
		86CC12E821FB8E7400B9164B /* playButton.png */ = {isa = PBXFileReference; lastKnownFileType = image.png; path = playButton.png; sourceTree = "<group>"; };
		86E9F49221BF82F400EE12DF /* ShowingCrowdSackOfMelodies.png */ = {isa = PBXFileReference; lastKnownFileType = image.png; path = ShowingCrowdSackOfMelodies.png; sourceTree = "<group>"; };
		86E9F49621BF82F400EE12DF /* Mountain.png */ = {isa = PBXFileReference; lastKnownFileType = image.png; path = Mountain.png; sourceTree = "<group>"; };
		86E9F49721BF82F500EE12DF /* TalkingToCrowdAboutFishing.png */ = {isa = PBXFileReference; lastKnownFileType = image.png; path = TalkingToCrowdAboutFishing.png; sourceTree = "<group>"; };
		86E9F49821BF82F500EE12DF /* SackOfMelodies.png */ = {isa = PBXFileReference; lastKnownFileType = image.png; path = SackOfMelodies.png; sourceTree = "<group>"; };
		86E9F49921BF82F500EE12DF /* Town.png */ = {isa = PBXFileReference; lastKnownFileType = image.png; path = Town.png; sourceTree = "<group>"; };
		86E9F4A621BF85AE00EE12DF /* Fishing.png */ = {isa = PBXFileReference; lastKnownFileType = image.png; path = Fishing.png; sourceTree = "<group>"; };
		86EC5B0121DACBCF00E115E0 /* MelodyImage.swift */ = {isa = PBXFileReference; lastKnownFileType = sourcecode.swift; path = MelodyImage.swift; sourceTree = "<group>"; };
		86ED756921F0F7030066E2D8 /* ArrangingBackground.swift */ = {isa = PBXFileReference; lastKnownFileType = sourcecode.swift; path = ArrangingBackground.swift; sourceTree = "<group>"; };
		86ED756D21F0FF550066E2D8 /* arrangingBackground.png */ = {isa = PBXFileReference; lastKnownFileType = image.png; path = arrangingBackground.png; sourceTree = "<group>"; };
		86ED757721F1263C0066E2D8 /* MelodyAudio.swift */ = {isa = PBXFileReference; lastKnownFileType = sourcecode.swift; path = MelodyAudio.swift; sourceTree = "<group>"; };
		86ED757C21F126770066E2D8 /* melody0.mp3 */ = {isa = PBXFileReference; lastKnownFileType = audio.mp3; path = melody0.mp3; sourceTree = "<group>"; };
		86ED757D21F126770066E2D8 /* melody1.mp3 */ = {isa = PBXFileReference; lastKnownFileType = audio.mp3; path = melody1.mp3; sourceTree = "<group>"; };
		86ED757E21F126770066E2D8 /* melody10.mp3 */ = {isa = PBXFileReference; lastKnownFileType = audio.mp3; path = melody10.mp3; sourceTree = "<group>"; };
		86ED757F21F126770066E2D8 /* melody11.mp3 */ = {isa = PBXFileReference; lastKnownFileType = audio.mp3; path = melody11.mp3; sourceTree = "<group>"; };
		86ED758021F126770066E2D8 /* melody12.mp3 */ = {isa = PBXFileReference; lastKnownFileType = audio.mp3; path = melody12.mp3; sourceTree = "<group>"; };
		86ED758121F126770066E2D8 /* melody13.mp3 */ = {isa = PBXFileReference; lastKnownFileType = audio.mp3; path = melody13.mp3; sourceTree = "<group>"; };
		86ED758221F126770066E2D8 /* melody14.mp3 */ = {isa = PBXFileReference; lastKnownFileType = audio.mp3; path = melody14.mp3; sourceTree = "<group>"; };
		86ED758321F126770066E2D8 /* melody15.mp3 */ = {isa = PBXFileReference; lastKnownFileType = audio.mp3; path = melody15.mp3; sourceTree = "<group>"; };
		86ED758421F126770066E2D8 /* melody16.mp3 */ = {isa = PBXFileReference; lastKnownFileType = audio.mp3; path = melody16.mp3; sourceTree = "<group>"; };
		86ED758521F126770066E2D8 /* melody17.mp3 */ = {isa = PBXFileReference; lastKnownFileType = audio.mp3; path = melody17.mp3; sourceTree = "<group>"; };
		86ED758621F126770066E2D8 /* melody18.mp3 */ = {isa = PBXFileReference; lastKnownFileType = audio.mp3; path = melody18.mp3; sourceTree = "<group>"; };
		86ED758721F126770066E2D8 /* melody19.mp3 */ = {isa = PBXFileReference; lastKnownFileType = audio.mp3; path = melody19.mp3; sourceTree = "<group>"; };
		86ED758821F126770066E2D8 /* melody2.mp3 */ = {isa = PBXFileReference; lastKnownFileType = audio.mp3; path = melody2.mp3; sourceTree = "<group>"; };
		86ED758921F126770066E2D8 /* melody20.mp3 */ = {isa = PBXFileReference; lastKnownFileType = audio.mp3; path = melody20.mp3; sourceTree = "<group>"; };
		86ED758A21F126770066E2D8 /* melody21.mp3 */ = {isa = PBXFileReference; lastKnownFileType = audio.mp3; path = melody21.mp3; sourceTree = "<group>"; };
		86ED758B21F126770066E2D8 /* melody22.mp3 */ = {isa = PBXFileReference; lastKnownFileType = audio.mp3; path = melody22.mp3; sourceTree = "<group>"; };
		86ED758C21F126770066E2D8 /* melody23.mp3 */ = {isa = PBXFileReference; lastKnownFileType = audio.mp3; path = melody23.mp3; sourceTree = "<group>"; };
		86ED758D21F126770066E2D8 /* melody24.mp3 */ = {isa = PBXFileReference; lastKnownFileType = audio.mp3; path = melody24.mp3; sourceTree = "<group>"; };
		86ED758E21F126770066E2D8 /* melody25.mp3 */ = {isa = PBXFileReference; lastKnownFileType = audio.mp3; path = melody25.mp3; sourceTree = "<group>"; };
		86ED758F21F126770066E2D8 /* melody26.mp3 */ = {isa = PBXFileReference; lastKnownFileType = audio.mp3; path = melody26.mp3; sourceTree = "<group>"; };
		86ED759021F126770066E2D8 /* melody27.mp3 */ = {isa = PBXFileReference; lastKnownFileType = audio.mp3; path = melody27.mp3; sourceTree = "<group>"; };
		86ED759121F126770066E2D8 /* melody28.mp3 */ = {isa = PBXFileReference; lastKnownFileType = audio.mp3; path = melody28.mp3; sourceTree = "<group>"; };
		86ED759221F126770066E2D8 /* melody29.mp3 */ = {isa = PBXFileReference; lastKnownFileType = audio.mp3; path = melody29.mp3; sourceTree = "<group>"; };
		86ED759321F126770066E2D8 /* melody3.mp3 */ = {isa = PBXFileReference; lastKnownFileType = audio.mp3; path = melody3.mp3; sourceTree = "<group>"; };
		86ED759421F126770066E2D8 /* melody30.mp3 */ = {isa = PBXFileReference; lastKnownFileType = audio.mp3; path = melody30.mp3; sourceTree = "<group>"; };
		86ED759521F126770066E2D8 /* melody31.mp3 */ = {isa = PBXFileReference; lastKnownFileType = audio.mp3; path = melody31.mp3; sourceTree = "<group>"; };
		86ED759621F126770066E2D8 /* melody32.mp3 */ = {isa = PBXFileReference; lastKnownFileType = audio.mp3; path = melody32.mp3; sourceTree = "<group>"; };
		86ED759721F126770066E2D8 /* melody33.mp3 */ = {isa = PBXFileReference; lastKnownFileType = audio.mp3; path = melody33.mp3; sourceTree = "<group>"; };
		86ED759821F126770066E2D8 /* melody34.mp3 */ = {isa = PBXFileReference; lastKnownFileType = audio.mp3; path = melody34.mp3; sourceTree = "<group>"; };
		86ED759921F126770066E2D8 /* melody35.mp3 */ = {isa = PBXFileReference; lastKnownFileType = audio.mp3; path = melody35.mp3; sourceTree = "<group>"; };
		86ED759A21F126770066E2D8 /* melody36.mp3 */ = {isa = PBXFileReference; lastKnownFileType = audio.mp3; path = melody36.mp3; sourceTree = "<group>"; };
		86ED759B21F126770066E2D8 /* melody37.mp3 */ = {isa = PBXFileReference; lastKnownFileType = audio.mp3; path = melody37.mp3; sourceTree = "<group>"; };
		86ED759C21F126770066E2D8 /* melody38.mp3 */ = {isa = PBXFileReference; lastKnownFileType = audio.mp3; path = melody38.mp3; sourceTree = "<group>"; };
		86ED759D21F126770066E2D8 /* melody39.mp3 */ = {isa = PBXFileReference; lastKnownFileType = audio.mp3; path = melody39.mp3; sourceTree = "<group>"; };
		86ED759E21F126770066E2D8 /* melody4.mp3 */ = {isa = PBXFileReference; lastKnownFileType = audio.mp3; path = melody4.mp3; sourceTree = "<group>"; };
		86ED759F21F126770066E2D8 /* melody40.mp3 */ = {isa = PBXFileReference; lastKnownFileType = audio.mp3; path = melody40.mp3; sourceTree = "<group>"; };
		86ED75A021F126770066E2D8 /* melody41.mp3 */ = {isa = PBXFileReference; lastKnownFileType = audio.mp3; path = melody41.mp3; sourceTree = "<group>"; };
		86ED75A121F126770066E2D8 /* melody42.mp3 */ = {isa = PBXFileReference; lastKnownFileType = audio.mp3; path = melody42.mp3; sourceTree = "<group>"; };
		86ED75A221F126770066E2D8 /* melody43.mp3 */ = {isa = PBXFileReference; lastKnownFileType = audio.mp3; path = melody43.mp3; sourceTree = "<group>"; };
		86ED75A321F126770066E2D8 /* melody44.mp3 */ = {isa = PBXFileReference; lastKnownFileType = audio.mp3; path = melody44.mp3; sourceTree = "<group>"; };
		86ED75A421F126770066E2D8 /* melody45.mp3 */ = {isa = PBXFileReference; lastKnownFileType = audio.mp3; path = melody45.mp3; sourceTree = "<group>"; };
		86ED75A521F126770066E2D8 /* melody46.mp3 */ = {isa = PBXFileReference; lastKnownFileType = audio.mp3; path = melody46.mp3; sourceTree = "<group>"; };
		86ED75A621F126770066E2D8 /* melody47.mp3 */ = {isa = PBXFileReference; lastKnownFileType = audio.mp3; path = melody47.mp3; sourceTree = "<group>"; };
		86ED75A721F126770066E2D8 /* melody48.mp3 */ = {isa = PBXFileReference; lastKnownFileType = audio.mp3; path = melody48.mp3; sourceTree = "<group>"; };
		86ED75A821F126770066E2D8 /* melody49.mp3 */ = {isa = PBXFileReference; lastKnownFileType = audio.mp3; path = melody49.mp3; sourceTree = "<group>"; };
		86ED75A921F126770066E2D8 /* melody5.mp3 */ = {isa = PBXFileReference; lastKnownFileType = audio.mp3; path = melody5.mp3; sourceTree = "<group>"; };
		86ED75AA21F126770066E2D8 /* melody50.mp3 */ = {isa = PBXFileReference; lastKnownFileType = audio.mp3; path = melody50.mp3; sourceTree = "<group>"; };
		86ED75AB21F126770066E2D8 /* melody51.mp3 */ = {isa = PBXFileReference; lastKnownFileType = audio.mp3; path = melody51.mp3; sourceTree = "<group>"; };
		86ED75AC21F126770066E2D8 /* melody52.mp3 */ = {isa = PBXFileReference; lastKnownFileType = audio.mp3; path = melody52.mp3; sourceTree = "<group>"; };
		86ED75AD21F126770066E2D8 /* melody53.mp3 */ = {isa = PBXFileReference; lastKnownFileType = audio.mp3; path = melody53.mp3; sourceTree = "<group>"; };
		86ED75AE21F126770066E2D8 /* melody54.mp3 */ = {isa = PBXFileReference; lastKnownFileType = audio.mp3; path = melody54.mp3; sourceTree = "<group>"; };
		86ED75AF21F126770066E2D8 /* melody6.mp3 */ = {isa = PBXFileReference; lastKnownFileType = audio.mp3; path = melody6.mp3; sourceTree = "<group>"; };
		86ED75B021F126770066E2D8 /* melody7.mp3 */ = {isa = PBXFileReference; lastKnownFileType = audio.mp3; path = melody7.mp3; sourceTree = "<group>"; };
		86ED75B121F126770066E2D8 /* melody8.mp3 */ = {isa = PBXFileReference; lastKnownFileType = audio.mp3; path = melody8.mp3; sourceTree = "<group>"; };
		86ED75B221F126770066E2D8 /* melody9.mp3 */ = {isa = PBXFileReference; lastKnownFileType = audio.mp3; path = melody9.mp3; sourceTree = "<group>"; };
		86F1F6C021FC1150001AD82D /* back.png */ = {isa = PBXFileReference; lastKnownFileType = image.png; path = back.png; sourceTree = "<group>"; };
		86F1F6C421FC1A36001AD82D /* GlobalVariables.swift */ = {isa = PBXFileReference; lastKnownFileType = sourcecode.swift; path = GlobalVariables.swift; sourceTree = "<group>"; };
		86F1F6CA21FC3A5D001AD82D /* UIViewExtension.swift */ = {isa = PBXFileReference; lastKnownFileType = sourcecode.swift; path = UIViewExtension.swift; sourceTree = "<group>"; };
		86F8AB7D21DD5AD400BED768 /* Label.swift */ = {isa = PBXFileReference; lastKnownFileType = sourcecode.swift; path = Label.swift; sourceTree = "<group>"; };
		86F8AB8121DD636300BED768 /* FishingPole.swift */ = {isa = PBXFileReference; lastKnownFileType = sourcecode.swift; path = FishingPole.swift; sourceTree = "<group>"; };
/* End PBXFileReference section */

/* Begin PBXFrameworksBuildPhase section */
		86BBBF2221BB08FD00CB17F2 /* Frameworks */ = {
			isa = PBXFrameworksBuildPhase;
			buildActionMask = 2147483647;
			files = (
				8698D87621BF404C00ADED35 /* libc++.tbd in Frameworks */,
			);
			runOnlyForDeploymentPostprocessing = 0;
		};
		86BBBF3921BB08FD00CB17F2 /* Frameworks */ = {
			isa = PBXFrameworksBuildPhase;
			buildActionMask = 2147483647;
			files = (
			);
			runOnlyForDeploymentPostprocessing = 0;
		};
		86BBBF4421BB08FE00CB17F2 /* Frameworks */ = {
			isa = PBXFrameworksBuildPhase;
			buildActionMask = 2147483647;
			files = (
			);
			runOnlyForDeploymentPostprocessing = 0;
		};
/* End PBXFrameworksBuildPhase section */

/* Begin PBXGroup section */
		226A1A12220274AB00E47009 /* Sound Clips */ = {
			isa = PBXGroup;
			children = (
				226A1A102202713F00E47009 /* SoundClips.swift */,
				2251122D22024F7E0087747F /* AudioFile.swift */,
			);
			path = "Sound Clips";
			sourceTree = "<group>";
		};
		22C12BEB21F7B6E7006D288F /* Page Turn Audio Files */ = {
			isa = PBXGroup;
			children = (
				866EA6D821F413CF00B28BA6 /* turnPiano0.mp3 */,
				866EA6DA21F413CF00B28BA6 /* turnPiano1.mp3 */,
				866EA6DE21F413CF00B28BA6 /* turnPiano2.mp3 */,
				866EA6D921F413CF00B28BA6 /* turnPiano3.mp3 */,
				866EA6D621F413CE00B28BA6 /* turnPiano4.mp3 */,
				866EA6E821F427EB00B28BA6 /* turnPiano7.mp3 */,
				866EA6DB21F413CF00B28BA6 /* turnPiano5.mp3 */,
				866EA6DC21F413CF00B28BA6 /* turnPiano6.mp3 */,
				866EA6D721F413CE00B28BA6 /* turnPiano8.mp3 */,
			);
			path = "Page Turn Audio Files";
			sourceTree = "<group>";
		};
		22C12C0421F7B716006D288F /* Performance Images */ = {
			isa = PBXGroup;
			children = (
				22C12BF421F7B70D006D288F /* musicSymbol0.png */,
				22C12BF621F7B70D006D288F /* musicSymbol1.png */,
				22C12BEF21F7B70C006D288F /* musicSymbol2.png */,
				22C12BEE21F7B70C006D288F /* musicSymbol3.png */,
				22C12BF221F7B70C006D288F /* musicSymbol4.png */,
				22C12BED21F7B70C006D288F /* musicSymbol5.png */,
				22C12BF121F7B70C006D288F /* musicSymbol6.png */,
				22C12BF021F7B70C006D288F /* musicSymbol7.png */,
				22C12BF321F7B70D006D288F /* musicSymbol8.png */,
				22C12BF521F7B70D006D288F /* musicSymbol9.png */,
				22C12BF721F7B70D006D288F /* musicSymbol10.png */,
				22C12BEC21F7B70C006D288F /* musicSymbol11.png */,
			);
			path = "Performance Images";
			sourceTree = "<group>";
		};
		860DE93121C2072F00A7370D /* Sounds */ = {
			isa = PBXGroup;
			children = (
				22C12BEB21F7B6E7006D288F /* Page Turn Audio Files */,
				86ED757B21F126770066E2D8 /* pianoMelodies */,
				8698D88D21BF416600ADED35 /* backgroundPlaceholder.wav */,
				8698D88E21BF416600ADED35 /* marimbaC.wav */,
				8698D89021BF416600ADED35 /* pageTurnTouchDown.wav */,
				8698D88F21BF416600ADED35 /* pageTurnTouchUp.wav */,
				8698D89121BF416700ADED35 /* touchDown.wav */,
				8698D89221BF416700ADED35 /* touchUp.wav */,
				86697DE421C1B181009EC3BF /* steadyBrownNoise.wav */,
				86697DE221C1AF97009EC3BF /* windSound.wav */,
			);
			path = Sounds;
			sourceTree = "<group>";
		};
		860DE93221C2073E00A7370D /* Image Assets */ = {
			isa = PBXGroup;
			children = (
				22C12C0421F7B716006D288F /* Performance Images */,
				86E9F49621BF82F400EE12DF /* Mountain.png */,
				86E9F4A621BF85AE00EE12DF /* Fishing.png */,
				863DADF521D40D5400AFDD94 /* Note.png */,
				8654705921EE70D400D1F068 /* begin.png */,
				869027E221F5939E00C3EF0C /* performanceScene.png */,
				86CC12E621FB8DCB00B9164B /* Templeton.png */,
				866EA6F221F4384D00B28BA6 /* 8thThumb.png */,
				866EA6F021F42C7E00B28BA6 /* arrow.png */,
				8654705621EE70D300D1F068 /* dominant.png */,
				86ED756D21F0FF550066E2D8 /* arrangingBackground.png */,
				866EA65221F2888F00B28BA6 /* wholeNote.png */,
				86CC12E021FB818C00B9164B /* about.png */,
				86F1F6C021FC1150001AD82D /* back.png */,
				220B35F021FA69B600AA146D /* Pond.png */,
				8654705821EE70D400D1F068 /* ending.png */,
				22A666C421FFDB870038220E /* questionMark.png */,
				8654705B21EE70D400D1F068 /* final.png */,
				2298202B21F6F9D20070F49B /* Performance.png */,
				22A666C221FFD98C0038220E /* read.png */,
				86CC12E821FB8E7400B9164B /* playButton.png */,
				8654705721EE70D300D1F068 /* middle.png */,
				8654706421EE824200D1F068 /* trebleClef.png */,
				8654705A21EE70D400D1F068 /* tonic.png */,
				8654706621EE82CA00D1F068 /* doubleBar.png */,
				867C542921DF2FE7002E4255 /* melodyThumbnail.png */,
				869EEFFD21DBE06B00A4BC06 /* throwbackWater.png */,
				861C788E21DC257E009D9612 /* sack.png */,
				86621B2421CD776A0069157B /* waterDrop.png */,
				863DADF321D408A000AFDD94 /* FishingPole.png */,
				86E9F49821BF82F500EE12DF /* SackOfMelodies.png */,
				86E9F49221BF82F400EE12DF /* ShowingCrowdSackOfMelodies.png */,
				86E9F49721BF82F500EE12DF /* TalkingToCrowdAboutFishing.png */,
				86E9F49921BF82F500EE12DF /* Town.png */,
			);
			path = "Image Assets";
			sourceTree = "<group>";
		};
		8654702F21ED2D8000D1F068 /* Arranging Scene */ = {
			isa = PBXGroup;
			children = (
				8654702921ED209E00D1F068 /* ArrangingScene.swift */,
				86ED756921F0F7030066E2D8 /* ArrangingBackground.swift */,
				8654706221EE7F1300D1F068 /* MelodySlots.swift */,
				8665697221EFDBDF0086D432 /* transparentMelody.swift */,
				8665697A21F060900086D432 /* PlayButton.swift */,
			);
			path = "Arranging Scene";
			sourceTree = "<group>";
		};
		866EA65821F2E8CB00B28BA6 /* PageTurner */ = {
			isa = PBXGroup;
			children = (
				866EA64E21F282B900B28BA6 /* PageTurner.swift */,
				866EA65421F288CC00B28BA6 /* WholeNote.swift */,
				866EA6F421F438DC00B28BA6 /* MiniNote.swift */,
				866EA6EC21F42AAB00B28BA6 /* Arrow.swift */,
				866EA6C221F406D100B28BA6 /* PageTurnPianoPling.swift */,
			);
			path = PageTurner;
			sourceTree = "<group>";
		};
		869027E821F5956C00C3EF0C /* Performing Scene */ = {
			isa = PBXGroup;
			children = (
				869027E421F593B300C3EF0C /* PerformingScene.swift */,
				869027E621F593DD00C3EF0C /* PerformingBackground.swift */,
				869027E921F59B9F00C3EF0C /* MiniPerformingNote.swift */,
			);
			path = "Performing Scene";
			sourceTree = "<group>";
		};
		8698D87421BF404C00ADED35 /* Frameworks */ = {
			isa = PBXGroup;
			children = (
				8698D87521BF404C00ADED35 /* libc++.tbd */,
			);
			name = Frameworks;
			sourceTree = "<group>";
		};
		86BBBF1C21BB08FD00CB17F2 = {
			isa = PBXGroup;
			children = (
				86BBBF2721BB08FD00CB17F2 /* sStories */,
				86BBBF3F21BB08FD00CB17F2 /* sStoriesTests */,
				86BBBF4A21BB08FE00CB17F2 /* sStoriesUITests */,
				86BBBF2621BB08FD00CB17F2 /* Products */,
				8698D87421BF404C00ADED35 /* Frameworks */,
			);
			sourceTree = "<group>";
		};
		86BBBF2621BB08FD00CB17F2 /* Products */ = {
			isa = PBXGroup;
			children = (
				86BBBF2521BB08FD00CB17F2 /* sStories.app */,
				86BBBF3C21BB08FD00CB17F2 /* sStoriesTests.xctest */,
				86BBBF4721BB08FE00CB17F2 /* sStoriesUITests.xctest */,
			);
			name = Products;
			sourceTree = "<group>";
		};
		86BBBF2721BB08FD00CB17F2 /* sStories */ = {
			isa = PBXGroup;
			children = (
				86BBBF2821BB08FD00CB17F2 /* AppDelegate.swift */,
				86BBBF2A21BB08FD00CB17F2 /* ViewController.swift */,
				220B35F221FA6F4D00AA146D /* HomePage.swift */,
				86CC12DE21FB7FD600B9164B /* AboutPage.swift */,
				86BBBF5921BB0A1000CB17F2 /* PageView.swift */,
				22A666C021FFD8270038220E /* Button.swift */,
				8698D85721BF400000ADED35 /* Sound.swift */,
				8698D85821BF400000ADED35 /* Haptics.swift */,
				867C542521DF1E7B002E4255 /* SackContents.swift */,
				2251122B22024EAF0087747F /* test.mp3 */,
				2251122F22025F360087747F /* test2.mp3 */,
				2251123122025F910087747F /* test3.mp3 */,
				8665697021EFD0860086D432 /* Melody.swift */,
				86EC5B0121DACBCF00E115E0 /* MelodyImage.swift */,
				86ED757721F1263C0066E2D8 /* MelodyAudio.swift */,
				86F8AB7D21DD5AD400BED768 /* Label.swift */,
				86F8AB8521DDE70100BED768 /* Catching Melodies Scene */,
				8654702F21ED2D8000D1F068 /* Arranging Scene */,
				869027E821F5956C00C3EF0C /* Performing Scene */,
				866EA65821F2E8CB00B28BA6 /* PageTurner */,
				860DE93221C2073E00A7370D /* Image Assets */,
				860DE93121C2072F00A7370D /* Sounds */,
				86BBBF5D21BB0A3A00CB17F2 /* GlobalFunctions.swift */,
				86603C5221FC477B00A7921E /* GlobalConstants.swift */,
				226A1A12220274AB00E47009 /* Sound Clips */,
				86F1F6C421FC1A36001AD82D /* GlobalVariables.swift */,
				86603C5321FC477B00A7921E /* StructsAndEnums.swift */,
				8698D85521BF149700ADED35 /* StoryLine.swift */,
				8654702721ED208A00D1F068 /* AutoLayoutExtension.swift */,
				86F1F6CA21FC3A5D001AD82D /* UIViewExtension.swift */,
				86BBBF3421BB08FD00CB17F2 /* LaunchScreen.storyboard */,
				86BBBF3721BB08FD00CB17F2 /* Info.plist */,
				86BBBF3221BB08FD00CB17F2 /* Assets.xcassets */,
			);
			path = sStories;
			sourceTree = "<group>";
		};
		86BBBF3F21BB08FD00CB17F2 /* sStoriesTests */ = {
			isa = PBXGroup;
			children = (
				86BBBF4021BB08FD00CB17F2 /* sStoriesTests.swift */,
				86BBBF4221BB08FD00CB17F2 /* Info.plist */,
			);
			path = sStoriesTests;
			sourceTree = "<group>";
		};
		86BBBF4A21BB08FE00CB17F2 /* sStoriesUITests */ = {
			isa = PBXGroup;
			children = (
				86BBBF4B21BB08FE00CB17F2 /* sStoriesUITests.swift */,
				86BBBF4D21BB08FE00CB17F2 /* Info.plist */,
			);
			path = sStoriesUITests;
			sourceTree = "<group>";
		};
		86ED757B21F126770066E2D8 /* pianoMelodies */ = {
			isa = PBXGroup;
			children = (
				86ED757C21F126770066E2D8 /* melody0.mp3 */,
				86ED757D21F126770066E2D8 /* melody1.mp3 */,
				86ED757E21F126770066E2D8 /* melody10.mp3 */,
				86ED757F21F126770066E2D8 /* melody11.mp3 */,
				86ED758021F126770066E2D8 /* melody12.mp3 */,
				86ED758121F126770066E2D8 /* melody13.mp3 */,
				86ED758221F126770066E2D8 /* melody14.mp3 */,
				86ED758321F126770066E2D8 /* melody15.mp3 */,
				86ED758421F126770066E2D8 /* melody16.mp3 */,
				86ED758521F126770066E2D8 /* melody17.mp3 */,
				86ED758621F126770066E2D8 /* melody18.mp3 */,
				86ED758721F126770066E2D8 /* melody19.mp3 */,
				86ED758821F126770066E2D8 /* melody2.mp3 */,
				86ED758921F126770066E2D8 /* melody20.mp3 */,
				86ED758A21F126770066E2D8 /* melody21.mp3 */,
				86ED758B21F126770066E2D8 /* melody22.mp3 */,
				86ED758C21F126770066E2D8 /* melody23.mp3 */,
				86ED758D21F126770066E2D8 /* melody24.mp3 */,
				86ED758E21F126770066E2D8 /* melody25.mp3 */,
				86ED758F21F126770066E2D8 /* melody26.mp3 */,
				86ED759021F126770066E2D8 /* melody27.mp3 */,
				86ED759121F126770066E2D8 /* melody28.mp3 */,
				86ED759221F126770066E2D8 /* melody29.mp3 */,
				86ED759321F126770066E2D8 /* melody3.mp3 */,
				86ED759421F126770066E2D8 /* melody30.mp3 */,
				86ED759521F126770066E2D8 /* melody31.mp3 */,
				86ED759621F126770066E2D8 /* melody32.mp3 */,
				86ED759721F126770066E2D8 /* melody33.mp3 */,
				86ED759821F126770066E2D8 /* melody34.mp3 */,
				86ED759921F126770066E2D8 /* melody35.mp3 */,
				86ED759A21F126770066E2D8 /* melody36.mp3 */,
				86ED759B21F126770066E2D8 /* melody37.mp3 */,
				86ED759C21F126770066E2D8 /* melody38.mp3 */,
				86ED759D21F126770066E2D8 /* melody39.mp3 */,
				86ED759E21F126770066E2D8 /* melody4.mp3 */,
				86ED759F21F126770066E2D8 /* melody40.mp3 */,
				86ED75A021F126770066E2D8 /* melody41.mp3 */,
				86ED75A121F126770066E2D8 /* melody42.mp3 */,
				86ED75A221F126770066E2D8 /* melody43.mp3 */,
				86ED75A321F126770066E2D8 /* melody44.mp3 */,
				86ED75A421F126770066E2D8 /* melody45.mp3 */,
				86ED75A521F126770066E2D8 /* melody46.mp3 */,
				86ED75A621F126770066E2D8 /* melody47.mp3 */,
				86ED75A721F126770066E2D8 /* melody48.mp3 */,
				86ED75A821F126770066E2D8 /* melody49.mp3 */,
				86ED75A921F126770066E2D8 /* melody5.mp3 */,
				86ED75AA21F126770066E2D8 /* melody50.mp3 */,
				86ED75AB21F126770066E2D8 /* melody51.mp3 */,
				86ED75AC21F126770066E2D8 /* melody52.mp3 */,
				86ED75AD21F126770066E2D8 /* melody53.mp3 */,
				86ED75AE21F126770066E2D8 /* melody54.mp3 */,
				86ED75AF21F126770066E2D8 /* melody6.mp3 */,
				86ED75B021F126770066E2D8 /* melody7.mp3 */,
				86ED75B121F126770066E2D8 /* melody8.mp3 */,
				86ED75B221F126770066E2D8 /* melody9.mp3 */,
			);
			path = pianoMelodies;
			sourceTree = "<group>";
		};
		86F8AB8521DDE70100BED768 /* Catching Melodies Scene */ = {
			isa = PBXGroup;
			children = (
				860AD9E621C309FD0052577B /* CatchingMelodies.swift */,
				86F8AB8121DD636300BED768 /* FishingPole.swift */,
				869EEFFF21DBE1E600A4BC06 /* CatchOrThrowbackImage.swift */,
			);
			path = "Catching Melodies Scene";
			sourceTree = "<group>";
		};
/* End PBXGroup section */

/* Begin PBXNativeTarget section */
		86BBBF2421BB08FD00CB17F2 /* sStories */ = {
			isa = PBXNativeTarget;
			buildConfigurationList = 86BBBF5021BB08FE00CB17F2 /* Build configuration list for PBXNativeTarget "sStories" */;
			buildPhases = (
				86BBBF2121BB08FD00CB17F2 /* Sources */,
				86BBBF2221BB08FD00CB17F2 /* Frameworks */,
				86BBBF2321BB08FD00CB17F2 /* Resources */,
				860AD9F221C315700052577B /* Embed Frameworks */,
			);
			buildRules = (
			);
			dependencies = (
			);
			name = sStories;
			productName = sStories;
			productReference = 86BBBF2521BB08FD00CB17F2 /* sStories.app */;
			productType = "com.apple.product-type.application";
		};
		86BBBF3B21BB08FD00CB17F2 /* sStoriesTests */ = {
			isa = PBXNativeTarget;
			buildConfigurationList = 86BBBF5321BB08FE00CB17F2 /* Build configuration list for PBXNativeTarget "sStoriesTests" */;
			buildPhases = (
				86BBBF3821BB08FD00CB17F2 /* Sources */,
				86BBBF3921BB08FD00CB17F2 /* Frameworks */,
				86BBBF3A21BB08FD00CB17F2 /* Resources */,
			);
			buildRules = (
			);
			dependencies = (
				86BBBF3E21BB08FD00CB17F2 /* PBXTargetDependency */,
			);
			name = sStoriesTests;
			productName = sStoriesTests;
			productReference = 86BBBF3C21BB08FD00CB17F2 /* sStoriesTests.xctest */;
			productType = "com.apple.product-type.bundle.unit-test";
		};
		86BBBF4621BB08FE00CB17F2 /* sStoriesUITests */ = {
			isa = PBXNativeTarget;
			buildConfigurationList = 86BBBF5621BB08FE00CB17F2 /* Build configuration list for PBXNativeTarget "sStoriesUITests" */;
			buildPhases = (
				86BBBF4321BB08FE00CB17F2 /* Sources */,
				86BBBF4421BB08FE00CB17F2 /* Frameworks */,
				86BBBF4521BB08FE00CB17F2 /* Resources */,
			);
			buildRules = (
			);
			dependencies = (
				86BBBF4921BB08FE00CB17F2 /* PBXTargetDependency */,
			);
			name = sStoriesUITests;
			productName = sStoriesUITests;
			productReference = 86BBBF4721BB08FE00CB17F2 /* sStoriesUITests.xctest */;
			productType = "com.apple.product-type.bundle.ui-testing";
		};
/* End PBXNativeTarget section */

/* Begin PBXProject section */
		86BBBF1D21BB08FD00CB17F2 /* Project object */ = {
			isa = PBXProject;
			attributes = {
				LastSwiftUpdateCheck = 1010;
				LastUpgradeCheck = 1010;
				ORGANIZATIONNAME = "Nathan Richard";
				TargetAttributes = {
					86BBBF2421BB08FD00CB17F2 = {
						CreatedOnToolsVersion = 10.1;
						SystemCapabilities = {
							com.apple.BackgroundModes = {
								enabled = 1;
							};
						};
					};
					86BBBF3B21BB08FD00CB17F2 = {
						CreatedOnToolsVersion = 10.1;
						TestTargetID = 86BBBF2421BB08FD00CB17F2;
					};
					86BBBF4621BB08FE00CB17F2 = {
						CreatedOnToolsVersion = 10.1;
						TestTargetID = 86BBBF2421BB08FD00CB17F2;
					};
				};
			};
			buildConfigurationList = 86BBBF2021BB08FD00CB17F2 /* Build configuration list for PBXProject "sStories" */;
			compatibilityVersion = "Xcode 9.3";
			developmentRegion = en;
			hasScannedForEncodings = 0;
			knownRegions = (
				en,
				Base,
			);
			mainGroup = 86BBBF1C21BB08FD00CB17F2;
			productRefGroup = 86BBBF2621BB08FD00CB17F2 /* Products */;
			projectDirPath = "";
			projectRoot = "";
			targets = (
				86BBBF2421BB08FD00CB17F2 /* sStories */,
				86BBBF3B21BB08FD00CB17F2 /* sStoriesTests */,
				86BBBF4621BB08FE00CB17F2 /* sStoriesUITests */,
			);
		};
/* End PBXProject section */

/* Begin PBXResourcesBuildPhase section */
		86BBBF2321BB08FD00CB17F2 /* Resources */ = {
			isa = PBXResourcesBuildPhase;
			buildActionMask = 2147483647;
			files = (
				86ED75B321F126980066E2D8 /* melody0.mp3 in Resources */,
				86ED75B421F126980066E2D8 /* melody1.mp3 in Resources */,
				86ED75B521F126980066E2D8 /* melody10.mp3 in Resources */,
				86ED75B621F126980066E2D8 /* melody11.mp3 in Resources */,
				86ED75B721F126980066E2D8 /* melody12.mp3 in Resources */,
				22A666C321FFD98C0038220E /* read.png in Resources */,
				22A666C521FFDB870038220E /* questionMark.png in Resources */,
				86ED75B821F126980066E2D8 /* melody13.mp3 in Resources */,
				86ED75B921F126980066E2D8 /* melody14.mp3 in Resources */,
				866EA65321F2889000B28BA6 /* wholeNote.png in Resources */,
				86ED75BA21F126980066E2D8 /* melody15.mp3 in Resources */,
				86ED75BB21F126980066E2D8 /* melody16.mp3 in Resources */,
				86ED75BC21F126980066E2D8 /* melody17.mp3 in Resources */,
				86ED75BD21F126980066E2D8 /* melody18.mp3 in Resources */,
				866EA6E121F413CF00B28BA6 /* turnPiano0.mp3 in Resources */,
				86ED75BE21F126980066E2D8 /* melody19.mp3 in Resources */,
				86ED75BF21F126980066E2D8 /* melody2.mp3 in Resources */,
				86ED75C021F126980066E2D8 /* melody20.mp3 in Resources */,
				86ED75C121F126980066E2D8 /* melody21.mp3 in Resources */,
				86ED75C221F126980066E2D8 /* melody22.mp3 in Resources */,
				86ED75C321F126980066E2D8 /* melody23.mp3 in Resources */,
				86ED75C421F126980066E2D8 /* melody24.mp3 in Resources */,
				86ED75C521F126980066E2D8 /* melody25.mp3 in Resources */,
				22C12C0321F7B70D006D288F /* musicSymbol10.png in Resources */,
				86ED75C621F126980066E2D8 /* melody26.mp3 in Resources */,
				86ED75C721F126980066E2D8 /* melody27.mp3 in Resources */,
				86ED75C821F126980066E2D8 /* melody28.mp3 in Resources */,
				22C12BFF21F7B70D006D288F /* musicSymbol8.png in Resources */,
				86ED75C921F126980066E2D8 /* melody29.mp3 in Resources */,
				86ED75CA21F126980066E2D8 /* melody3.mp3 in Resources */,
				86ED75CB21F126980066E2D8 /* melody30.mp3 in Resources */,
				86ED75CC21F126980066E2D8 /* melody31.mp3 in Resources */,
				86ED75CD21F126980066E2D8 /* melody32.mp3 in Resources */,
				86ED75CE21F126980066E2D8 /* melody33.mp3 in Resources */,
				86ED75CF21F126980066E2D8 /* melody34.mp3 in Resources */,
				22C12C0121F7B70D006D288F /* musicSymbol9.png in Resources */,
				86ED75D021F126980066E2D8 /* melody35.mp3 in Resources */,
				86ED75D121F126980066E2D8 /* melody36.mp3 in Resources */,
				86ED75D221F126980066E2D8 /* melody37.mp3 in Resources */,
				86ED75D321F126980066E2D8 /* melody38.mp3 in Resources */,
				86ED75D421F126980066E2D8 /* melody39.mp3 in Resources */,
				86ED75D521F126980066E2D8 /* melody4.mp3 in Resources */,
				86ED75D621F126980066E2D8 /* melody40.mp3 in Resources */,
				86ED75D721F126980066E2D8 /* melody41.mp3 in Resources */,
				86ED75D821F126980066E2D8 /* melody42.mp3 in Resources */,
				86ED75D921F126980066E2D8 /* melody43.mp3 in Resources */,
				86ED75DA21F126980066E2D8 /* melody44.mp3 in Resources */,
				86ED75DB21F126980066E2D8 /* melody45.mp3 in Resources */,
				86ED75DC21F126980066E2D8 /* melody46.mp3 in Resources */,
				86ED75DD21F126980066E2D8 /* melody47.mp3 in Resources */,
				86ED75DE21F126980066E2D8 /* melody48.mp3 in Resources */,
				86ED75DF21F126980066E2D8 /* melody49.mp3 in Resources */,
				86ED75E021F126980066E2D8 /* melody5.mp3 in Resources */,
				86ED75E121F126980066E2D8 /* melody50.mp3 in Resources */,
				86ED75E221F126980066E2D8 /* melody51.mp3 in Resources */,
				86ED75E321F126980066E2D8 /* melody52.mp3 in Resources */,
				86ED75E421F126980066E2D8 /* melody53.mp3 in Resources */,
				86ED75E521F126980066E2D8 /* melody54.mp3 in Resources */,
				86ED75E621F126980066E2D8 /* melody6.mp3 in Resources */,
				22C12BFE21F7B70D006D288F /* musicSymbol4.png in Resources */,
				86ED75E721F126980066E2D8 /* melody7.mp3 in Resources */,
				866EA6E921F427EB00B28BA6 /* turnPiano7.mp3 in Resources */,
				86F1F6C121FC1150001AD82D /* back.png in Resources */,
				86ED75E821F126980066E2D8 /* melody8.mp3 in Resources */,
				22C12BFC21F7B70D006D288F /* musicSymbol7.png in Resources */,
				86ED75E921F126980066E2D8 /* melody9.mp3 in Resources */,
				8654706121EE70D400D1F068 /* final.png in Resources */,
				86697DE321C1AF97009EC3BF /* windSound.wav in Resources */,
				8654705F21EE70D400D1F068 /* begin.png in Resources */,
				8654706521EE824300D1F068 /* trebleClef.png in Resources */,
				86CC12E921FB8E7500B9164B /* playButton.png in Resources */,
				2298202D21F6F9D20070F49B /* Performance.png in Resources */,
				866EA6E421F413CF00B28BA6 /* turnPiano5.mp3 in Resources */,
				86E9F49F21BF82F500EE12DF /* TalkingToCrowdAboutFishing.png in Resources */,
				2251123022025F360087747F /* test2.mp3 in Resources */,
				861C788F21DC257E009D9612 /* sack.png in Resources */,
				8654705D21EE70D400D1F068 /* middle.png in Resources */,
				8654705C21EE70D400D1F068 /* dominant.png in Resources */,
				86621B2521CD776A0069157B /* waterDrop.png in Resources */,
				8698D89321BF417600ADED35 /* backgroundPlaceholder.wav in Resources */,
				8654705E21EE70D400D1F068 /* ending.png in Resources */,
				8698D89421BF417600ADED35 /* marimbaC.wav in Resources */,
				2251123222025F910087747F /* test3.mp3 in Resources */,
				869EEFFE21DBE06B00A4BC06 /* throwbackWater.png in Resources */,
				86CC12E721FB8DCB00B9164B /* Templeton.png in Resources */,
				220B35F121FA69B600AA146D /* Pond.png in Resources */,
				8698D89521BF417600ADED35 /* pageTurnTouchDown.wav in Resources */,
				8698D89621BF417600ADED35 /* pageTurnTouchUp.wav in Resources */,
				2251122C22024EAF0087747F /* test.mp3 in Resources */,
				866EA6E321F413CF00B28BA6 /* turnPiano1.mp3 in Resources */,
				869027E321F5939E00C3EF0C /* performanceScene.png in Resources */,
				8698D89721BF417600ADED35 /* touchDown.wav in Resources */,
				86E9F49E21BF82F500EE12DF /* Mountain.png in Resources */,
				86CC12E121FB818C00B9164B /* about.png in Resources */,
				22C12BFA21F7B70D006D288F /* musicSymbol3.png in Resources */,
				867C542A21DF2FE7002E4255 /* melodyThumbnail.png in Resources */,
				866EA6E521F413CF00B28BA6 /* turnPiano6.mp3 in Resources */,
				8654706021EE70D400D1F068 /* tonic.png in Resources */,
				86ED756E21F0FF550066E2D8 /* arrangingBackground.png in Resources */,
				86E9F49A21BF82F500EE12DF /* ShowingCrowdSackOfMelodies.png in Resources */,
				86E9F4A021BF82F500EE12DF /* SackOfMelodies.png in Resources */,
				866EA6F321F4384D00B28BA6 /* 8thThumb.png in Resources */,
				863DADF421D408A000AFDD94 /* FishingPole.png in Resources */,
				86E9F4A121BF82F500EE12DF /* Town.png in Resources */,
				22C12BFD21F7B70D006D288F /* musicSymbol6.png in Resources */,
				86E9F4A721BF85AE00EE12DF /* Fishing.png in Resources */,
				866EA6E221F413CF00B28BA6 /* turnPiano3.mp3 in Resources */,
				8698D89821BF417600ADED35 /* touchUp.wav in Resources */,
				86BBBF3621BB08FD00CB17F2 /* LaunchScreen.storyboard in Resources */,
				866EA6E021F413CF00B28BA6 /* turnPiano8.mp3 in Resources */,
				22C12BF821F7B70D006D288F /* musicSymbol11.png in Resources */,
				22C12BF921F7B70D006D288F /* musicSymbol5.png in Resources */,
				866EA6DF21F413CF00B28BA6 /* turnPiano4.mp3 in Resources */,
				22C12C0221F7B70D006D288F /* musicSymbol1.png in Resources */,
				863DADF721D40D5400AFDD94 /* Note.png in Resources */,
				22C12C0021F7B70D006D288F /* musicSymbol0.png in Resources */,
				866EA6F121F42C7E00B28BA6 /* arrow.png in Resources */,
				22C12BFB21F7B70D006D288F /* musicSymbol2.png in Resources */,
				86697DE521C1B181009EC3BF /* steadyBrownNoise.wav in Resources */,
				86BBBF3321BB08FD00CB17F2 /* Assets.xcassets in Resources */,
				866EA6E721F413CF00B28BA6 /* turnPiano2.mp3 in Resources */,
				8654706721EE82CA00D1F068 /* doubleBar.png in Resources */,
			);
			runOnlyForDeploymentPostprocessing = 0;
		};
		86BBBF3A21BB08FD00CB17F2 /* Resources */ = {
			isa = PBXResourcesBuildPhase;
			buildActionMask = 2147483647;
			files = (
			);
			runOnlyForDeploymentPostprocessing = 0;
		};
		86BBBF4521BB08FE00CB17F2 /* Resources */ = {
			isa = PBXResourcesBuildPhase;
			buildActionMask = 2147483647;
			files = (
			);
			runOnlyForDeploymentPostprocessing = 0;
		};
/* End PBXResourcesBuildPhase section */

/* Begin PBXSourcesBuildPhase section */
		86BBBF2121BB08FD00CB17F2 /* Sources */ = {
			isa = PBXSourcesBuildPhase;
			buildActionMask = 2147483647;
			files = (
				86F8AB8221DD636300BED768 /* FishingPole.swift in Sources */,
				8654706321EE7F1300D1F068 /* MelodySlots.swift in Sources */,
				86CC12DF21FB7FD600B9164B /* AboutPage.swift in Sources */,
				869027EA21F59B9F00C3EF0C /* MiniPerformingNote.swift in Sources */,
				86603C5421FC477C00A7921E /* GlobalConstants.swift in Sources */,
				866EA6C321F406D100B28BA6 /* PageTurnPianoPling.swift in Sources */,
				8698D85921BF400000ADED35 /* Sound.swift in Sources */,
				22A666C121FFD8270038220E /* Button.swift in Sources */,
				86F1F6C521FC1A36001AD82D /* GlobalVariables.swift in Sources */,
				220B35F321FA6F4D00AA146D /* HomePage.swift in Sources */,
				86F1F6CB21FC3A5D001AD82D /* UIViewExtension.swift in Sources */,
				226A1A112202713F00E47009 /* SoundClips.swift in Sources */,
				86BBBF2B21BB08FD00CB17F2 /* ViewController.swift in Sources */,
				86ED757821F1263C0066E2D8 /* MelodyAudio.swift in Sources */,
				8665697321EFDBDF0086D432 /* transparentMelody.swift in Sources */,
				8665697B21F060900086D432 /* PlayButton.swift in Sources */,
				86603C5521FC477C00A7921E /* StructsAndEnums.swift in Sources */,
				869027E521F593B300C3EF0C /* PerformingScene.swift in Sources */,
				86BBBF5E21BB0A3A00CB17F2 /* GlobalFunctions.swift in Sources */,
				8698D85A21BF400000ADED35 /* Haptics.swift in Sources */,
				8698D85621BF149700ADED35 /* StoryLine.swift in Sources */,
				869EF00021DBE1E600A4BC06 /* CatchOrThrowbackImage.swift in Sources */,
				8654702821ED208A00D1F068 /* AutoLayoutExtension.swift in Sources */,
				86BBBF5B21BB0A1000CB17F2 /* PageView.swift in Sources */,
				869027E721F593DD00C3EF0C /* PerformingBackground.swift in Sources */,
				860AD9E721C309FD0052577B /* CatchingMelodies.swift in Sources */,
				86ED756A21F0F7030066E2D8 /* ArrangingBackground.swift in Sources */,
				866EA6ED21F42AAB00B28BA6 /* Arrow.swift in Sources */,
				86BBBF2921BB08FD00CB17F2 /* AppDelegate.swift in Sources */,
				867C542621DF1E7B002E4255 /* SackContents.swift in Sources */,
				2251122E22024F7E0087747F /* AudioFile.swift in Sources */,
				866EA6F521F438DC00B28BA6 /* MiniNote.swift in Sources */,
				8665697121EFD0860086D432 /* Melody.swift in Sources */,
				866EA65521F288CC00B28BA6 /* WholeNote.swift in Sources */,
				866EA64F21F282B900B28BA6 /* PageTurner.swift in Sources */,
				86F8AB7E21DD5AD400BED768 /* Label.swift in Sources */,
				86EC5B0221DACBCF00E115E0 /* MelodyImage.swift in Sources */,
				8654702B21ED209E00D1F068 /* ArrangingScene.swift in Sources */,
			);
			runOnlyForDeploymentPostprocessing = 0;
		};
		86BBBF3821BB08FD00CB17F2 /* Sources */ = {
			isa = PBXSourcesBuildPhase;
			buildActionMask = 2147483647;
			files = (
				86BBBF4121BB08FD00CB17F2 /* sStoriesTests.swift in Sources */,
			);
			runOnlyForDeploymentPostprocessing = 0;
		};
		86BBBF4321BB08FE00CB17F2 /* Sources */ = {
			isa = PBXSourcesBuildPhase;
			buildActionMask = 2147483647;
			files = (
				86BBBF4C21BB08FE00CB17F2 /* sStoriesUITests.swift in Sources */,
			);
			runOnlyForDeploymentPostprocessing = 0;
		};
/* End PBXSourcesBuildPhase section */

/* Begin PBXTargetDependency section */
		86BBBF3E21BB08FD00CB17F2 /* PBXTargetDependency */ = {
			isa = PBXTargetDependency;
			target = 86BBBF2421BB08FD00CB17F2 /* sStories */;
			targetProxy = 86BBBF3D21BB08FD00CB17F2 /* PBXContainerItemProxy */;
		};
		86BBBF4921BB08FE00CB17F2 /* PBXTargetDependency */ = {
			isa = PBXTargetDependency;
			target = 86BBBF2421BB08FD00CB17F2 /* sStories */;
			targetProxy = 86BBBF4821BB08FE00CB17F2 /* PBXContainerItemProxy */;
		};
/* End PBXTargetDependency section */

/* Begin PBXVariantGroup section */
		86BBBF3421BB08FD00CB17F2 /* LaunchScreen.storyboard */ = {
			isa = PBXVariantGroup;
			children = (
				86BBBF3521BB08FD00CB17F2 /* Base */,
			);
			name = LaunchScreen.storyboard;
			sourceTree = "<group>";
		};
/* End PBXVariantGroup section */

/* Begin XCBuildConfiguration section */
		86BBBF4E21BB08FE00CB17F2 /* Debug */ = {
			isa = XCBuildConfiguration;
			buildSettings = {
				ALWAYS_SEARCH_USER_PATHS = NO;
				CLANG_ANALYZER_NONNULL = YES;
				CLANG_ANALYZER_NUMBER_OBJECT_CONVERSION = YES_AGGRESSIVE;
				CLANG_CXX_LANGUAGE_STANDARD = "gnu++14";
				CLANG_CXX_LIBRARY = "libc++";
				CLANG_ENABLE_MODULES = YES;
				CLANG_ENABLE_OBJC_ARC = YES;
				CLANG_ENABLE_OBJC_WEAK = YES;
				CLANG_WARN_BLOCK_CAPTURE_AUTORELEASING = YES;
				CLANG_WARN_BOOL_CONVERSION = YES;
				CLANG_WARN_COMMA = YES;
				CLANG_WARN_CONSTANT_CONVERSION = YES;
				CLANG_WARN_DEPRECATED_OBJC_IMPLEMENTATIONS = YES;
				CLANG_WARN_DIRECT_OBJC_ISA_USAGE = YES_ERROR;
				CLANG_WARN_DOCUMENTATION_COMMENTS = YES;
				CLANG_WARN_EMPTY_BODY = YES;
				CLANG_WARN_ENUM_CONVERSION = YES;
				CLANG_WARN_INFINITE_RECURSION = YES;
				CLANG_WARN_INT_CONVERSION = YES;
				CLANG_WARN_NON_LITERAL_NULL_CONVERSION = YES;
				CLANG_WARN_OBJC_IMPLICIT_RETAIN_SELF = YES;
				CLANG_WARN_OBJC_LITERAL_CONVERSION = YES;
				CLANG_WARN_OBJC_ROOT_CLASS = YES_ERROR;
				CLANG_WARN_RANGE_LOOP_ANALYSIS = YES;
				CLANG_WARN_STRICT_PROTOTYPES = YES;
				CLANG_WARN_SUSPICIOUS_MOVE = YES;
				CLANG_WARN_UNGUARDED_AVAILABILITY = YES_AGGRESSIVE;
				CLANG_WARN_UNREACHABLE_CODE = YES;
				CLANG_WARN__DUPLICATE_METHOD_MATCH = YES;
				CODE_SIGN_IDENTITY = "iPhone Developer";
				COPY_PHASE_STRIP = NO;
				DEBUG_INFORMATION_FORMAT = dwarf;
				ENABLE_STRICT_OBJC_MSGSEND = YES;
				ENABLE_TESTABILITY = YES;
				GCC_C_LANGUAGE_STANDARD = gnu11;
				GCC_DYNAMIC_NO_PIC = NO;
				GCC_NO_COMMON_BLOCKS = YES;
				GCC_OPTIMIZATION_LEVEL = 0;
				GCC_PREPROCESSOR_DEFINITIONS = (
					"DEBUG=1",
					"$(inherited)",
				);
				GCC_WARN_64_TO_32_BIT_CONVERSION = YES;
				GCC_WARN_ABOUT_RETURN_TYPE = YES_ERROR;
				GCC_WARN_UNDECLARED_SELECTOR = YES;
				GCC_WARN_UNINITIALIZED_AUTOS = YES_AGGRESSIVE;
				GCC_WARN_UNUSED_FUNCTION = YES;
				GCC_WARN_UNUSED_VARIABLE = YES;
				IPHONEOS_DEPLOYMENT_TARGET = 12.1;
				MTL_ENABLE_DEBUG_INFO = INCLUDE_SOURCE;
				MTL_FAST_MATH = YES;
				ONLY_ACTIVE_ARCH = YES;
				SDKROOT = iphoneos;
				SWIFT_ACTIVE_COMPILATION_CONDITIONS = DEBUG;
				SWIFT_OPTIMIZATION_LEVEL = "-Onone";
			};
			name = Debug;
		};
		86BBBF4F21BB08FE00CB17F2 /* Release */ = {
			isa = XCBuildConfiguration;
			buildSettings = {
				ALWAYS_SEARCH_USER_PATHS = NO;
				CLANG_ANALYZER_NONNULL = YES;
				CLANG_ANALYZER_NUMBER_OBJECT_CONVERSION = YES_AGGRESSIVE;
				CLANG_CXX_LANGUAGE_STANDARD = "gnu++14";
				CLANG_CXX_LIBRARY = "libc++";
				CLANG_ENABLE_MODULES = YES;
				CLANG_ENABLE_OBJC_ARC = YES;
				CLANG_ENABLE_OBJC_WEAK = YES;
				CLANG_WARN_BLOCK_CAPTURE_AUTORELEASING = YES;
				CLANG_WARN_BOOL_CONVERSION = YES;
				CLANG_WARN_COMMA = YES;
				CLANG_WARN_CONSTANT_CONVERSION = YES;
				CLANG_WARN_DEPRECATED_OBJC_IMPLEMENTATIONS = YES;
				CLANG_WARN_DIRECT_OBJC_ISA_USAGE = YES_ERROR;
				CLANG_WARN_DOCUMENTATION_COMMENTS = YES;
				CLANG_WARN_EMPTY_BODY = YES;
				CLANG_WARN_ENUM_CONVERSION = YES;
				CLANG_WARN_INFINITE_RECURSION = YES;
				CLANG_WARN_INT_CONVERSION = YES;
				CLANG_WARN_NON_LITERAL_NULL_CONVERSION = YES;
				CLANG_WARN_OBJC_IMPLICIT_RETAIN_SELF = YES;
				CLANG_WARN_OBJC_LITERAL_CONVERSION = YES;
				CLANG_WARN_OBJC_ROOT_CLASS = YES_ERROR;
				CLANG_WARN_RANGE_LOOP_ANALYSIS = YES;
				CLANG_WARN_STRICT_PROTOTYPES = YES;
				CLANG_WARN_SUSPICIOUS_MOVE = YES;
				CLANG_WARN_UNGUARDED_AVAILABILITY = YES_AGGRESSIVE;
				CLANG_WARN_UNREACHABLE_CODE = YES;
				CLANG_WARN__DUPLICATE_METHOD_MATCH = YES;
				CODE_SIGN_IDENTITY = "iPhone Developer";
				COPY_PHASE_STRIP = NO;
				DEBUG_INFORMATION_FORMAT = "dwarf-with-dsym";
				ENABLE_NS_ASSERTIONS = NO;
				ENABLE_STRICT_OBJC_MSGSEND = YES;
				GCC_C_LANGUAGE_STANDARD = gnu11;
				GCC_NO_COMMON_BLOCKS = YES;
				GCC_WARN_64_TO_32_BIT_CONVERSION = YES;
				GCC_WARN_ABOUT_RETURN_TYPE = YES_ERROR;
				GCC_WARN_UNDECLARED_SELECTOR = YES;
				GCC_WARN_UNINITIALIZED_AUTOS = YES_AGGRESSIVE;
				GCC_WARN_UNUSED_FUNCTION = YES;
				GCC_WARN_UNUSED_VARIABLE = YES;
				IPHONEOS_DEPLOYMENT_TARGET = 12.1;
				MTL_ENABLE_DEBUG_INFO = NO;
				MTL_FAST_MATH = YES;
				SDKROOT = iphoneos;
				SWIFT_COMPILATION_MODE = wholemodule;
				SWIFT_OPTIMIZATION_LEVEL = "-O";
				VALIDATE_PRODUCT = YES;
			};
			name = Release;
		};
		86BBBF5121BB08FE00CB17F2 /* Debug */ = {
			isa = XCBuildConfiguration;
			buildSettings = {
				ASSETCATALOG_COMPILER_APPICON_NAME = AppIcon;
				CODE_SIGN_STYLE = Automatic;
				DEVELOPMENT_TEAM = 3NSLQNHB3C;
				FRAMEWORK_SEARCH_PATHS = (
					"$(inherited)",
					"$(PROJECT_DIR)",
				);
				INFOPLIST_FILE = sStories/Info.plist;
				LD_RUNPATH_SEARCH_PATHS = (
					"$(inherited)",
					"@executable_path/Frameworks",
				);
				PRODUCT_BUNDLE_IDENTIFIER = com.nathandrichard.sStories;
				PRODUCT_NAME = "$(TARGET_NAME)";
				SWIFT_VERSION = 4.2;
				TARGETED_DEVICE_FAMILY = "1,2";
			};
			name = Debug;
		};
		86BBBF5221BB08FE00CB17F2 /* Release */ = {
			isa = XCBuildConfiguration;
			buildSettings = {
				ASSETCATALOG_COMPILER_APPICON_NAME = AppIcon;
				CODE_SIGN_STYLE = Automatic;
				DEVELOPMENT_TEAM = 3NSLQNHB3C;
				FRAMEWORK_SEARCH_PATHS = (
					"$(inherited)",
					"$(PROJECT_DIR)",
				);
				INFOPLIST_FILE = sStories/Info.plist;
				LD_RUNPATH_SEARCH_PATHS = (
					"$(inherited)",
					"@executable_path/Frameworks",
				);
				PRODUCT_BUNDLE_IDENTIFIER = com.nathandrichard.sStories;
				PRODUCT_NAME = "$(TARGET_NAME)";
				SWIFT_VERSION = 4.2;
				TARGETED_DEVICE_FAMILY = "1,2";
			};
			name = Release;
		};
		86BBBF5421BB08FE00CB17F2 /* Debug */ = {
			isa = XCBuildConfiguration;
			buildSettings = {
				ALWAYS_EMBED_SWIFT_STANDARD_LIBRARIES = YES;
				BUNDLE_LOADER = "$(TEST_HOST)";
				CODE_SIGN_STYLE = Automatic;
				DEVELOPMENT_TEAM = 3NSLQNHB3C;
				INFOPLIST_FILE = sStoriesTests/Info.plist;
				LD_RUNPATH_SEARCH_PATHS = (
					"$(inherited)",
					"@executable_path/Frameworks",
					"@loader_path/Frameworks",
				);
				PRODUCT_BUNDLE_IDENTIFIER = com.nathandrichard.sStoriesTests;
				PRODUCT_NAME = "$(TARGET_NAME)";
				SWIFT_VERSION = 4.2;
				TARGETED_DEVICE_FAMILY = "1,2";
				TEST_HOST = "$(BUILT_PRODUCTS_DIR)/sStories.app/sStories";
			};
			name = Debug;
		};
		86BBBF5521BB08FE00CB17F2 /* Release */ = {
			isa = XCBuildConfiguration;
			buildSettings = {
				ALWAYS_EMBED_SWIFT_STANDARD_LIBRARIES = YES;
				BUNDLE_LOADER = "$(TEST_HOST)";
				CODE_SIGN_STYLE = Automatic;
				DEVELOPMENT_TEAM = 3NSLQNHB3C;
				INFOPLIST_FILE = sStoriesTests/Info.plist;
				LD_RUNPATH_SEARCH_PATHS = (
					"$(inherited)",
					"@executable_path/Frameworks",
					"@loader_path/Frameworks",
				);
				PRODUCT_BUNDLE_IDENTIFIER = com.nathandrichard.sStoriesTests;
				PRODUCT_NAME = "$(TARGET_NAME)";
				SWIFT_VERSION = 4.2;
				TARGETED_DEVICE_FAMILY = "1,2";
				TEST_HOST = "$(BUILT_PRODUCTS_DIR)/sStories.app/sStories";
			};
			name = Release;
		};
		86BBBF5721BB08FE00CB17F2 /* Debug */ = {
			isa = XCBuildConfiguration;
			buildSettings = {
				ALWAYS_EMBED_SWIFT_STANDARD_LIBRARIES = YES;
				CODE_SIGN_STYLE = Automatic;
				DEVELOPMENT_TEAM = 3NSLQNHB3C;
				INFOPLIST_FILE = sStoriesUITests/Info.plist;
				LD_RUNPATH_SEARCH_PATHS = (
					"$(inherited)",
					"@executable_path/Frameworks",
					"@loader_path/Frameworks",
				);
				PRODUCT_BUNDLE_IDENTIFIER = com.nathandrichard.sStoriesUITests;
				PRODUCT_NAME = "$(TARGET_NAME)";
				SWIFT_VERSION = 4.2;
				TARGETED_DEVICE_FAMILY = "1,2";
				TEST_TARGET_NAME = sStories;
			};
			name = Debug;
		};
		86BBBF5821BB08FE00CB17F2 /* Release */ = {
			isa = XCBuildConfiguration;
			buildSettings = {
				ALWAYS_EMBED_SWIFT_STANDARD_LIBRARIES = YES;
				CODE_SIGN_STYLE = Automatic;
				DEVELOPMENT_TEAM = 3NSLQNHB3C;
				INFOPLIST_FILE = sStoriesUITests/Info.plist;
				LD_RUNPATH_SEARCH_PATHS = (
					"$(inherited)",
					"@executable_path/Frameworks",
					"@loader_path/Frameworks",
				);
				PRODUCT_BUNDLE_IDENTIFIER = com.nathandrichard.sStoriesUITests;
				PRODUCT_NAME = "$(TARGET_NAME)";
				SWIFT_VERSION = 4.2;
				TARGETED_DEVICE_FAMILY = "1,2";
				TEST_TARGET_NAME = sStories;
			};
			name = Release;
		};
/* End XCBuildConfiguration section */

/* Begin XCConfigurationList section */
		86BBBF2021BB08FD00CB17F2 /* Build configuration list for PBXProject "sStories" */ = {
			isa = XCConfigurationList;
			buildConfigurations = (
				86BBBF4E21BB08FE00CB17F2 /* Debug */,
				86BBBF4F21BB08FE00CB17F2 /* Release */,
			);
			defaultConfigurationIsVisible = 0;
			defaultConfigurationName = Release;
		};
		86BBBF5021BB08FE00CB17F2 /* Build configuration list for PBXNativeTarget "sStories" */ = {
			isa = XCConfigurationList;
			buildConfigurations = (
				86BBBF5121BB08FE00CB17F2 /* Debug */,
				86BBBF5221BB08FE00CB17F2 /* Release */,
			);
			defaultConfigurationIsVisible = 0;
			defaultConfigurationName = Release;
		};
		86BBBF5321BB08FE00CB17F2 /* Build configuration list for PBXNativeTarget "sStoriesTests" */ = {
			isa = XCConfigurationList;
			buildConfigurations = (
				86BBBF5421BB08FE00CB17F2 /* Debug */,
				86BBBF5521BB08FE00CB17F2 /* Release */,
			);
			defaultConfigurationIsVisible = 0;
			defaultConfigurationName = Release;
		};
		86BBBF5621BB08FE00CB17F2 /* Build configuration list for PBXNativeTarget "sStoriesUITests" */ = {
			isa = XCConfigurationList;
			buildConfigurations = (
				86BBBF5721BB08FE00CB17F2 /* Debug */,
				86BBBF5821BB08FE00CB17F2 /* Release */,
			);
			defaultConfigurationIsVisible = 0;
			defaultConfigurationName = Release;
		};
/* End XCConfigurationList section */
	};
	rootObject = 86BBBF1D21BB08FD00CB17F2 /* Project object */;
}
