// !$*UTF8*$!
{
	archiveVersion = 1;
	classes = {
	};
	objectVersion = 50;
	objects = {

/* Begin PBXBuildFile section */
		860AD9E721C309FD0052577B /* CatchingMelodies.swift in Sources */ = {isa = PBXBuildFile; fileRef = 860AD9E621C309FD0052577B /* CatchingMelodies.swift */; };
		861C788F21DC257E009D9612 /* sack.png in Resources */ = {isa = PBXBuildFile; fileRef = 861C788E21DC257E009D9612 /* sack.png */; };
		863DADF421D408A000AFDD94 /* FishingPole.png in Resources */ = {isa = PBXBuildFile; fileRef = 863DADF321D408A000AFDD94 /* FishingPole.png */; };
		863DADF721D40D5400AFDD94 /* Note.png in Resources */ = {isa = PBXBuildFile; fileRef = 863DADF521D40D5400AFDD94 /* Note.png */; };
		863DADF821D40D5400AFDD94 /* PlayButton.png in Resources */ = {isa = PBXBuildFile; fileRef = 863DADF621D40D5400AFDD94 /* PlayButton.png */; };
		8654702821ED208A00D1F068 /* AutoLayoutExtension.swift in Sources */ = {isa = PBXBuildFile; fileRef = 8654702721ED208A00D1F068 /* AutoLayoutExtension.swift */; };
		8654702B21ED209E00D1F068 /* ArrangingScene.swift in Sources */ = {isa = PBXBuildFile; fileRef = 8654702921ED209E00D1F068 /* ArrangingScene.swift */; };
		8654702C21ED209E00D1F068 /* BlankStaff.swift in Sources */ = {isa = PBXBuildFile; fileRef = 8654702A21ED209E00D1F068 /* BlankStaff.swift */; };
		8654705C21EE70D400D1F068 /* dominant.png in Resources */ = {isa = PBXBuildFile; fileRef = 8654705621EE70D300D1F068 /* dominant.png */; };
		8654705D21EE70D400D1F068 /* middle.png in Resources */ = {isa = PBXBuildFile; fileRef = 8654705721EE70D300D1F068 /* middle.png */; };
		8654705E21EE70D400D1F068 /* ending.png in Resources */ = {isa = PBXBuildFile; fileRef = 8654705821EE70D400D1F068 /* ending.png */; };
		8654705F21EE70D400D1F068 /* begin.png in Resources */ = {isa = PBXBuildFile; fileRef = 8654705921EE70D400D1F068 /* begin.png */; };
		8654706021EE70D400D1F068 /* tonic.png in Resources */ = {isa = PBXBuildFile; fileRef = 8654705A21EE70D400D1F068 /* tonic.png */; };
		8654706121EE70D400D1F068 /* final.png in Resources */ = {isa = PBXBuildFile; fileRef = 8654705B21EE70D400D1F068 /* final.png */; };
		8654706321EE7F1300D1F068 /* MelodySlots.swift in Sources */ = {isa = PBXBuildFile; fileRef = 8654706221EE7F1300D1F068 /* MelodySlots.swift */; };
		8654706521EE824300D1F068 /* trebleClef.png in Resources */ = {isa = PBXBuildFile; fileRef = 8654706421EE824200D1F068 /* trebleClef.png */; };
		8654706721EE82CA00D1F068 /* doubleBar.png in Resources */ = {isa = PBXBuildFile; fileRef = 8654706621EE82CA00D1F068 /* doubleBar.png */; };
		8654706921EE830700D1F068 /* SackToArrange.swift in Sources */ = {isa = PBXBuildFile; fileRef = 8654706821EE830700D1F068 /* SackToArrange.swift */; };
		8654706B21EE847000D1F068 /* MusicSymbol.swift in Sources */ = {isa = PBXBuildFile; fileRef = 8654706A21EE847000D1F068 /* MusicSymbol.swift */; };
		86621B2521CD776A0069157B /* waterDrop.png in Resources */ = {isa = PBXBuildFile; fileRef = 86621B2421CD776A0069157B /* waterDrop.png */; };
		8665697121EFD0860086D432 /* Melody.swift in Sources */ = {isa = PBXBuildFile; fileRef = 8665697021EFD0860086D432 /* Melody.swift */; };
		8665697321EFDBDF0086D432 /* MelodyThumbnail.swift in Sources */ = {isa = PBXBuildFile; fileRef = 8665697221EFDBDF0086D432 /* MelodyThumbnail.swift */; };
		86697DE321C1AF97009EC3BF /* windSound.wav in Resources */ = {isa = PBXBuildFile; fileRef = 86697DE221C1AF97009EC3BF /* windSound.wav */; };
		86697DE521C1B181009EC3BF /* steadyBrownNoise.wav in Resources */ = {isa = PBXBuildFile; fileRef = 86697DE421C1B181009EC3BF /* steadyBrownNoise.wav */; };
		866C623821D2E1C1001FE47D /* Pond.png in Resources */ = {isa = PBXBuildFile; fileRef = 866C623721D2E1C1001FE47D /* Pond.png */; };
		8679A37821E1B25500E12539 /* noodlePiano2 in Resources */ = {isa = PBXBuildFile; fileRef = 8679A37721E1B25500E12539 /* noodlePiano2 */; };
		8679A37C21E1C12200E12539 /* testWV.wv in Resources */ = {isa = PBXBuildFile; fileRef = 8679A37B21E1BDEE00E12539 /* testWV.wv */; };
		8679A37E21E1C74800E12539 /* noodlePiano in Resources */ = {isa = PBXBuildFile; fileRef = 8679A37D21E1C74800E12539 /* noodlePiano */; };
		8679A3B821E1CE6F00E12539 /* melody18.png in Resources */ = {isa = PBXBuildFile; fileRef = 8679A38121E1CE6500E12539 /* melody18.png */; };
		8679A3B921E1CE6F00E12539 /* melody48.png in Resources */ = {isa = PBXBuildFile; fileRef = 8679A38221E1CE6500E12539 /* melody48.png */; };
		8679A3BA21E1CE6F00E12539 /* melody40.png in Resources */ = {isa = PBXBuildFile; fileRef = 8679A38321E1CE6500E12539 /* melody40.png */; };
		8679A3BB21E1CE6F00E12539 /* melody50.png in Resources */ = {isa = PBXBuildFile; fileRef = 8679A38421E1CE6500E12539 /* melody50.png */; };
		8679A3BC21E1CE6F00E12539 /* melody7.png in Resources */ = {isa = PBXBuildFile; fileRef = 8679A38521E1CE6500E12539 /* melody7.png */; };
		8679A3BD21E1CE6F00E12539 /* melody47.png in Resources */ = {isa = PBXBuildFile; fileRef = 8679A38621E1CE6600E12539 /* melody47.png */; };
		8679A3BE21E1CE6F00E12539 /* melody22.png in Resources */ = {isa = PBXBuildFile; fileRef = 8679A38721E1CE6600E12539 /* melody22.png */; };
		8679A3BF21E1CE6F00E12539 /* melody32.png in Resources */ = {isa = PBXBuildFile; fileRef = 8679A38821E1CE6600E12539 /* melody32.png */; };
		8679A3C021E1CE6F00E12539 /* melody24.png in Resources */ = {isa = PBXBuildFile; fileRef = 8679A38921E1CE6600E12539 /* melody24.png */; };
		8679A3C121E1CE6F00E12539 /* melody31.png in Resources */ = {isa = PBXBuildFile; fileRef = 8679A38A21E1CE6600E12539 /* melody31.png */; };
		8679A3C221E1CE6F00E12539 /* melody4.png in Resources */ = {isa = PBXBuildFile; fileRef = 8679A38B21E1CE6600E12539 /* melody4.png */; };
		8679A3C321E1CE6F00E12539 /* melody19.png in Resources */ = {isa = PBXBuildFile; fileRef = 8679A38C21E1CE6600E12539 /* melody19.png */; };
		8679A3C421E1CE6F00E12539 /* melody8.png in Resources */ = {isa = PBXBuildFile; fileRef = 8679A38D21E1CE6600E12539 /* melody8.png */; };
		8679A3C521E1CE6F00E12539 /* melody49.png in Resources */ = {isa = PBXBuildFile; fileRef = 8679A38E21E1CE6600E12539 /* melody49.png */; };
		8679A3C621E1CE6F00E12539 /* melody43.png in Resources */ = {isa = PBXBuildFile; fileRef = 8679A38F21E1CE6700E12539 /* melody43.png */; };
		8679A3C721E1CE6F00E12539 /* melody27.png in Resources */ = {isa = PBXBuildFile; fileRef = 8679A39021E1CE6700E12539 /* melody27.png */; };
		8679A3C821E1CE6F00E12539 /* melody1.png in Resources */ = {isa = PBXBuildFile; fileRef = 8679A39121E1CE6700E12539 /* melody1.png */; };
		8679A3C921E1CE6F00E12539 /* melody35.png in Resources */ = {isa = PBXBuildFile; fileRef = 8679A39221E1CE6700E12539 /* melody35.png */; };
		8679A3CA21E1CE6F00E12539 /* melody2.png in Resources */ = {isa = PBXBuildFile; fileRef = 8679A39321E1CE6700E12539 /* melody2.png */; };
		8679A3CB21E1CE6F00E12539 /* melody16.png in Resources */ = {isa = PBXBuildFile; fileRef = 8679A39421E1CE6700E12539 /* melody16.png */; };
		8679A3CC21E1CE6F00E12539 /* melody44.png in Resources */ = {isa = PBXBuildFile; fileRef = 8679A39521E1CE6700E12539 /* melody44.png */; };
		8679A3CD21E1CE6F00E12539 /* melody52.png in Resources */ = {isa = PBXBuildFile; fileRef = 8679A39621E1CE6800E12539 /* melody52.png */; };
		8679A3CE21E1CE6F00E12539 /* melody39.png in Resources */ = {isa = PBXBuildFile; fileRef = 8679A39721E1CE6800E12539 /* melody39.png */; };
		8679A3CF21E1CE6F00E12539 /* melody9.png in Resources */ = {isa = PBXBuildFile; fileRef = 8679A39821E1CE6800E12539 /* melody9.png */; };
		8679A3D021E1CE6F00E12539 /* melody5.png in Resources */ = {isa = PBXBuildFile; fileRef = 8679A39921E1CE6800E12539 /* melody5.png */; };
		8679A3D121E1CE6F00E12539 /* melody41.png in Resources */ = {isa = PBXBuildFile; fileRef = 8679A39A21E1CE6800E12539 /* melody41.png */; };
		8679A3D221E1CE6F00E12539 /* melody13.png in Resources */ = {isa = PBXBuildFile; fileRef = 8679A39B21E1CE6800E12539 /* melody13.png */; };
		8679A3D321E1CE6F00E12539 /* melody30.png in Resources */ = {isa = PBXBuildFile; fileRef = 8679A39C21E1CE6900E12539 /* melody30.png */; };
		8679A3D421E1CE6F00E12539 /* melody26.png in Resources */ = {isa = PBXBuildFile; fileRef = 8679A39D21E1CE6900E12539 /* melody26.png */; };
		8679A3D521E1CE6F00E12539 /* melody14.png in Resources */ = {isa = PBXBuildFile; fileRef = 8679A39E21E1CE6900E12539 /* melody14.png */; };
		8679A3D621E1CE6F00E12539 /* melody37.png in Resources */ = {isa = PBXBuildFile; fileRef = 8679A39F21E1CE6900E12539 /* melody37.png */; };
		8679A3D721E1CE6F00E12539 /* melody54.png in Resources */ = {isa = PBXBuildFile; fileRef = 8679A3A021E1CE6A00E12539 /* melody54.png */; };
		8679A3D821E1CE6F00E12539 /* melody33.png in Resources */ = {isa = PBXBuildFile; fileRef = 8679A3A121E1CE6A00E12539 /* melody33.png */; };
		8679A3D921E1CE6F00E12539 /* melody25.png in Resources */ = {isa = PBXBuildFile; fileRef = 8679A3A221E1CE6A00E12539 /* melody25.png */; };
		8679A3DA21E1CE6F00E12539 /* melody53.png in Resources */ = {isa = PBXBuildFile; fileRef = 8679A3A321E1CE6A00E12539 /* melody53.png */; };
		8679A3DB21E1CE6F00E12539 /* melody3.png in Resources */ = {isa = PBXBuildFile; fileRef = 8679A3A421E1CE6A00E12539 /* melody3.png */; };
		8679A3DC21E1CE6F00E12539 /* melody11.png in Resources */ = {isa = PBXBuildFile; fileRef = 8679A3A521E1CE6A00E12539 /* melody11.png */; };
		8679A3DD21E1CE6F00E12539 /* melody42.png in Resources */ = {isa = PBXBuildFile; fileRef = 8679A3A621E1CE6B00E12539 /* melody42.png */; };
		8679A3DE21E1CE6F00E12539 /* melody15.png in Resources */ = {isa = PBXBuildFile; fileRef = 8679A3A721E1CE6B00E12539 /* melody15.png */; };
		8679A3DF21E1CE6F00E12539 /* melody10.png in Resources */ = {isa = PBXBuildFile; fileRef = 8679A3A821E1CE6B00E12539 /* melody10.png */; };
		8679A3E021E1CE6F00E12539 /* melody23.png in Resources */ = {isa = PBXBuildFile; fileRef = 8679A3A921E1CE6C00E12539 /* melody23.png */; };
		8679A3E121E1CE6F00E12539 /* melody51.png in Resources */ = {isa = PBXBuildFile; fileRef = 8679A3AA21E1CE6C00E12539 /* melody51.png */; };
		8679A3E221E1CE6F00E12539 /* melody34.png in Resources */ = {isa = PBXBuildFile; fileRef = 8679A3AB21E1CE6C00E12539 /* melody34.png */; };
		8679A3E321E1CE6F00E12539 /* melody29.png in Resources */ = {isa = PBXBuildFile; fileRef = 8679A3AC21E1CE6D00E12539 /* melody29.png */; };
		8679A3E421E1CE6F00E12539 /* melody28.png in Resources */ = {isa = PBXBuildFile; fileRef = 8679A3AD21E1CE6D00E12539 /* melody28.png */; };
		8679A3E521E1CE6F00E12539 /* melody46.png in Resources */ = {isa = PBXBuildFile; fileRef = 8679A3AE21E1CE6D00E12539 /* melody46.png */; };
		8679A3E621E1CE6F00E12539 /* melody17.png in Resources */ = {isa = PBXBuildFile; fileRef = 8679A3AF21E1CE6D00E12539 /* melody17.png */; };
		8679A3E721E1CE6F00E12539 /* melody6.png in Resources */ = {isa = PBXBuildFile; fileRef = 8679A3B021E1CE6D00E12539 /* melody6.png */; };
		8679A3E821E1CE6F00E12539 /* melody36.png in Resources */ = {isa = PBXBuildFile; fileRef = 8679A3B121E1CE6D00E12539 /* melody36.png */; };
		8679A3E921E1CE6F00E12539 /* melody38.png in Resources */ = {isa = PBXBuildFile; fileRef = 8679A3B221E1CE6E00E12539 /* melody38.png */; };
		8679A3EA21E1CE6F00E12539 /* melody0.png in Resources */ = {isa = PBXBuildFile; fileRef = 8679A3B321E1CE6E00E12539 /* melody0.png */; };
		8679A3EB21E1CE6F00E12539 /* melody12.png in Resources */ = {isa = PBXBuildFile; fileRef = 8679A3B421E1CE6E00E12539 /* melody12.png */; };
		8679A3EC21E1CE6F00E12539 /* melody20.png in Resources */ = {isa = PBXBuildFile; fileRef = 8679A3B521E1CE6E00E12539 /* melody20.png */; };
		8679A3ED21E1CE6F00E12539 /* melody45.png in Resources */ = {isa = PBXBuildFile; fileRef = 8679A3B621E1CE6E00E12539 /* melody45.png */; };
		8679A3EE21E1CE6F00E12539 /* melody21.png in Resources */ = {isa = PBXBuildFile; fileRef = 8679A3B721E1CE6E00E12539 /* melody21.png */; };
		867C542621DF1E7B002E4255 /* SackContents.swift in Sources */ = {isa = PBXBuildFile; fileRef = 867C542521DF1E7B002E4255 /* SackContents.swift */; };
		867C542A21DF2FE7002E4255 /* melodyThumbnail.png in Resources */ = {isa = PBXBuildFile; fileRef = 867C542921DF2FE7002E4255 /* melodyThumbnail.png */; };
		8698D85621BF149700ADED35 /* StoryLine.swift in Sources */ = {isa = PBXBuildFile; fileRef = 8698D85521BF149700ADED35 /* StoryLine.swift */; };
		8698D85921BF400000ADED35 /* Sound.swift in Sources */ = {isa = PBXBuildFile; fileRef = 8698D85721BF400000ADED35 /* Sound.swift */; };
		8698D85A21BF400000ADED35 /* Haptics.swift in Sources */ = {isa = PBXBuildFile; fileRef = 8698D85821BF400000ADED35 /* Haptics.swift */; };
		8698D87621BF404C00ADED35 /* libc++.tbd in Frameworks */ = {isa = PBXBuildFile; fileRef = 8698D87521BF404C00ADED35 /* libc++.tbd */; };
		8698D89321BF417600ADED35 /* backgroundPlaceholder.wav in Resources */ = {isa = PBXBuildFile; fileRef = 8698D88D21BF416600ADED35 /* backgroundPlaceholder.wav */; };
		8698D89421BF417600ADED35 /* marimbaC.wav in Resources */ = {isa = PBXBuildFile; fileRef = 8698D88E21BF416600ADED35 /* marimbaC.wav */; };
		8698D89521BF417600ADED35 /* pageTurnTouchDown.wav in Resources */ = {isa = PBXBuildFile; fileRef = 8698D89021BF416600ADED35 /* pageTurnTouchDown.wav */; };
		8698D89621BF417600ADED35 /* pageTurnTouchUp.wav in Resources */ = {isa = PBXBuildFile; fileRef = 8698D88F21BF416600ADED35 /* pageTurnTouchUp.wav */; };
		8698D89721BF417600ADED35 /* touchDown.wav in Resources */ = {isa = PBXBuildFile; fileRef = 8698D89121BF416700ADED35 /* touchDown.wav */; };
		8698D89821BF417600ADED35 /* touchUp.wav in Resources */ = {isa = PBXBuildFile; fileRef = 8698D89221BF416700ADED35 /* touchUp.wav */; };
		869EEFFE21DBE06B00A4BC06 /* throwbackWater.png in Resources */ = {isa = PBXBuildFile; fileRef = 869EEFFD21DBE06B00A4BC06 /* throwbackWater.png */; };
		869EF00021DBE1E600A4BC06 /* CatchOrThrowbackImage.swift in Sources */ = {isa = PBXBuildFile; fileRef = 869EEFFF21DBE1E600A4BC06 /* CatchOrThrowbackImage.swift */; };
		86BBBF2921BB08FD00CB17F2 /* AppDelegate.swift in Sources */ = {isa = PBXBuildFile; fileRef = 86BBBF2821BB08FD00CB17F2 /* AppDelegate.swift */; };
		86BBBF2B21BB08FD00CB17F2 /* ViewController.swift in Sources */ = {isa = PBXBuildFile; fileRef = 86BBBF2A21BB08FD00CB17F2 /* ViewController.swift */; };
		86BBBF3321BB08FD00CB17F2 /* Assets.xcassets in Resources */ = {isa = PBXBuildFile; fileRef = 86BBBF3221BB08FD00CB17F2 /* Assets.xcassets */; };
		86BBBF3621BB08FD00CB17F2 /* LaunchScreen.storyboard in Resources */ = {isa = PBXBuildFile; fileRef = 86BBBF3421BB08FD00CB17F2 /* LaunchScreen.storyboard */; };
		86BBBF4121BB08FD00CB17F2 /* sStoriesTests.swift in Sources */ = {isa = PBXBuildFile; fileRef = 86BBBF4021BB08FD00CB17F2 /* sStoriesTests.swift */; };
		86BBBF4C21BB08FE00CB17F2 /* sStoriesUITests.swift in Sources */ = {isa = PBXBuildFile; fileRef = 86BBBF4B21BB08FE00CB17F2 /* sStoriesUITests.swift */; };
		86BBBF5B21BB0A1000CB17F2 /* PageView.swift in Sources */ = {isa = PBXBuildFile; fileRef = 86BBBF5921BB0A1000CB17F2 /* PageView.swift */; };
		86BBBF5E21BB0A3A00CB17F2 /* GlobalFunctions.swift in Sources */ = {isa = PBXBuildFile; fileRef = 86BBBF5D21BB0A3A00CB17F2 /* GlobalFunctions.swift */; };
		86E9F49A21BF82F500EE12DF /* ShowingCrowdSackOfMelodies.png in Resources */ = {isa = PBXBuildFile; fileRef = 86E9F49221BF82F400EE12DF /* ShowingCrowdSackOfMelodies.png */; };
		86E9F49B21BF82F500EE12DF /* Performance.png in Resources */ = {isa = PBXBuildFile; fileRef = 86E9F49321BF82F400EE12DF /* Performance.png */; };
		86E9F49E21BF82F500EE12DF /* Mountain.png in Resources */ = {isa = PBXBuildFile; fileRef = 86E9F49621BF82F400EE12DF /* Mountain.png */; };
		86E9F49F21BF82F500EE12DF /* TalkingToCrowdAboutFishing.png in Resources */ = {isa = PBXBuildFile; fileRef = 86E9F49721BF82F500EE12DF /* TalkingToCrowdAboutFishing.png */; };
		86E9F4A021BF82F500EE12DF /* SackOfMelodies.png in Resources */ = {isa = PBXBuildFile; fileRef = 86E9F49821BF82F500EE12DF /* SackOfMelodies.png */; };
		86E9F4A121BF82F500EE12DF /* Town.png in Resources */ = {isa = PBXBuildFile; fileRef = 86E9F49921BF82F500EE12DF /* Town.png */; };
		86E9F4A721BF85AE00EE12DF /* Fishing.png in Resources */ = {isa = PBXBuildFile; fileRef = 86E9F4A621BF85AE00EE12DF /* Fishing.png */; };
		86EC5B0221DACBCF00E115E0 /* MelodyImage.swift in Sources */ = {isa = PBXBuildFile; fileRef = 86EC5B0121DACBCF00E115E0 /* MelodyImage.swift */; };
		86F8AB7E21DD5AD400BED768 /* Label.swift in Sources */ = {isa = PBXBuildFile; fileRef = 86F8AB7D21DD5AD400BED768 /* Label.swift */; };
		86F8AB8221DD636300BED768 /* FishingPole.swift in Sources */ = {isa = PBXBuildFile; fileRef = 86F8AB8121DD636300BED768 /* FishingPole.swift */; };
		86F8AB8721DDECA200BED768 /* GlobalConstants.swift in Sources */ = {isa = PBXBuildFile; fileRef = 86F8AB8621DDECA200BED768 /* GlobalConstants.swift */; };
/* End PBXBuildFile section */

/* Begin PBXContainerItemProxy section */
		86BBBF3D21BB08FD00CB17F2 /* PBXContainerItemProxy */ = {
			isa = PBXContainerItemProxy;
			containerPortal = 86BBBF1D21BB08FD00CB17F2 /* Project object */;
			proxyType = 1;
			remoteGlobalIDString = 86BBBF2421BB08FD00CB17F2;
			remoteInfo = sStories;
		};
		86BBBF4821BB08FE00CB17F2 /* PBXContainerItemProxy */ = {
			isa = PBXContainerItemProxy;
			containerPortal = 86BBBF1D21BB08FD00CB17F2 /* Project object */;
			proxyType = 1;
			remoteGlobalIDString = 86BBBF2421BB08FD00CB17F2;
			remoteInfo = sStories;
		};
/* End PBXContainerItemProxy section */

/* Begin PBXCopyFilesBuildPhase section */
		860AD9F221C315700052577B /* Embed Frameworks */ = {
			isa = PBXCopyFilesBuildPhase;
			buildActionMask = 2147483647;
			dstPath = "";
			dstSubfolderSpec = 10;
			files = (
			);
			name = "Embed Frameworks";
			runOnlyForDeploymentPostprocessing = 0;
		};
/* End PBXCopyFilesBuildPhase section */

/* Begin PBXFileReference section */
		860AD9E621C309FD0052577B /* CatchingMelodies.swift */ = {isa = PBXFileReference; lastKnownFileType = sourcecode.swift; path = CatchingMelodies.swift; sourceTree = "<group>"; };
		861C788E21DC257E009D9612 /* sack.png */ = {isa = PBXFileReference; lastKnownFileType = image.png; path = sack.png; sourceTree = "<group>"; };
		863DADF321D408A000AFDD94 /* FishingPole.png */ = {isa = PBXFileReference; lastKnownFileType = image.png; path = FishingPole.png; sourceTree = "<group>"; };
		863DADF521D40D5400AFDD94 /* Note.png */ = {isa = PBXFileReference; lastKnownFileType = image.png; path = Note.png; sourceTree = "<group>"; };
		863DADF621D40D5400AFDD94 /* PlayButton.png */ = {isa = PBXFileReference; lastKnownFileType = image.png; path = PlayButton.png; sourceTree = "<group>"; };
		8654702721ED208A00D1F068 /* AutoLayoutExtension.swift */ = {isa = PBXFileReference; fileEncoding = 4; lastKnownFileType = sourcecode.swift; path = AutoLayoutExtension.swift; sourceTree = "<group>"; };
		8654702921ED209E00D1F068 /* ArrangingScene.swift */ = {isa = PBXFileReference; fileEncoding = 4; lastKnownFileType = sourcecode.swift; path = ArrangingScene.swift; sourceTree = "<group>"; };
		8654702A21ED209E00D1F068 /* BlankStaff.swift */ = {isa = PBXFileReference; fileEncoding = 4; lastKnownFileType = sourcecode.swift; path = BlankStaff.swift; sourceTree = "<group>"; };
		8654705621EE70D300D1F068 /* dominant.png */ = {isa = PBXFileReference; lastKnownFileType = image.png; path = dominant.png; sourceTree = "<group>"; };
		8654705721EE70D300D1F068 /* middle.png */ = {isa = PBXFileReference; lastKnownFileType = image.png; path = middle.png; sourceTree = "<group>"; };
		8654705821EE70D400D1F068 /* ending.png */ = {isa = PBXFileReference; lastKnownFileType = image.png; path = ending.png; sourceTree = "<group>"; };
		8654705921EE70D400D1F068 /* begin.png */ = {isa = PBXFileReference; lastKnownFileType = image.png; path = begin.png; sourceTree = "<group>"; };
		8654705A21EE70D400D1F068 /* tonic.png */ = {isa = PBXFileReference; lastKnownFileType = image.png; path = tonic.png; sourceTree = "<group>"; };
		8654705B21EE70D400D1F068 /* final.png */ = {isa = PBXFileReference; lastKnownFileType = image.png; path = final.png; sourceTree = "<group>"; };
		8654706221EE7F1300D1F068 /* MelodySlots.swift */ = {isa = PBXFileReference; lastKnownFileType = sourcecode.swift; path = MelodySlots.swift; sourceTree = "<group>"; };
		8654706421EE824200D1F068 /* trebleClef.png */ = {isa = PBXFileReference; lastKnownFileType = image.png; path = trebleClef.png; sourceTree = "<group>"; };
		8654706621EE82CA00D1F068 /* doubleBar.png */ = {isa = PBXFileReference; lastKnownFileType = image.png; path = doubleBar.png; sourceTree = "<group>"; };
		8654706821EE830700D1F068 /* SackToArrange.swift */ = {isa = PBXFileReference; lastKnownFileType = sourcecode.swift; path = SackToArrange.swift; sourceTree = "<group>"; };
		8654706A21EE847000D1F068 /* MusicSymbol.swift */ = {isa = PBXFileReference; lastKnownFileType = sourcecode.swift; path = MusicSymbol.swift; sourceTree = "<group>"; };
		86621B2421CD776A0069157B /* waterDrop.png */ = {isa = PBXFileReference; lastKnownFileType = image.png; path = waterDrop.png; sourceTree = "<group>"; };
		8665697021EFD0860086D432 /* Melody.swift */ = {isa = PBXFileReference; lastKnownFileType = sourcecode.swift; path = Melody.swift; sourceTree = "<group>"; };
		8665697221EFDBDF0086D432 /* MelodyThumbnail.swift */ = {isa = PBXFileReference; lastKnownFileType = sourcecode.swift; path = MelodyThumbnail.swift; sourceTree = "<group>"; };
		86697DE221C1AF97009EC3BF /* windSound.wav */ = {isa = PBXFileReference; lastKnownFileType = audio.wav; path = windSound.wav; sourceTree = "<group>"; };
		86697DE421C1B181009EC3BF /* steadyBrownNoise.wav */ = {isa = PBXFileReference; lastKnownFileType = audio.wav; path = steadyBrownNoise.wav; sourceTree = "<group>"; };
		866C623721D2E1C1001FE47D /* Pond.png */ = {isa = PBXFileReference; lastKnownFileType = image.png; name = Pond.png; path = ../../../../../Desktop/Desktop/Pond.png; sourceTree = "<group>"; };
		8679A37721E1B25500E12539 /* noodlePiano2 */ = {isa = PBXFileReference; lastKnownFileType = folder; path = noodlePiano2; sourceTree = "<group>"; };
		8679A37B21E1BDEE00E12539 /* testWV.wv */ = {isa = PBXFileReference; lastKnownFileType = file; path = testWV.wv; sourceTree = "<group>"; };
		8679A37D21E1C74800E12539 /* noodlePiano */ = {isa = PBXFileReference; lastKnownFileType = folder; path = noodlePiano; sourceTree = "<group>"; };
		8679A38121E1CE6500E12539 /* melody18.png */ = {isa = PBXFileReference; lastKnownFileType = image.png; path = melody18.png; sourceTree = "<group>"; };
		8679A38221E1CE6500E12539 /* melody48.png */ = {isa = PBXFileReference; lastKnownFileType = image.png; path = melody48.png; sourceTree = "<group>"; };
		8679A38321E1CE6500E12539 /* melody40.png */ = {isa = PBXFileReference; lastKnownFileType = image.png; path = melody40.png; sourceTree = "<group>"; };
		8679A38421E1CE6500E12539 /* melody50.png */ = {isa = PBXFileReference; lastKnownFileType = image.png; path = melody50.png; sourceTree = "<group>"; };
		8679A38521E1CE6500E12539 /* melody7.png */ = {isa = PBXFileReference; lastKnownFileType = image.png; path = melody7.png; sourceTree = "<group>"; };
		8679A38621E1CE6600E12539 /* melody47.png */ = {isa = PBXFileReference; lastKnownFileType = image.png; path = melody47.png; sourceTree = "<group>"; };
		8679A38721E1CE6600E12539 /* melody22.png */ = {isa = PBXFileReference; lastKnownFileType = image.png; path = melody22.png; sourceTree = "<group>"; };
		8679A38821E1CE6600E12539 /* melody32.png */ = {isa = PBXFileReference; lastKnownFileType = image.png; path = melody32.png; sourceTree = "<group>"; };
		8679A38921E1CE6600E12539 /* melody24.png */ = {isa = PBXFileReference; lastKnownFileType = image.png; path = melody24.png; sourceTree = "<group>"; };
		8679A38A21E1CE6600E12539 /* melody31.png */ = {isa = PBXFileReference; lastKnownFileType = image.png; path = melody31.png; sourceTree = "<group>"; };
		8679A38B21E1CE6600E12539 /* melody4.png */ = {isa = PBXFileReference; lastKnownFileType = image.png; path = melody4.png; sourceTree = "<group>"; };
		8679A38C21E1CE6600E12539 /* melody19.png */ = {isa = PBXFileReference; lastKnownFileType = image.png; path = melody19.png; sourceTree = "<group>"; };
		8679A38D21E1CE6600E12539 /* melody8.png */ = {isa = PBXFileReference; lastKnownFileType = image.png; path = melody8.png; sourceTree = "<group>"; };
		8679A38E21E1CE6600E12539 /* melody49.png */ = {isa = PBXFileReference; lastKnownFileType = image.png; path = melody49.png; sourceTree = "<group>"; };
		8679A38F21E1CE6700E12539 /* melody43.png */ = {isa = PBXFileReference; lastKnownFileType = image.png; path = melody43.png; sourceTree = "<group>"; };
		8679A39021E1CE6700E12539 /* melody27.png */ = {isa = PBXFileReference; lastKnownFileType = image.png; path = melody27.png; sourceTree = "<group>"; };
		8679A39121E1CE6700E12539 /* melody1.png */ = {isa = PBXFileReference; lastKnownFileType = image.png; path = melody1.png; sourceTree = "<group>"; };
		8679A39221E1CE6700E12539 /* melody35.png */ = {isa = PBXFileReference; lastKnownFileType = image.png; path = melody35.png; sourceTree = "<group>"; };
		8679A39321E1CE6700E12539 /* melody2.png */ = {isa = PBXFileReference; lastKnownFileType = image.png; path = melody2.png; sourceTree = "<group>"; };
		8679A39421E1CE6700E12539 /* melody16.png */ = {isa = PBXFileReference; lastKnownFileType = image.png; path = melody16.png; sourceTree = "<group>"; };
		8679A39521E1CE6700E12539 /* melody44.png */ = {isa = PBXFileReference; lastKnownFileType = image.png; path = melody44.png; sourceTree = "<group>"; };
		8679A39621E1CE6800E12539 /* melody52.png */ = {isa = PBXFileReference; lastKnownFileType = image.png; path = melody52.png; sourceTree = "<group>"; };
		8679A39721E1CE6800E12539 /* melody39.png */ = {isa = PBXFileReference; lastKnownFileType = image.png; path = melody39.png; sourceTree = "<group>"; };
		8679A39821E1CE6800E12539 /* melody9.png */ = {isa = PBXFileReference; lastKnownFileType = image.png; path = melody9.png; sourceTree = "<group>"; };
		8679A39921E1CE6800E12539 /* melody5.png */ = {isa = PBXFileReference; lastKnownFileType = image.png; path = melody5.png; sourceTree = "<group>"; };
		8679A39A21E1CE6800E12539 /* melody41.png */ = {isa = PBXFileReference; lastKnownFileType = image.png; path = melody41.png; sourceTree = "<group>"; };
		8679A39B21E1CE6800E12539 /* melody13.png */ = {isa = PBXFileReference; lastKnownFileType = image.png; path = melody13.png; sourceTree = "<group>"; };
		8679A39C21E1CE6900E12539 /* melody30.png */ = {isa = PBXFileReference; lastKnownFileType = image.png; path = melody30.png; sourceTree = "<group>"; };
		8679A39D21E1CE6900E12539 /* melody26.png */ = {isa = PBXFileReference; lastKnownFileType = image.png; path = melody26.png; sourceTree = "<group>"; };
		8679A39E21E1CE6900E12539 /* melody14.png */ = {isa = PBXFileReference; lastKnownFileType = image.png; path = melody14.png; sourceTree = "<group>"; };
		8679A39F21E1CE6900E12539 /* melody37.png */ = {isa = PBXFileReference; lastKnownFileType = image.png; path = melody37.png; sourceTree = "<group>"; };
		8679A3A021E1CE6A00E12539 /* melody54.png */ = {isa = PBXFileReference; lastKnownFileType = image.png; path = melody54.png; sourceTree = "<group>"; };
		8679A3A121E1CE6A00E12539 /* melody33.png */ = {isa = PBXFileReference; lastKnownFileType = image.png; path = melody33.png; sourceTree = "<group>"; };
		8679A3A221E1CE6A00E12539 /* melody25.png */ = {isa = PBXFileReference; lastKnownFileType = image.png; path = melody25.png; sourceTree = "<group>"; };
		8679A3A321E1CE6A00E12539 /* melody53.png */ = {isa = PBXFileReference; lastKnownFileType = image.png; path = melody53.png; sourceTree = "<group>"; };
		8679A3A421E1CE6A00E12539 /* melody3.png */ = {isa = PBXFileReference; lastKnownFileType = image.png; path = melody3.png; sourceTree = "<group>"; };
		8679A3A521E1CE6A00E12539 /* melody11.png */ = {isa = PBXFileReference; lastKnownFileType = image.png; path = melody11.png; sourceTree = "<group>"; };
		8679A3A621E1CE6B00E12539 /* melody42.png */ = {isa = PBXFileReference; lastKnownFileType = image.png; path = melody42.png; sourceTree = "<group>"; };
		8679A3A721E1CE6B00E12539 /* melody15.png */ = {isa = PBXFileReference; lastKnownFileType = image.png; path = melody15.png; sourceTree = "<group>"; };
		8679A3A821E1CE6B00E12539 /* melody10.png */ = {isa = PBXFileReference; lastKnownFileType = image.png; path = melody10.png; sourceTree = "<group>"; };
		8679A3A921E1CE6C00E12539 /* melody23.png */ = {isa = PBXFileReference; lastKnownFileType = image.png; path = melody23.png; sourceTree = "<group>"; };
		8679A3AA21E1CE6C00E12539 /* melody51.png */ = {isa = PBXFileReference; lastKnownFileType = image.png; path = melody51.png; sourceTree = "<group>"; };
		8679A3AB21E1CE6C00E12539 /* melody34.png */ = {isa = PBXFileReference; lastKnownFileType = image.png; path = melody34.png; sourceTree = "<group>"; };
		8679A3AC21E1CE6D00E12539 /* melody29.png */ = {isa = PBXFileReference; lastKnownFileType = image.png; path = melody29.png; sourceTree = "<group>"; };
		8679A3AD21E1CE6D00E12539 /* melody28.png */ = {isa = PBXFileReference; lastKnownFileType = image.png; path = melody28.png; sourceTree = "<group>"; };
		8679A3AE21E1CE6D00E12539 /* melody46.png */ = {isa = PBXFileReference; lastKnownFileType = image.png; path = melody46.png; sourceTree = "<group>"; };
		8679A3AF21E1CE6D00E12539 /* melody17.png */ = {isa = PBXFileReference; lastKnownFileType = image.png; path = melody17.png; sourceTree = "<group>"; };
		8679A3B021E1CE6D00E12539 /* melody6.png */ = {isa = PBXFileReference; lastKnownFileType = image.png; path = melody6.png; sourceTree = "<group>"; };
		8679A3B121E1CE6D00E12539 /* melody36.png */ = {isa = PBXFileReference; lastKnownFileType = image.png; path = melody36.png; sourceTree = "<group>"; };
		8679A3B221E1CE6E00E12539 /* melody38.png */ = {isa = PBXFileReference; lastKnownFileType = image.png; path = melody38.png; sourceTree = "<group>"; };
		8679A3B321E1CE6E00E12539 /* melody0.png */ = {isa = PBXFileReference; lastKnownFileType = image.png; path = melody0.png; sourceTree = "<group>"; };
		8679A3B421E1CE6E00E12539 /* melody12.png */ = {isa = PBXFileReference; lastKnownFileType = image.png; path = melody12.png; sourceTree = "<group>"; };
		8679A3B521E1CE6E00E12539 /* melody20.png */ = {isa = PBXFileReference; lastKnownFileType = image.png; path = melody20.png; sourceTree = "<group>"; };
		8679A3B621E1CE6E00E12539 /* melody45.png */ = {isa = PBXFileReference; lastKnownFileType = image.png; path = melody45.png; sourceTree = "<group>"; };
		8679A3B721E1CE6E00E12539 /* melody21.png */ = {isa = PBXFileReference; lastKnownFileType = image.png; path = melody21.png; sourceTree = "<group>"; };
		867C542521DF1E7B002E4255 /* SackContents.swift */ = {isa = PBXFileReference; lastKnownFileType = sourcecode.swift; path = SackContents.swift; sourceTree = "<group>"; };
		867C542921DF2FE7002E4255 /* melodyThumbnail.png */ = {isa = PBXFileReference; lastKnownFileType = image.png; path = melodyThumbnail.png; sourceTree = "<group>"; };
		8698D85521BF149700ADED35 /* StoryLine.swift */ = {isa = PBXFileReference; lastKnownFileType = sourcecode.swift; path = StoryLine.swift; sourceTree = "<group>"; };
		8698D85721BF400000ADED35 /* Sound.swift */ = {isa = PBXFileReference; lastKnownFileType = sourcecode.swift; path = Sound.swift; sourceTree = "<group>"; };
		8698D85821BF400000ADED35 /* Haptics.swift */ = {isa = PBXFileReference; lastKnownFileType = sourcecode.swift; path = Haptics.swift; sourceTree = "<group>"; };
		8698D87521BF404C00ADED35 /* libc++.tbd */ = {isa = PBXFileReference; lastKnownFileType = "sourcecode.text-based-dylib-definition"; name = "libc++.tbd"; path = "usr/lib/libc++.tbd"; sourceTree = SDKROOT; };
		8698D88D21BF416600ADED35 /* backgroundPlaceholder.wav */ = {isa = PBXFileReference; lastKnownFileType = audio.wav; path = backgroundPlaceholder.wav; sourceTree = "<group>"; };
		8698D88E21BF416600ADED35 /* marimbaC.wav */ = {isa = PBXFileReference; lastKnownFileType = audio.wav; path = marimbaC.wav; sourceTree = "<group>"; };
		8698D88F21BF416600ADED35 /* pageTurnTouchUp.wav */ = {isa = PBXFileReference; lastKnownFileType = audio.wav; path = pageTurnTouchUp.wav; sourceTree = "<group>"; };
		8698D89021BF416600ADED35 /* pageTurnTouchDown.wav */ = {isa = PBXFileReference; lastKnownFileType = audio.wav; path = pageTurnTouchDown.wav; sourceTree = "<group>"; };
		8698D89121BF416700ADED35 /* touchDown.wav */ = {isa = PBXFileReference; lastKnownFileType = audio.wav; path = touchDown.wav; sourceTree = "<group>"; };
		8698D89221BF416700ADED35 /* touchUp.wav */ = {isa = PBXFileReference; lastKnownFileType = audio.wav; path = touchUp.wav; sourceTree = "<group>"; };
		869EEFFD21DBE06B00A4BC06 /* throwbackWater.png */ = {isa = PBXFileReference; lastKnownFileType = image.png; path = throwbackWater.png; sourceTree = "<group>"; };
		869EEFFF21DBE1E600A4BC06 /* CatchOrThrowbackImage.swift */ = {isa = PBXFileReference; lastKnownFileType = sourcecode.swift; path = CatchOrThrowbackImage.swift; sourceTree = "<group>"; };
		86BBBF2521BB08FD00CB17F2 /* sStories.app */ = {isa = PBXFileReference; explicitFileType = wrapper.application; includeInIndex = 0; path = sStories.app; sourceTree = BUILT_PRODUCTS_DIR; };
		86BBBF2821BB08FD00CB17F2 /* AppDelegate.swift */ = {isa = PBXFileReference; lastKnownFileType = sourcecode.swift; path = AppDelegate.swift; sourceTree = "<group>"; };
		86BBBF2A21BB08FD00CB17F2 /* ViewController.swift */ = {isa = PBXFileReference; lastKnownFileType = sourcecode.swift; path = ViewController.swift; sourceTree = "<group>"; };
		86BBBF3221BB08FD00CB17F2 /* Assets.xcassets */ = {isa = PBXFileReference; lastKnownFileType = folder.assetcatalog; path = Assets.xcassets; sourceTree = "<group>"; };
		86BBBF3521BB08FD00CB17F2 /* Base */ = {isa = PBXFileReference; lastKnownFileType = file.storyboard; name = Base; path = Base.lproj/LaunchScreen.storyboard; sourceTree = "<group>"; };
		86BBBF3721BB08FD00CB17F2 /* Info.plist */ = {isa = PBXFileReference; lastKnownFileType = text.plist.xml; path = Info.plist; sourceTree = "<group>"; };
		86BBBF3C21BB08FD00CB17F2 /* sStoriesTests.xctest */ = {isa = PBXFileReference; explicitFileType = wrapper.cfbundle; includeInIndex = 0; path = sStoriesTests.xctest; sourceTree = BUILT_PRODUCTS_DIR; };
		86BBBF4021BB08FD00CB17F2 /* sStoriesTests.swift */ = {isa = PBXFileReference; lastKnownFileType = sourcecode.swift; path = sStoriesTests.swift; sourceTree = "<group>"; };
		86BBBF4221BB08FD00CB17F2 /* Info.plist */ = {isa = PBXFileReference; lastKnownFileType = text.plist.xml; path = Info.plist; sourceTree = "<group>"; };
		86BBBF4721BB08FE00CB17F2 /* sStoriesUITests.xctest */ = {isa = PBXFileReference; explicitFileType = wrapper.cfbundle; includeInIndex = 0; path = sStoriesUITests.xctest; sourceTree = BUILT_PRODUCTS_DIR; };
		86BBBF4B21BB08FE00CB17F2 /* sStoriesUITests.swift */ = {isa = PBXFileReference; lastKnownFileType = sourcecode.swift; path = sStoriesUITests.swift; sourceTree = "<group>"; };
		86BBBF4D21BB08FE00CB17F2 /* Info.plist */ = {isa = PBXFileReference; lastKnownFileType = text.plist.xml; path = Info.plist; sourceTree = "<group>"; };
		86BBBF5921BB0A1000CB17F2 /* PageView.swift */ = {isa = PBXFileReference; lastKnownFileType = sourcecode.swift; path = PageView.swift; sourceTree = "<group>"; };
		86BBBF5D21BB0A3A00CB17F2 /* GlobalFunctions.swift */ = {isa = PBXFileReference; lastKnownFileType = sourcecode.swift; path = GlobalFunctions.swift; sourceTree = "<group>"; };
		86E9F49221BF82F400EE12DF /* ShowingCrowdSackOfMelodies.png */ = {isa = PBXFileReference; lastKnownFileType = image.png; path = ShowingCrowdSackOfMelodies.png; sourceTree = "<group>"; };
		86E9F49321BF82F400EE12DF /* Performance.png */ = {isa = PBXFileReference; lastKnownFileType = image.png; path = Performance.png; sourceTree = "<group>"; };
		86E9F49621BF82F400EE12DF /* Mountain.png */ = {isa = PBXFileReference; lastKnownFileType = image.png; path = Mountain.png; sourceTree = "<group>"; };
		86E9F49721BF82F500EE12DF /* TalkingToCrowdAboutFishing.png */ = {isa = PBXFileReference; lastKnownFileType = image.png; path = TalkingToCrowdAboutFishing.png; sourceTree = "<group>"; };
		86E9F49821BF82F500EE12DF /* SackOfMelodies.png */ = {isa = PBXFileReference; lastKnownFileType = image.png; path = SackOfMelodies.png; sourceTree = "<group>"; };
		86E9F49921BF82F500EE12DF /* Town.png */ = {isa = PBXFileReference; lastKnownFileType = image.png; path = Town.png; sourceTree = "<group>"; };
		86E9F4A621BF85AE00EE12DF /* Fishing.png */ = {isa = PBXFileReference; lastKnownFileType = image.png; path = Fishing.png; sourceTree = "<group>"; };
		86EC5B0121DACBCF00E115E0 /* MelodyImage.swift */ = {isa = PBXFileReference; lastKnownFileType = sourcecode.swift; path = MelodyImage.swift; sourceTree = "<group>"; };
		86F8AB7D21DD5AD400BED768 /* Label.swift */ = {isa = PBXFileReference; lastKnownFileType = sourcecode.swift; path = Label.swift; sourceTree = "<group>"; };
		86F8AB8121DD636300BED768 /* FishingPole.swift */ = {isa = PBXFileReference; lastKnownFileType = sourcecode.swift; path = FishingPole.swift; sourceTree = "<group>"; };
		86F8AB8621DDECA200BED768 /* GlobalConstants.swift */ = {isa = PBXFileReference; lastKnownFileType = sourcecode.swift; path = GlobalConstants.swift; sourceTree = "<group>"; };
/* End PBXFileReference section */

/* Begin PBXFrameworksBuildPhase section */
		86BBBF2221BB08FD00CB17F2 /* Frameworks */ = {
			isa = PBXFrameworksBuildPhase;
			buildActionMask = 2147483647;
			files = (
				8698D87621BF404C00ADED35 /* libc++.tbd in Frameworks */,
			);
			runOnlyForDeploymentPostprocessing = 0;
		};
		86BBBF3921BB08FD00CB17F2 /* Frameworks */ = {
			isa = PBXFrameworksBuildPhase;
			buildActionMask = 2147483647;
			files = (
			);
			runOnlyForDeploymentPostprocessing = 0;
		};
		86BBBF4421BB08FE00CB17F2 /* Frameworks */ = {
			isa = PBXFrameworksBuildPhase;
			buildActionMask = 2147483647;
			files = (
			);
			runOnlyForDeploymentPostprocessing = 0;
		};
/* End PBXFrameworksBuildPhase section */

/* Begin PBXGroup section */
		860DE93121C2072F00A7370D /* Sounds */ = {
			isa = PBXGroup;
			children = (
				8698D88D21BF416600ADED35 /* backgroundPlaceholder.wav */,
				8698D88E21BF416600ADED35 /* marimbaC.wav */,
				8698D89021BF416600ADED35 /* pageTurnTouchDown.wav */,
				8698D88F21BF416600ADED35 /* pageTurnTouchUp.wav */,
				8698D89121BF416700ADED35 /* touchDown.wav */,
				8698D89221BF416700ADED35 /* touchUp.wav */,
				86697DE421C1B181009EC3BF /* steadyBrownNoise.wav */,
				86697DE221C1AF97009EC3BF /* windSound.wav */,
			);
			path = Sounds;
			sourceTree = "<group>";
		};
		860DE93221C2073E00A7370D /* Image Assets */ = {
			isa = PBXGroup;
			children = (
				86E9F49621BF82F400EE12DF /* Mountain.png */,
				86E9F4A621BF85AE00EE12DF /* Fishing.png */,
				86E9F49321BF82F400EE12DF /* Performance.png */,
				863DADF521D40D5400AFDD94 /* Note.png */,
				863DADF621D40D5400AFDD94 /* PlayButton.png */,
				867C542921DF2FE7002E4255 /* melodyThumbnail.png */,
				869EEFFD21DBE06B00A4BC06 /* throwbackWater.png */,
				861C788E21DC257E009D9612 /* sack.png */,
				86621B2421CD776A0069157B /* waterDrop.png */,
				866C623721D2E1C1001FE47D /* Pond.png */,
				863DADF321D408A000AFDD94 /* FishingPole.png */,
				86E9F49821BF82F500EE12DF /* SackOfMelodies.png */,
				86E9F49221BF82F400EE12DF /* ShowingCrowdSackOfMelodies.png */,
				86E9F49721BF82F500EE12DF /* TalkingToCrowdAboutFishing.png */,
				86E9F49921BF82F500EE12DF /* Town.png */,
			);
			path = "Image Assets";
			sourceTree = "<group>";
		};
		8654702F21ED2D8000D1F068 /* Arranging Scene */ = {
			isa = PBXGroup;
			children = (
				8654702921ED209E00D1F068 /* ArrangingScene.swift */,
				8654706221EE7F1300D1F068 /* MelodySlots.swift */,
				8665697221EFDBDF0086D432 /* MelodyThumbnail.swift */,
				8654706821EE830700D1F068 /* SackToArrange.swift */,
				8654702A21ED209E00D1F068 /* BlankStaff.swift */,
				8654706A21EE847000D1F068 /* MusicSymbol.swift */,
			);
			path = "Arranging Scene";
			sourceTree = "<group>";
		};
		8679A3EF21E1CE7600E12539 /* Melody Images */ = {
			isa = PBXGroup;
			children = (
				8679A3B321E1CE6E00E12539 /* melody0.png */,
				8679A39121E1CE6700E12539 /* melody1.png */,
				8679A39321E1CE6700E12539 /* melody2.png */,
				8679A3A421E1CE6A00E12539 /* melody3.png */,
				8679A38B21E1CE6600E12539 /* melody4.png */,
				8679A39921E1CE6800E12539 /* melody5.png */,
				8679A3B021E1CE6D00E12539 /* melody6.png */,
				8679A38521E1CE6500E12539 /* melody7.png */,
				8679A38D21E1CE6600E12539 /* melody8.png */,
				8679A39821E1CE6800E12539 /* melody9.png */,
				8679A3A821E1CE6B00E12539 /* melody10.png */,
				8679A3A521E1CE6A00E12539 /* melody11.png */,
				8679A3B421E1CE6E00E12539 /* melody12.png */,
				8679A39B21E1CE6800E12539 /* melody13.png */,
				8679A39E21E1CE6900E12539 /* melody14.png */,
				8679A3A721E1CE6B00E12539 /* melody15.png */,
				8679A39421E1CE6700E12539 /* melody16.png */,
				8679A3AF21E1CE6D00E12539 /* melody17.png */,
				8679A38121E1CE6500E12539 /* melody18.png */,
				8679A38C21E1CE6600E12539 /* melody19.png */,
				8679A3B521E1CE6E00E12539 /* melody20.png */,
				8679A3B721E1CE6E00E12539 /* melody21.png */,
				8679A38721E1CE6600E12539 /* melody22.png */,
				8679A3A921E1CE6C00E12539 /* melody23.png */,
				8679A38921E1CE6600E12539 /* melody24.png */,
				8679A3A221E1CE6A00E12539 /* melody25.png */,
				8679A39D21E1CE6900E12539 /* melody26.png */,
				8679A39021E1CE6700E12539 /* melody27.png */,
				8679A3AD21E1CE6D00E12539 /* melody28.png */,
				8679A3AC21E1CE6D00E12539 /* melody29.png */,
				8679A39C21E1CE6900E12539 /* melody30.png */,
				8679A38A21E1CE6600E12539 /* melody31.png */,
				8679A38821E1CE6600E12539 /* melody32.png */,
				8679A3A121E1CE6A00E12539 /* melody33.png */,
				8679A3AB21E1CE6C00E12539 /* melody34.png */,
				8679A39221E1CE6700E12539 /* melody35.png */,
				8679A3B121E1CE6D00E12539 /* melody36.png */,
				8679A39F21E1CE6900E12539 /* melody37.png */,
				8679A3B221E1CE6E00E12539 /* melody38.png */,
				8679A39721E1CE6800E12539 /* melody39.png */,
				8679A38321E1CE6500E12539 /* melody40.png */,
				8679A39A21E1CE6800E12539 /* melody41.png */,
				8679A3A621E1CE6B00E12539 /* melody42.png */,
				8679A38F21E1CE6700E12539 /* melody43.png */,
				8679A39521E1CE6700E12539 /* melody44.png */,
				8679A3B621E1CE6E00E12539 /* melody45.png */,
				8679A3AE21E1CE6D00E12539 /* melody46.png */,
				8679A38621E1CE6600E12539 /* melody47.png */,
				8679A38221E1CE6500E12539 /* melody48.png */,
				8679A38E21E1CE6600E12539 /* melody49.png */,
				8679A38421E1CE6500E12539 /* melody50.png */,
				8679A3AA21E1CE6C00E12539 /* melody51.png */,
				8679A39621E1CE6800E12539 /* melody52.png */,
				8679A3A321E1CE6A00E12539 /* melody53.png */,
				8679A3A021E1CE6A00E12539 /* melody54.png */,
			);
			path = "Melody Images";
			sourceTree = "<group>";
		};
		8698D87421BF404C00ADED35 /* Frameworks */ = {
			isa = PBXGroup;
			children = (
				8698D87521BF404C00ADED35 /* libc++.tbd */,
			);
			name = Frameworks;
			sourceTree = "<group>";
		};
		86BBBF1C21BB08FD00CB17F2 = {
			isa = PBXGroup;
			children = (
				86BBBF2721BB08FD00CB17F2 /* sStories */,
				86BBBF3F21BB08FD00CB17F2 /* sStoriesTests */,
				86BBBF4A21BB08FE00CB17F2 /* sStoriesUITests */,
				86BBBF2621BB08FD00CB17F2 /* Products */,
				8698D87421BF404C00ADED35 /* Frameworks */,
			);
			sourceTree = "<group>";
		};
		86BBBF2621BB08FD00CB17F2 /* Products */ = {
			isa = PBXGroup;
			children = (
				86BBBF2521BB08FD00CB17F2 /* sStories.app */,
				86BBBF3C21BB08FD00CB17F2 /* sStoriesTests.xctest */,
				86BBBF4721BB08FE00CB17F2 /* sStoriesUITests.xctest */,
			);
			name = Products;
			sourceTree = "<group>";
		};
		86BBBF2721BB08FD00CB17F2 /* sStories */ = {
			isa = PBXGroup;
			children = (
				86BBBF2821BB08FD00CB17F2 /* AppDelegate.swift */,
				86BBBF2A21BB08FD00CB17F2 /* ViewController.swift */,
				86BBBF5921BB0A1000CB17F2 /* PageView.swift */,
				8698D85721BF400000ADED35 /* Sound.swift */,
				867C542521DF1E7B002E4255 /* SackContents.swift */,
				8665697021EFD0860086D432 /* Melody.swift */,
				86EC5B0121DACBCF00E115E0 /* MelodyImage.swift */,
				86F8AB8521DDE70100BED768 /* Catching Melodies Scene */,
				8698D85821BF400000ADED35 /* Haptics.swift */,
				8654702F21ED2D8000D1F068 /* Arranging Scene */,
				86F8AB8621DDECA200BED768 /* GlobalConstants.swift */,
				86BBBF5D21BB0A3A00CB17F2 /* GlobalFunctions.swift */,
				8698D85521BF149700ADED35 /* StoryLine.swift */,
				8654705921EE70D400D1F068 /* begin.png */,
				8654705621EE70D300D1F068 /* dominant.png */,
				8654705821EE70D400D1F068 /* ending.png */,
				8654705B21EE70D400D1F068 /* final.png */,
				8654705721EE70D300D1F068 /* middle.png */,
				8654706421EE824200D1F068 /* trebleClef.png */,
				8654705A21EE70D400D1F068 /* tonic.png */,
				8654706621EE82CA00D1F068 /* doubleBar.png */,
				8654702721ED208A00D1F068 /* AutoLayoutExtension.swift */,
				8679A37B21E1BDEE00E12539 /* testWV.wv */,
				8679A37D21E1C74800E12539 /* noodlePiano */,
				8679A3EF21E1CE7600E12539 /* Melody Images */,
				860DE93121C2072F00A7370D /* Sounds */,
				86BBBF3221BB08FD00CB17F2 /* Assets.xcassets */,
				8679A37721E1B25500E12539 /* noodlePiano2 */,
				860DE93221C2073E00A7370D /* Image Assets */,
				86BBBF3421BB08FD00CB17F2 /* LaunchScreen.storyboard */,
				86BBBF3721BB08FD00CB17F2 /* Info.plist */,
			);
			path = sStories;
			sourceTree = "<group>";
		};
		86BBBF3F21BB08FD00CB17F2 /* sStoriesTests */ = {
			isa = PBXGroup;
			children = (
				86BBBF4021BB08FD00CB17F2 /* sStoriesTests.swift */,
				86BBBF4221BB08FD00CB17F2 /* Info.plist */,
			);
			path = sStoriesTests;
			sourceTree = "<group>";
		};
		86BBBF4A21BB08FE00CB17F2 /* sStoriesUITests */ = {
			isa = PBXGroup;
			children = (
				86BBBF4B21BB08FE00CB17F2 /* sStoriesUITests.swift */,
				86BBBF4D21BB08FE00CB17F2 /* Info.plist */,
			);
			path = sStoriesUITests;
			sourceTree = "<group>";
		};
		86F8AB8521DDE70100BED768 /* Catching Melodies Scene */ = {
			isa = PBXGroup;
			children = (
				860AD9E621C309FD0052577B /* CatchingMelodies.swift */,
				86F8AB8121DD636300BED768 /* FishingPole.swift */,
				86F8AB7D21DD5AD400BED768 /* Label.swift */,
				869EEFFF21DBE1E600A4BC06 /* CatchOrThrowbackImage.swift */,
			);
			path = "Catching Melodies Scene";
			sourceTree = "<group>";
		};
/* End PBXGroup section */

/* Begin PBXNativeTarget section */
		86BBBF2421BB08FD00CB17F2 /* sStories */ = {
			isa = PBXNativeTarget;
			buildConfigurationList = 86BBBF5021BB08FE00CB17F2 /* Build configuration list for PBXNativeTarget "sStories" */;
			buildPhases = (
				86BBBF2121BB08FD00CB17F2 /* Sources */,
				86BBBF2221BB08FD00CB17F2 /* Frameworks */,
				86BBBF2321BB08FD00CB17F2 /* Resources */,
				860AD9F221C315700052577B /* Embed Frameworks */,
			);
			buildRules = (
			);
			dependencies = (
			);
			name = sStories;
			productName = sStories;
			productReference = 86BBBF2521BB08FD00CB17F2 /* sStories.app */;
			productType = "com.apple.product-type.application";
		};
		86BBBF3B21BB08FD00CB17F2 /* sStoriesTests */ = {
			isa = PBXNativeTarget;
			buildConfigurationList = 86BBBF5321BB08FE00CB17F2 /* Build configuration list for PBXNativeTarget "sStoriesTests" */;
			buildPhases = (
				86BBBF3821BB08FD00CB17F2 /* Sources */,
				86BBBF3921BB08FD00CB17F2 /* Frameworks */,
				86BBBF3A21BB08FD00CB17F2 /* Resources */,
			);
			buildRules = (
			);
			dependencies = (
				86BBBF3E21BB08FD00CB17F2 /* PBXTargetDependency */,
			);
			name = sStoriesTests;
			productName = sStoriesTests;
			productReference = 86BBBF3C21BB08FD00CB17F2 /* sStoriesTests.xctest */;
			productType = "com.apple.product-type.bundle.unit-test";
		};
		86BBBF4621BB08FE00CB17F2 /* sStoriesUITests */ = {
			isa = PBXNativeTarget;
			buildConfigurationList = 86BBBF5621BB08FE00CB17F2 /* Build configuration list for PBXNativeTarget "sStoriesUITests" */;
			buildPhases = (
				86BBBF4321BB08FE00CB17F2 /* Sources */,
				86BBBF4421BB08FE00CB17F2 /* Frameworks */,
				86BBBF4521BB08FE00CB17F2 /* Resources */,
			);
			buildRules = (
			);
			dependencies = (
				86BBBF4921BB08FE00CB17F2 /* PBXTargetDependency */,
			);
			name = sStoriesUITests;
			productName = sStoriesUITests;
			productReference = 86BBBF4721BB08FE00CB17F2 /* sStoriesUITests.xctest */;
			productType = "com.apple.product-type.bundle.ui-testing";
		};
/* End PBXNativeTarget section */

/* Begin PBXProject section */
		86BBBF1D21BB08FD00CB17F2 /* Project object */ = {
			isa = PBXProject;
			attributes = {
				LastSwiftUpdateCheck = 1010;
				LastUpgradeCheck = 1010;
				ORGANIZATIONNAME = "Nathan Richard";
				TargetAttributes = {
					86BBBF2421BB08FD00CB17F2 = {
						CreatedOnToolsVersion = 10.1;
						SystemCapabilities = {
							com.apple.BackgroundModes = {
								enabled = 1;
							};
						};
					};
					86BBBF3B21BB08FD00CB17F2 = {
						CreatedOnToolsVersion = 10.1;
						TestTargetID = 86BBBF2421BB08FD00CB17F2;
					};
					86BBBF4621BB08FE00CB17F2 = {
						CreatedOnToolsVersion = 10.1;
						TestTargetID = 86BBBF2421BB08FD00CB17F2;
					};
				};
			};
			buildConfigurationList = 86BBBF2021BB08FD00CB17F2 /* Build configuration list for PBXProject "sStories" */;
			compatibilityVersion = "Xcode 9.3";
			developmentRegion = en;
			hasScannedForEncodings = 0;
			knownRegions = (
				en,
				Base,
			);
			mainGroup = 86BBBF1C21BB08FD00CB17F2;
			productRefGroup = 86BBBF2621BB08FD00CB17F2 /* Products */;
			projectDirPath = "";
			projectRoot = "";
			targets = (
				86BBBF2421BB08FD00CB17F2 /* sStories */,
				86BBBF3B21BB08FD00CB17F2 /* sStoriesTests */,
				86BBBF4621BB08FE00CB17F2 /* sStoriesUITests */,
			);
		};
/* End PBXProject section */

/* Begin PBXResourcesBuildPhase section */
		86BBBF2321BB08FD00CB17F2 /* Resources */ = {
			isa = PBXResourcesBuildPhase;
			buildActionMask = 2147483647;
			files = (
				8679A3D521E1CE6F00E12539 /* melody14.png in Resources */,
				8679A3DA21E1CE6F00E12539 /* melody53.png in Resources */,
				8679A37C21E1C12200E12539 /* testWV.wv in Resources */,
				8679A3D421E1CE6F00E12539 /* melody26.png in Resources */,
				8654706121EE70D400D1F068 /* final.png in Resources */,
				8679A3C121E1CE6F00E12539 /* melody31.png in Resources */,
				8679A3B921E1CE6F00E12539 /* melody48.png in Resources */,
				8679A3D821E1CE6F00E12539 /* melody33.png in Resources */,
				86697DE321C1AF97009EC3BF /* windSound.wav in Resources */,
				8679A3D321E1CE6F00E12539 /* melody30.png in Resources */,
				8679A3CA21E1CE6F00E12539 /* melody2.png in Resources */,
				8679A3E921E1CE6F00E12539 /* melody38.png in Resources */,
				8679A3C521E1CE6F00E12539 /* melody49.png in Resources */,
				8654705F21EE70D400D1F068 /* begin.png in Resources */,
				8679A3E421E1CE6F00E12539 /* melody28.png in Resources */,
				8679A3D021E1CE6F00E12539 /* melody5.png in Resources */,
				8679A37E21E1C74800E12539 /* noodlePiano in Resources */,
				8654706521EE824300D1F068 /* trebleClef.png in Resources */,
				8679A3E721E1CE6F00E12539 /* melody6.png in Resources */,
				8679A37821E1B25500E12539 /* noodlePiano2 in Resources */,
				8679A3DF21E1CE6F00E12539 /* melody10.png in Resources */,
				86E9F49F21BF82F500EE12DF /* TalkingToCrowdAboutFishing.png in Resources */,
				8679A3EC21E1CE6F00E12539 /* melody20.png in Resources */,
				861C788F21DC257E009D9612 /* sack.png in Resources */,
				8654705D21EE70D400D1F068 /* middle.png in Resources */,
				8654705C21EE70D400D1F068 /* dominant.png in Resources */,
				86621B2521CD776A0069157B /* waterDrop.png in Resources */,
				863DADF821D40D5400AFDD94 /* PlayButton.png in Resources */,
				8698D89321BF417600ADED35 /* backgroundPlaceholder.wav in Resources */,
				8654705E21EE70D400D1F068 /* ending.png in Resources */,
				8679A3C821E1CE6F00E12539 /* melody1.png in Resources */,
				8679A3C321E1CE6F00E12539 /* melody19.png in Resources */,
				8679A3BF21E1CE6F00E12539 /* melody32.png in Resources */,
				8679A3CB21E1CE6F00E12539 /* melody16.png in Resources */,
				8679A3C721E1CE6F00E12539 /* melody27.png in Resources */,
				8698D89421BF417600ADED35 /* marimbaC.wav in Resources */,
				869EEFFE21DBE06B00A4BC06 /* throwbackWater.png in Resources */,
				8679A3D221E1CE6F00E12539 /* melody13.png in Resources */,
				8679A3E321E1CE6F00E12539 /* melody29.png in Resources */,
				8698D89521BF417600ADED35 /* pageTurnTouchDown.wav in Resources */,
				8698D89621BF417600ADED35 /* pageTurnTouchUp.wav in Resources */,
				8679A3BD21E1CE6F00E12539 /* melody47.png in Resources */,
				8679A3BB21E1CE6F00E12539 /* melody50.png in Resources */,
				8679A3C621E1CE6F00E12539 /* melody43.png in Resources */,
				8679A3BE21E1CE6F00E12539 /* melody22.png in Resources */,
				8679A3CD21E1CE6F00E12539 /* melody52.png in Resources */,
				8679A3BC21E1CE6F00E12539 /* melody7.png in Resources */,
				8698D89721BF417600ADED35 /* touchDown.wav in Resources */,
				86E9F49E21BF82F500EE12DF /* Mountain.png in Resources */,
				8679A3D921E1CE6F00E12539 /* melody25.png in Resources */,
				867C542A21DF2FE7002E4255 /* melodyThumbnail.png in Resources */,
				8654706021EE70D400D1F068 /* tonic.png in Resources */,
				8679A3E821E1CE6F00E12539 /* melody36.png in Resources */,
				8679A3ED21E1CE6F00E12539 /* melody45.png in Resources */,
				8679A3CE21E1CE6F00E12539 /* melody39.png in Resources */,
				86E9F49A21BF82F500EE12DF /* ShowingCrowdSackOfMelodies.png in Resources */,
				86E9F4A021BF82F500EE12DF /* SackOfMelodies.png in Resources */,
				863DADF421D408A000AFDD94 /* FishingPole.png in Resources */,
				8679A3E621E1CE6F00E12539 /* melody17.png in Resources */,
				8679A3DD21E1CE6F00E12539 /* melody42.png in Resources */,
				86E9F4A121BF82F500EE12DF /* Town.png in Resources */,
				866C623821D2E1C1001FE47D /* Pond.png in Resources */,
				8679A3BA21E1CE6F00E12539 /* melody40.png in Resources */,
				86E9F4A721BF85AE00EE12DF /* Fishing.png in Resources */,
				8698D89821BF417600ADED35 /* touchUp.wav in Resources */,
				86BBBF3621BB08FD00CB17F2 /* LaunchScreen.storyboard in Resources */,
				8679A3E121E1CE6F00E12539 /* melody51.png in Resources */,
				8679A3EE21E1CE6F00E12539 /* melody21.png in Resources */,
				8679A3D721E1CE6F00E12539 /* melody54.png in Resources */,
				8679A3C921E1CE6F00E12539 /* melody35.png in Resources */,
				8679A3B821E1CE6F00E12539 /* melody18.png in Resources */,
				8679A3C421E1CE6F00E12539 /* melody8.png in Resources */,
				8679A3DE21E1CE6F00E12539 /* melody15.png in Resources */,
				8679A3C221E1CE6F00E12539 /* melody4.png in Resources */,
				8679A3D121E1CE6F00E12539 /* melody41.png in Resources */,
				863DADF721D40D5400AFDD94 /* Note.png in Resources */,
				8679A3D621E1CE6F00E12539 /* melody37.png in Resources */,
				8679A3E221E1CE6F00E12539 /* melody34.png in Resources */,
				8679A3C021E1CE6F00E12539 /* melody24.png in Resources */,
				8679A3E521E1CE6F00E12539 /* melody46.png in Resources */,
				8679A3E021E1CE6F00E12539 /* melody23.png in Resources */,
				8679A3CC21E1CE6F00E12539 /* melody44.png in Resources */,
				8679A3EA21E1CE6F00E12539 /* melody0.png in Resources */,
				8679A3DB21E1CE6F00E12539 /* melody3.png in Resources */,
				86E9F49B21BF82F500EE12DF /* Performance.png in Resources */,
				8679A3DC21E1CE6F00E12539 /* melody11.png in Resources */,
				8679A3EB21E1CE6F00E12539 /* melody12.png in Resources */,
				8679A3CF21E1CE6F00E12539 /* melody9.png in Resources */,
				86697DE521C1B181009EC3BF /* steadyBrownNoise.wav in Resources */,
				86BBBF3321BB08FD00CB17F2 /* Assets.xcassets in Resources */,
				8654706721EE82CA00D1F068 /* doubleBar.png in Resources */,
			);
			runOnlyForDeploymentPostprocessing = 0;
		};
		86BBBF3A21BB08FD00CB17F2 /* Resources */ = {
			isa = PBXResourcesBuildPhase;
			buildActionMask = 2147483647;
			files = (
			);
			runOnlyForDeploymentPostprocessing = 0;
		};
		86BBBF4521BB08FE00CB17F2 /* Resources */ = {
			isa = PBXResourcesBuildPhase;
			buildActionMask = 2147483647;
			files = (
			);
			runOnlyForDeploymentPostprocessing = 0;
		};
/* End PBXResourcesBuildPhase section */

/* Begin PBXSourcesBuildPhase section */
		86BBBF2121BB08FD00CB17F2 /* Sources */ = {
			isa = PBXSourcesBuildPhase;
			buildActionMask = 2147483647;
			files = (
				86F8AB8221DD636300BED768 /* FishingPole.swift in Sources */,
				8654706321EE7F1300D1F068 /* MelodySlots.swift in Sources */,
				8698D85921BF400000ADED35 /* Sound.swift in Sources */,
				86BBBF2B21BB08FD00CB17F2 /* ViewController.swift in Sources */,
				8665697321EFDBDF0086D432 /* MelodyThumbnail.swift in Sources */,
				86F8AB8721DDECA200BED768 /* GlobalConstants.swift in Sources */,
				86BBBF5E21BB0A3A00CB17F2 /* GlobalFunctions.swift in Sources */,
				8698D85A21BF400000ADED35 /* Haptics.swift in Sources */,
				8698D85621BF149700ADED35 /* StoryLine.swift in Sources */,
				869EF00021DBE1E600A4BC06 /* CatchOrThrowbackImage.swift in Sources */,
				8654702821ED208A00D1F068 /* AutoLayoutExtension.swift in Sources */,
				8654702C21ED209E00D1F068 /* BlankStaff.swift in Sources */,
				86BBBF5B21BB0A1000CB17F2 /* PageView.swift in Sources */,
				860AD9E721C309FD0052577B /* CatchingMelodies.swift in Sources */,
				86BBBF2921BB08FD00CB17F2 /* AppDelegate.swift in Sources */,
				867C542621DF1E7B002E4255 /* SackContents.swift in Sources */,
				8665697121EFD0860086D432 /* Melody.swift in Sources */,
				8654706921EE830700D1F068 /* SackToArrange.swift in Sources */,
				8654706B21EE847000D1F068 /* MusicSymbol.swift in Sources */,
				86F8AB7E21DD5AD400BED768 /* Label.swift in Sources */,
				86EC5B0221DACBCF00E115E0 /* MelodyImage.swift in Sources */,
				8654702B21ED209E00D1F068 /* ArrangingScene.swift in Sources */,
			);
			runOnlyForDeploymentPostprocessing = 0;
		};
		86BBBF3821BB08FD00CB17F2 /* Sources */ = {
			isa = PBXSourcesBuildPhase;
			buildActionMask = 2147483647;
			files = (
				86BBBF4121BB08FD00CB17F2 /* sStoriesTests.swift in Sources */,
			);
			runOnlyForDeploymentPostprocessing = 0;
		};
		86BBBF4321BB08FE00CB17F2 /* Sources */ = {
			isa = PBXSourcesBuildPhase;
			buildActionMask = 2147483647;
			files = (
				86BBBF4C21BB08FE00CB17F2 /* sStoriesUITests.swift in Sources */,
			);
			runOnlyForDeploymentPostprocessing = 0;
		};
/* End PBXSourcesBuildPhase section */

/* Begin PBXTargetDependency section */
		86BBBF3E21BB08FD00CB17F2 /* PBXTargetDependency */ = {
			isa = PBXTargetDependency;
			target = 86BBBF2421BB08FD00CB17F2 /* sStories */;
			targetProxy = 86BBBF3D21BB08FD00CB17F2 /* PBXContainerItemProxy */;
		};
		86BBBF4921BB08FE00CB17F2 /* PBXTargetDependency */ = {
			isa = PBXTargetDependency;
			target = 86BBBF2421BB08FD00CB17F2 /* sStories */;
			targetProxy = 86BBBF4821BB08FE00CB17F2 /* PBXContainerItemProxy */;
		};
/* End PBXTargetDependency section */

/* Begin PBXVariantGroup section */
		86BBBF3421BB08FD00CB17F2 /* LaunchScreen.storyboard */ = {
			isa = PBXVariantGroup;
			children = (
				86BBBF3521BB08FD00CB17F2 /* Base */,
			);
			name = LaunchScreen.storyboard;
			sourceTree = "<group>";
		};
/* End PBXVariantGroup section */

/* Begin XCBuildConfiguration section */
		86BBBF4E21BB08FE00CB17F2 /* Debug */ = {
			isa = XCBuildConfiguration;
			buildSettings = {
				ALWAYS_SEARCH_USER_PATHS = NO;
				CLANG_ANALYZER_NONNULL = YES;
				CLANG_ANALYZER_NUMBER_OBJECT_CONVERSION = YES_AGGRESSIVE;
				CLANG_CXX_LANGUAGE_STANDARD = "gnu++14";
				CLANG_CXX_LIBRARY = "libc++";
				CLANG_ENABLE_MODULES = YES;
				CLANG_ENABLE_OBJC_ARC = YES;
				CLANG_ENABLE_OBJC_WEAK = YES;
				CLANG_WARN_BLOCK_CAPTURE_AUTORELEASING = YES;
				CLANG_WARN_BOOL_CONVERSION = YES;
				CLANG_WARN_COMMA = YES;
				CLANG_WARN_CONSTANT_CONVERSION = YES;
				CLANG_WARN_DEPRECATED_OBJC_IMPLEMENTATIONS = YES;
				CLANG_WARN_DIRECT_OBJC_ISA_USAGE = YES_ERROR;
				CLANG_WARN_DOCUMENTATION_COMMENTS = YES;
				CLANG_WARN_EMPTY_BODY = YES;
				CLANG_WARN_ENUM_CONVERSION = YES;
				CLANG_WARN_INFINITE_RECURSION = YES;
				CLANG_WARN_INT_CONVERSION = YES;
				CLANG_WARN_NON_LITERAL_NULL_CONVERSION = YES;
				CLANG_WARN_OBJC_IMPLICIT_RETAIN_SELF = YES;
				CLANG_WARN_OBJC_LITERAL_CONVERSION = YES;
				CLANG_WARN_OBJC_ROOT_CLASS = YES_ERROR;
				CLANG_WARN_RANGE_LOOP_ANALYSIS = YES;
				CLANG_WARN_STRICT_PROTOTYPES = YES;
				CLANG_WARN_SUSPICIOUS_MOVE = YES;
				CLANG_WARN_UNGUARDED_AVAILABILITY = YES_AGGRESSIVE;
				CLANG_WARN_UNREACHABLE_CODE = YES;
				CLANG_WARN__DUPLICATE_METHOD_MATCH = YES;
				CODE_SIGN_IDENTITY = "iPhone Developer";
				COPY_PHASE_STRIP = NO;
				DEBUG_INFORMATION_FORMAT = dwarf;
				ENABLE_STRICT_OBJC_MSGSEND = YES;
				ENABLE_TESTABILITY = YES;
				GCC_C_LANGUAGE_STANDARD = gnu11;
				GCC_DYNAMIC_NO_PIC = NO;
				GCC_NO_COMMON_BLOCKS = YES;
				GCC_OPTIMIZATION_LEVEL = 0;
				GCC_PREPROCESSOR_DEFINITIONS = (
					"DEBUG=1",
					"$(inherited)",
				);
				GCC_WARN_64_TO_32_BIT_CONVERSION = YES;
				GCC_WARN_ABOUT_RETURN_TYPE = YES_ERROR;
				GCC_WARN_UNDECLARED_SELECTOR = YES;
				GCC_WARN_UNINITIALIZED_AUTOS = YES_AGGRESSIVE;
				GCC_WARN_UNUSED_FUNCTION = YES;
				GCC_WARN_UNUSED_VARIABLE = YES;
				IPHONEOS_DEPLOYMENT_TARGET = 12.1;
				MTL_ENABLE_DEBUG_INFO = INCLUDE_SOURCE;
				MTL_FAST_MATH = YES;
				ONLY_ACTIVE_ARCH = YES;
				SDKROOT = iphoneos;
				SWIFT_ACTIVE_COMPILATION_CONDITIONS = DEBUG;
				SWIFT_OPTIMIZATION_LEVEL = "-Onone";
			};
			name = Debug;
		};
		86BBBF4F21BB08FE00CB17F2 /* Release */ = {
			isa = XCBuildConfiguration;
			buildSettings = {
				ALWAYS_SEARCH_USER_PATHS = NO;
				CLANG_ANALYZER_NONNULL = YES;
				CLANG_ANALYZER_NUMBER_OBJECT_CONVERSION = YES_AGGRESSIVE;
				CLANG_CXX_LANGUAGE_STANDARD = "gnu++14";
				CLANG_CXX_LIBRARY = "libc++";
				CLANG_ENABLE_MODULES = YES;
				CLANG_ENABLE_OBJC_ARC = YES;
				CLANG_ENABLE_OBJC_WEAK = YES;
				CLANG_WARN_BLOCK_CAPTURE_AUTORELEASING = YES;
				CLANG_WARN_BOOL_CONVERSION = YES;
				CLANG_WARN_COMMA = YES;
				CLANG_WARN_CONSTANT_CONVERSION = YES;
				CLANG_WARN_DEPRECATED_OBJC_IMPLEMENTATIONS = YES;
				CLANG_WARN_DIRECT_OBJC_ISA_USAGE = YES_ERROR;
				CLANG_WARN_DOCUMENTATION_COMMENTS = YES;
				CLANG_WARN_EMPTY_BODY = YES;
				CLANG_WARN_ENUM_CONVERSION = YES;
				CLANG_WARN_INFINITE_RECURSION = YES;
				CLANG_WARN_INT_CONVERSION = YES;
				CLANG_WARN_NON_LITERAL_NULL_CONVERSION = YES;
				CLANG_WARN_OBJC_IMPLICIT_RETAIN_SELF = YES;
				CLANG_WARN_OBJC_LITERAL_CONVERSION = YES;
				CLANG_WARN_OBJC_ROOT_CLASS = YES_ERROR;
				CLANG_WARN_RANGE_LOOP_ANALYSIS = YES;
				CLANG_WARN_STRICT_PROTOTYPES = YES;
				CLANG_WARN_SUSPICIOUS_MOVE = YES;
				CLANG_WARN_UNGUARDED_AVAILABILITY = YES_AGGRESSIVE;
				CLANG_WARN_UNREACHABLE_CODE = YES;
				CLANG_WARN__DUPLICATE_METHOD_MATCH = YES;
				CODE_SIGN_IDENTITY = "iPhone Developer";
				COPY_PHASE_STRIP = NO;
				DEBUG_INFORMATION_FORMAT = "dwarf-with-dsym";
				ENABLE_NS_ASSERTIONS = NO;
				ENABLE_STRICT_OBJC_MSGSEND = YES;
				GCC_C_LANGUAGE_STANDARD = gnu11;
				GCC_NO_COMMON_BLOCKS = YES;
				GCC_WARN_64_TO_32_BIT_CONVERSION = YES;
				GCC_WARN_ABOUT_RETURN_TYPE = YES_ERROR;
				GCC_WARN_UNDECLARED_SELECTOR = YES;
				GCC_WARN_UNINITIALIZED_AUTOS = YES_AGGRESSIVE;
				GCC_WARN_UNUSED_FUNCTION = YES;
				GCC_WARN_UNUSED_VARIABLE = YES;
				IPHONEOS_DEPLOYMENT_TARGET = 12.1;
				MTL_ENABLE_DEBUG_INFO = NO;
				MTL_FAST_MATH = YES;
				SDKROOT = iphoneos;
				SWIFT_COMPILATION_MODE = wholemodule;
				SWIFT_OPTIMIZATION_LEVEL = "-O";
				VALIDATE_PRODUCT = YES;
			};
			name = Release;
		};
		86BBBF5121BB08FE00CB17F2 /* Debug */ = {
			isa = XCBuildConfiguration;
			buildSettings = {
				ASSETCATALOG_COMPILER_APPICON_NAME = AppIcon;
				CODE_SIGN_STYLE = Automatic;
				DEVELOPMENT_TEAM = 3NSLQNHB3C;
				FRAMEWORK_SEARCH_PATHS = (
					"$(inherited)",
					"$(PROJECT_DIR)",
				);
				INFOPLIST_FILE = sStories/Info.plist;
				LD_RUNPATH_SEARCH_PATHS = (
					"$(inherited)",
					"@executable_path/Frameworks",
				);
				PRODUCT_BUNDLE_IDENTIFIER = com.nathandrichard.sStories;
				PRODUCT_NAME = "$(TARGET_NAME)";
				SWIFT_VERSION = 4.2;
				TARGETED_DEVICE_FAMILY = "1,2";
			};
			name = Debug;
		};
		86BBBF5221BB08FE00CB17F2 /* Release */ = {
			isa = XCBuildConfiguration;
			buildSettings = {
				ASSETCATALOG_COMPILER_APPICON_NAME = AppIcon;
				CODE_SIGN_STYLE = Automatic;
				DEVELOPMENT_TEAM = 3NSLQNHB3C;
				FRAMEWORK_SEARCH_PATHS = (
					"$(inherited)",
					"$(PROJECT_DIR)",
				);
				INFOPLIST_FILE = sStories/Info.plist;
				LD_RUNPATH_SEARCH_PATHS = (
					"$(inherited)",
					"@executable_path/Frameworks",
				);
				PRODUCT_BUNDLE_IDENTIFIER = com.nathandrichard.sStories;
				PRODUCT_NAME = "$(TARGET_NAME)";
				SWIFT_VERSION = 4.2;
				TARGETED_DEVICE_FAMILY = "1,2";
			};
			name = Release;
		};
		86BBBF5421BB08FE00CB17F2 /* Debug */ = {
			isa = XCBuildConfiguration;
			buildSettings = {
				ALWAYS_EMBED_SWIFT_STANDARD_LIBRARIES = YES;
				BUNDLE_LOADER = "$(TEST_HOST)";
				CODE_SIGN_STYLE = Automatic;
				DEVELOPMENT_TEAM = 3NSLQNHB3C;
				INFOPLIST_FILE = sStoriesTests/Info.plist;
				LD_RUNPATH_SEARCH_PATHS = (
					"$(inherited)",
					"@executable_path/Frameworks",
					"@loader_path/Frameworks",
				);
				PRODUCT_BUNDLE_IDENTIFIER = com.nathandrichard.sStoriesTests;
				PRODUCT_NAME = "$(TARGET_NAME)";
				SWIFT_VERSION = 4.2;
				TARGETED_DEVICE_FAMILY = "1,2";
				TEST_HOST = "$(BUILT_PRODUCTS_DIR)/sStories.app/sStories";
			};
			name = Debug;
		};
		86BBBF5521BB08FE00CB17F2 /* Release */ = {
			isa = XCBuildConfiguration;
			buildSettings = {
				ALWAYS_EMBED_SWIFT_STANDARD_LIBRARIES = YES;
				BUNDLE_LOADER = "$(TEST_HOST)";
				CODE_SIGN_STYLE = Automatic;
				DEVELOPMENT_TEAM = 3NSLQNHB3C;
				INFOPLIST_FILE = sStoriesTests/Info.plist;
				LD_RUNPATH_SEARCH_PATHS = (
					"$(inherited)",
					"@executable_path/Frameworks",
					"@loader_path/Frameworks",
				);
				PRODUCT_BUNDLE_IDENTIFIER = com.nathandrichard.sStoriesTests;
				PRODUCT_NAME = "$(TARGET_NAME)";
				SWIFT_VERSION = 4.2;
				TARGETED_DEVICE_FAMILY = "1,2";
				TEST_HOST = "$(BUILT_PRODUCTS_DIR)/sStories.app/sStories";
			};
			name = Release;
		};
		86BBBF5721BB08FE00CB17F2 /* Debug */ = {
			isa = XCBuildConfiguration;
			buildSettings = {
				ALWAYS_EMBED_SWIFT_STANDARD_LIBRARIES = YES;
				CODE_SIGN_STYLE = Automatic;
				DEVELOPMENT_TEAM = 3NSLQNHB3C;
				INFOPLIST_FILE = sStoriesUITests/Info.plist;
				LD_RUNPATH_SEARCH_PATHS = (
					"$(inherited)",
					"@executable_path/Frameworks",
					"@loader_path/Frameworks",
				);
				PRODUCT_BUNDLE_IDENTIFIER = com.nathandrichard.sStoriesUITests;
				PRODUCT_NAME = "$(TARGET_NAME)";
				SWIFT_VERSION = 4.2;
				TARGETED_DEVICE_FAMILY = "1,2";
				TEST_TARGET_NAME = sStories;
			};
			name = Debug;
		};
		86BBBF5821BB08FE00CB17F2 /* Release */ = {
			isa = XCBuildConfiguration;
			buildSettings = {
				ALWAYS_EMBED_SWIFT_STANDARD_LIBRARIES = YES;
				CODE_SIGN_STYLE = Automatic;
				DEVELOPMENT_TEAM = 3NSLQNHB3C;
				INFOPLIST_FILE = sStoriesUITests/Info.plist;
				LD_RUNPATH_SEARCH_PATHS = (
					"$(inherited)",
					"@executable_path/Frameworks",
					"@loader_path/Frameworks",
				);
				PRODUCT_BUNDLE_IDENTIFIER = com.nathandrichard.sStoriesUITests;
				PRODUCT_NAME = "$(TARGET_NAME)";
				SWIFT_VERSION = 4.2;
				TARGETED_DEVICE_FAMILY = "1,2";
				TEST_TARGET_NAME = sStories;
			};
			name = Release;
		};
/* End XCBuildConfiguration section */

/* Begin XCConfigurationList section */
		86BBBF2021BB08FD00CB17F2 /* Build configuration list for PBXProject "sStories" */ = {
			isa = XCConfigurationList;
			buildConfigurations = (
				86BBBF4E21BB08FE00CB17F2 /* Debug */,
				86BBBF4F21BB08FE00CB17F2 /* Release */,
			);
			defaultConfigurationIsVisible = 0;
			defaultConfigurationName = Release;
		};
		86BBBF5021BB08FE00CB17F2 /* Build configuration list for PBXNativeTarget "sStories" */ = {
			isa = XCConfigurationList;
			buildConfigurations = (
				86BBBF5121BB08FE00CB17F2 /* Debug */,
				86BBBF5221BB08FE00CB17F2 /* Release */,
			);
			defaultConfigurationIsVisible = 0;
			defaultConfigurationName = Release;
		};
		86BBBF5321BB08FE00CB17F2 /* Build configuration list for PBXNativeTarget "sStoriesTests" */ = {
			isa = XCConfigurationList;
			buildConfigurations = (
				86BBBF5421BB08FE00CB17F2 /* Debug */,
				86BBBF5521BB08FE00CB17F2 /* Release */,
			);
			defaultConfigurationIsVisible = 0;
			defaultConfigurationName = Release;
		};
		86BBBF5621BB08FE00CB17F2 /* Build configuration list for PBXNativeTarget "sStoriesUITests" */ = {
			isa = XCConfigurationList;
			buildConfigurations = (
				86BBBF5721BB08FE00CB17F2 /* Debug */,
				86BBBF5821BB08FE00CB17F2 /* Release */,
			);
			defaultConfigurationIsVisible = 0;
			defaultConfigurationName = Release;
		};
/* End XCConfigurationList section */
	};
	rootObject = 86BBBF1D21BB08FD00CB17F2 /* Project object */;
}
